Microsoft Visual Studio Solution File, Format Version 10.00
# Visual Studio 2008
Project("{2150E333-8FDC-42A3-9474-1A3956D46DE8}") = "(allocator)", "..\..\base\allocator", "{6478B9F3-4858-63F4-35F4-98A303E305F3}"
EndProject
Project("{2150E333-8FDC-42A3-9474-1A3956D46DE8}") = "(base)", "..\..\base", "{9785FB75-982A-5DE3-252D-3F288B9FEF5B}"
EndProject
Project("{2150E333-8FDC-42A3-9474-1A3956D46DE8}") = "(icu)", "..\..\third_party\icu", "{2DE59335-96CE-10CA-CDE5-FEC35E3549BB}"
EndProject
Project("{2150E333-8FDC-42A3-9474-1A3956D46DE8}") = "(skia)", "..\..\skia", "{5B17195B-58DF-4533-4FE7-D2747913694E}"
EndProject
Project("{2150E333-8FDC-42A3-9474-1A3956D46DE8}") = "(testing)", "..\..\testing", "{EAC80D00-01D2-3F49-A377-20B7154947F3}"
EndProject
Project("{2150E333-8FDC-42A3-9474-1A3956D46DE8}") = "(third_party)", "..\..\base\third_party", "{3E7FA5AF-27B3-2DE0-883C-12F98E7F4E81}"
EndProject
Project("{2150E333-8FDC-42A3-9474-1A3956D46DE8}") = "(third_party)", "..\..\third_party", "{89C816A7-DD31-D54C-C69C-5A80E0C49B77}"
EndProject
Project("{8BC9CEB8-8B4A-11D0-8D11-00A0C91BC942}") = "allocator_extension_thunks", "..\base\allocator\allocator_extension_thunks.vcproj", "{D80CDCBE-43C1-F5BF-E758-C5725F17A8C1}"
EndProject
Project("{8BC9CEB8-8B4A-11D0-8D11-00A0C91BC942}") = "base", "..\base\base.vcproj", "{0BFC078D-10E5-1E26-46A4-DD6A65D3A870}"
	ProjectSection(ProjectDependencies) = postProject
		{DE9CB625-0E6A-F4C2-EFDA-84BE9C1DA94B} = {DE9CB625-0E6A-F4C2-EFDA-84BE9C1DA94B}
	EndProjectSection
EndProject
Project("{8BC9CEB8-8B4A-11D0-8D11-00A0C91BC942}") = "base_static", "..\base\base_static.vcproj", "{1B1B260C-1F5C-D07A-7D05-9D70F24BA0A8}"
EndProject
Project("{8BC9CEB8-8B4A-11D0-8D11-00A0C91BC942}") = "dynamic_annotations", "..\base\third_party\dynamic_annotations\dynamic_annotations.vcproj", "{6D2E9365-C662-5EC3-2A65-AD7D1FF9FF69}"
EndProject
Project("{8BC9CEB8-8B4A-11D0-8D11-00A0C91BC942}") = "gtest_prod", "..\testing\gtest_prod.vcproj", "{DE9CB625-0E6A-F4C2-EFDA-84BE9C1DA94B}"
EndProject
Project("{8BC9CEB8-8B4A-11D0-8D11-00A0C91BC942}") = "icudata", "..\third_party\icu\icudata.vcproj", "{E47B2B19-B1DB-2FE2-B4B2-855C3C2C034A}"
EndProject
Project("{8BC9CEB8-8B4A-11D0-8D11-00A0C91BC942}") = "icuuc", "..\third_party\icu\icuuc.vcproj", "{1025800C-CD3F-9517-9336-3CA36B16CD86}"
	ProjectSection(ProjectDependencies) = postProject
		{E47B2B19-B1DB-2FE2-B4B2-855C3C2C034A} = {E47B2B19-B1DB-2FE2-B4B2-855C3C2C034A}
	EndProjectSection
EndProject
Project("{8BC9CEB8-8B4A-11D0-8D11-00A0C91BC942}") = "image_operations_bench", "image_operations_bench.vcproj", "{6B64896B-5AAE-F4BE-4E5F-58142570ACEB}"
	ProjectSection(ProjectDependencies) = postProject
		{0BFC078D-10E5-1E26-46A4-DD6A65D3A870} = {0BFC078D-10E5-1E26-46A4-DD6A65D3A870}
		{3D9E1C1F-A68D-9C2F-026D-9E83E2DF28A2} = {3D9E1C1F-A68D-9C2F-026D-9E83E2DF28A2}
		{1B1B260C-1F5C-D07A-7D05-9D70F24BA0A8} = {1B1B260C-1F5C-D07A-7D05-9D70F24BA0A8}
		{D80CDCBE-43C1-F5BF-E758-C5725F17A8C1} = {D80CDCBE-43C1-F5BF-E758-C5725F17A8C1}
		{DE9CB625-0E6A-F4C2-EFDA-84BE9C1DA94B} = {DE9CB625-0E6A-F4C2-EFDA-84BE9C1DA94B}
		{43807E9E-3D83-E8E4-8CD1-13E98FFC6045} = {43807E9E-3D83-E8E4-8CD1-13E98FFC6045}
		{6D2E9365-C662-5EC3-2A65-AD7D1FF9FF69} = {6D2E9365-C662-5EC3-2A65-AD7D1FF9FF69}
		{71309F2F-CA6B-BD48-4995-6A84EB984622} = {71309F2F-CA6B-BD48-4995-6A84EB984622}
		{C387FBF7-69A7-E17F-95B7-BE5E3C51719F} = {C387FBF7-69A7-E17F-95B7-BE5E3C51719F}
		{A50EF674-2788-FD77-664F-9C15C73B56AC} = {A50EF674-2788-FD77-664F-9C15C73B56AC}
		{1025800C-CD3F-9517-9336-3CA36B16CD86} = {1025800C-CD3F-9517-9336-3CA36B16CD86}
		{E47B2B19-B1DB-2FE2-B4B2-855C3C2C034A} = {E47B2B19-B1DB-2FE2-B4B2-855C3C2C034A}
		{E798F469-96F1-BC24-1ABE-D8C3C25A40B5} = {E798F469-96F1-BC24-1ABE-D8C3C25A40B5}
	EndProjectSection
EndProject
Project("{8BC9CEB8-8B4A-11D0-8D11-00A0C91BC942}") = "modp_b64", "..\third_party\modp_b64\modp_b64.vcproj", "{43807E9E-3D83-E8E4-8CD1-13E98FFC6045}"
EndProject
Project("{8BC9CEB8-8B4A-11D0-8D11-00A0C91BC942}") = "sfntly", "..\third_party\sfntly\sfntly.vcproj", "{A50EF674-2788-FD77-664F-9C15C73B56AC}"
EndProject
Project("{8BC9CEB8-8B4A-11D0-8D11-00A0C91BC942}") = "skia", "skia.vcproj", "{3D9E1C1F-A68D-9C2F-026D-9E83E2DF28A2}"
EndProject
Project("{8BC9CEB8-8B4A-11D0-8D11-00A0C91BC942}") = "skia_opts", "skia_opts.vcproj", "{71309F2F-CA6B-BD48-4995-6A84EB984622}"
EndProject
Project("{8BC9CEB8-8B4A-11D0-8D11-00A0C91BC942}") = "skia_opts_ssse3", "skia_opts_ssse3.vcproj", "{C387FBF7-69A7-E17F-95B7-BE5E3C51719F}"
EndProject
Project("{8BC9CEB8-8B4A-11D0-8D11-00A0C91BC942}") = "zlib", "..\third_party\zlib\zlib.vcproj", "{E798F469-96F1-BC24-1ABE-D8C3C25A40B5}"
EndProject
Global
	GlobalSection(SolutionConfigurationPlatforms) = preSolution
		Release|x64 = Release|x64
		Debug|Win32 = Debug|Win32
		Debug|x64 = Debug|x64
		Release|Win32 = Release|Win32
	EndGlobalSection
	GlobalSection(ProjectConfigurationPlatforms) = postSolution
		{0BFC078D-10E5-1E26-46A4-DD6A65D3A870}.Release|x64.ActiveCfg = Release|x64
		{0BFC078D-10E5-1E26-46A4-DD6A65D3A870}.Release|x64.Build.0 = Release|x64
		{0BFC078D-10E5-1E26-46A4-DD6A65D3A870}.Debug|Win32.ActiveCfg = Debug|Win32
		{0BFC078D-10E5-1E26-46A4-DD6A65D3A870}.Debug|Win32.Build.0 = Debug|Win32
		{0BFC078D-10E5-1E26-46A4-DD6A65D3A870}.Debug|x64.ActiveCfg = Debug|x64
		{0BFC078D-10E5-1E26-46A4-DD6A65D3A870}.Debug|x64.Build.0 = Debug|x64
		{0BFC078D-10E5-1E26-46A4-DD6A65D3A870}.Release|Win32.ActiveCfg = Release|Win32
		{0BFC078D-10E5-1E26-46A4-DD6A65D3A870}.Release|Win32.Build.0 = Release|Win32
		{1025800C-CD3F-9517-9336-3CA36B16CD86}.Release|x64.ActiveCfg = Release|x64
		{1025800C-CD3F-9517-9336-3CA36B16CD86}.Release|x64.Build.0 = Release|x64
		{1025800C-CD3F-9517-9336-3CA36B16CD86}.Debug|Win32.ActiveCfg = Debug|Win32
		{1025800C-CD3F-9517-9336-3CA36B16CD86}.Debug|Win32.Build.0 = Debug|Win32
		{1025800C-CD3F-9517-9336-3CA36B16CD86}.Debug|x64.ActiveCfg = Debug|x64
		{1025800C-CD3F-9517-9336-3CA36B16CD86}.Debug|x64.Build.0 = Debug|x64
		{1025800C-CD3F-9517-9336-3CA36B16CD86}.Release|Win32.ActiveCfg = Release|Win32
		{1025800C-CD3F-9517-9336-3CA36B16CD86}.Release|Win32.Build.0 = Release|Win32
		{1B1B260C-1F5C-D07A-7D05-9D70F24BA0A8}.Release|x64.ActiveCfg = Release|x64
		{1B1B260C-1F5C-D07A-7D05-9D70F24BA0A8}.Release|x64.Build.0 = Release|x64
		{1B1B260C-1F5C-D07A-7D05-9D70F24BA0A8}.Debug|Win32.ActiveCfg = Debug|Win32
		{1B1B260C-1F5C-D07A-7D05-9D70F24BA0A8}.Debug|Win32.Build.0 = Debug|Win32
		{1B1B260C-1F5C-D07A-7D05-9D70F24BA0A8}.Debug|x64.ActiveCfg = Debug|x64
		{1B1B260C-1F5C-D07A-7D05-9D70F24BA0A8}.Debug|x64.Build.0 = Debug|x64
		{1B1B260C-1F5C-D07A-7D05-9D70F24BA0A8}.Release|Win32.ActiveCfg = Release|Win32
		{1B1B260C-1F5C-D07A-7D05-9D70F24BA0A8}.Release|Win32.Build.0 = Release|Win32
		{3D9E1C1F-A68D-9C2F-026D-9E83E2DF28A2}.Release|x64.ActiveCfg = Release|x64
		{3D9E1C1F-A68D-9C2F-026D-9E83E2DF28A2}.Release|x64.Build.0 = Release|x64
		{3D9E1C1F-A68D-9C2F-026D-9E83E2DF28A2}.Debug|Win32.ActiveCfg = Debug|Win32
		{3D9E1C1F-A68D-9C2F-026D-9E83E2DF28A2}.Debug|Win32.Build.0 = Debug|Win32
		{3D9E1C1F-A68D-9C2F-026D-9E83E2DF28A2}.Debug|x64.ActiveCfg = Debug|x64
		{3D9E1C1F-A68D-9C2F-026D-9E83E2DF28A2}.Debug|x64.Build.0 = Debug|x64
		{3D9E1C1F-A68D-9C2F-026D-9E83E2DF28A2}.Release|Win32.ActiveCfg = Release|Win32
		{3D9E1C1F-A68D-9C2F-026D-9E83E2DF28A2}.Release|Win32.Build.0 = Release|Win32
		{43807E9E-3D83-E8E4-8CD1-13E98FFC6045}.Release|x64.ActiveCfg = Release|x64
		{43807E9E-3D83-E8E4-8CD1-13E98FFC6045}.Release|x64.Build.0 = Release|x64
		{43807E9E-3D83-E8E4-8CD1-13E98FFC6045}.Debug|Win32.ActiveCfg = Debug|Win32
		{43807E9E-3D83-E8E4-8CD1-13E98FFC6045}.Debug|Win32.Build.0 = Debug|Win32
		{43807E9E-3D83-E8E4-8CD1-13E98FFC6045}.Debug|x64.ActiveCfg = Debug|x64
		{43807E9E-3D83-E8E4-8CD1-13E98FFC6045}.Debug|x64.Build.0 = Debug|x64
		{43807E9E-3D83-E8E4-8CD1-13E98FFC6045}.Release|Win32.ActiveCfg = Release|Win32
		{43807E9E-3D83-E8E4-8CD1-13E98FFC6045}.Release|Win32.Build.0 = Release|Win32
		{6B64896B-5AAE-F4BE-4E5F-58142570ACEB}.Release|x64.ActiveCfg = Release|x64
		{6B64896B-5AAE-F4BE-4E5F-58142570ACEB}.Release|x64.Build.0 = Release|x64
		{6B64896B-5AAE-F4BE-4E5F-58142570ACEB}.Debug|Win32.ActiveCfg = Debug|Win32
		{6B64896B-5AAE-F4BE-4E5F-58142570ACEB}.Debug|Win32.Build.0 = Debug|Win32
		{6B64896B-5AAE-F4BE-4E5F-58142570ACEB}.Debug|x64.ActiveCfg = Debug|x64
		{6B64896B-5AAE-F4BE-4E5F-58142570ACEB}.Debug|x64.Build.0 = Debug|x64
		{6B64896B-5AAE-F4BE-4E5F-58142570ACEB}.Release|Win32.ActiveCfg = Release|Win32
		{6B64896B-5AAE-F4BE-4E5F-58142570ACEB}.Release|Win32.Build.0 = Release|Win32
		{6D2E9365-C662-5EC3-2A65-AD7D1FF9FF69}.Release|x64.ActiveCfg = Release|x64
		{6D2E9365-C662-5EC3-2A65-AD7D1FF9FF69}.Release|x64.Build.0 = Release|x64
		{6D2E9365-C662-5EC3-2A65-AD7D1FF9FF69}.Debug|Win32.ActiveCfg = Debug|Win32
		{6D2E9365-C662-5EC3-2A65-AD7D1FF9FF69}.Debug|Win32.Build.0 = Debug|Win32
		{6D2E9365-C662-5EC3-2A65-AD7D1FF9FF69}.Debug|x64.ActiveCfg = Debug|x64
		{6D2E9365-C662-5EC3-2A65-AD7D1FF9FF69}.Debug|x64.Build.0 = Debug|x64
		{6D2E9365-C662-5EC3-2A65-AD7D1FF9FF69}.Release|Win32.ActiveCfg = Release|Win32
		{6D2E9365-C662-5EC3-2A65-AD7D1FF9FF69}.Release|Win32.Build.0 = Release|Win32
		{71309F2F-CA6B-BD48-4995-6A84EB984622}.Release|x64.ActiveCfg = Release|x64
		{71309F2F-CA6B-BD48-4995-6A84EB984622}.Release|x64.Build.0 = Release|x64
		{71309F2F-CA6B-BD48-4995-6A84EB984622}.Debug|Win32.ActiveCfg = Debug|Win32
		{71309F2F-CA6B-BD48-4995-6A84EB984622}.Debug|Win32.Build.0 = Debug|Win32
		{71309F2F-CA6B-BD48-4995-6A84EB984622}.Debug|x64.ActiveCfg = Debug|x64
		{71309F2F-CA6B-BD48-4995-6A84EB984622}.Debug|x64.Build.0 = Debug|x64
		{71309F2F-CA6B-BD48-4995-6A84EB984622}.Release|Win32.ActiveCfg = Release|Win32
		{71309F2F-CA6B-BD48-4995-6A84EB984622}.Release|Win32.Build.0 = Release|Win32
		{A50EF674-2788-FD77-664F-9C15C73B56AC}.Release|x64.ActiveCfg = Release|x64
		{A50EF674-2788-FD77-664F-9C15C73B56AC}.Release|x64.Build.0 = Release|x64
		{A50EF674-2788-FD77-664F-9C15C73B56AC}.Debug|Win32.ActiveCfg = Debug|Win32
		{A50EF674-2788-FD77-664F-9C15C73B56AC}.Debug|Win32.Build.0 = Debug|Win32
		{A50EF674-2788-FD77-664F-9C15C73B56AC}.Debug|x64.ActiveCfg = Debug|x64
		{A50EF674-2788-FD77-664F-9C15C73B56AC}.Debug|x64.Build.0 = Debug|x64
		{A50EF674-2788-FD77-664F-9C15C73B56AC}.Release|Win32.ActiveCfg = Release|Win32
		{A50EF674-2788-FD77-664F-9C15C73B56AC}.Release|Win32.Build.0 = Release|Win32
		{C387FBF7-69A7-E17F-95B7-BE5E3C51719F}.Release|x64.ActiveCfg = Release|x64
		{C387FBF7-69A7-E17F-95B7-BE5E3C51719F}.Release|x64.Build.0 = Release|x64
		{C387FBF7-69A7-E17F-95B7-BE5E3C51719F}.Debug|Win32.ActiveCfg = Debug|Win32
		{C387FBF7-69A7-E17F-95B7-BE5E3C51719F}.Debug|Win32.Build.0 = Debug|Win32
		{C387FBF7-69A7-E17F-95B7-BE5E3C51719F}.Debug|x64.ActiveCfg = Debug|x64
		{C387FBF7-69A7-E17F-95B7-BE5E3C51719F}.Debug|x64.Build.0 = Debug|x64
		{C387FBF7-69A7-E17F-95B7-BE5E3C51719F}.Release|Win32.ActiveCfg = Release|Win32
		{C387FBF7-69A7-E17F-95B7-BE5E3C51719F}.Release|Win32.Build.0 = Release|Win32
		{D80CDCBE-43C1-F5BF-E758-C5725F17A8C1}.Release|x64.ActiveCfg = Release|x64
		{D80CDCBE-43C1-F5BF-E758-C5725F17A8C1}.Release|x64.Build.0 = Release|x64
		{D80CDCBE-43C1-F5BF-E758-C5725F17A8C1}.Debug|Win32.ActiveCfg = Debug|Win32
		{D80CDCBE-43C1-F5BF-E758-C5725F17A8C1}.Debug|Win32.Build.0 = Debug|Win32
		{D80CDCBE-43C1-F5BF-E758-C5725F17A8C1}.Debug|x64.ActiveCfg = Debug|x64
		{D80CDCBE-43C1-F5BF-E758-C5725F17A8C1}.Debug|x64.Build.0 = Debug|x64
		{D80CDCBE-43C1-F5BF-E758-C5725F17A8C1}.Release|Win32.ActiveCfg = Release|Win32
		{D80CDCBE-43C1-F5BF-E758-C5725F17A8C1}.Release|Win32.Build.0 = Release|Win32
		{DE9CB625-0E6A-F4C2-EFDA-84BE9C1DA94B}.Release|x64.ActiveCfg = Release|x64
		{DE9CB625-0E6A-F4C2-EFDA-84BE9C1DA94B}.Release|x64.Build.0 = Release|x64
		{DE9CB625-0E6A-F4C2-EFDA-84BE9C1DA94B}.Debug|Win32.ActiveCfg = Debug|Win32
		{DE9CB625-0E6A-F4C2-EFDA-84BE9C1DA94B}.Debug|Win32.Build.0 = Debug|Win32
		{DE9CB625-0E6A-F4C2-EFDA-84BE9C1DA94B}.Debug|x64.ActiveCfg = Debug|x64
		{DE9CB625-0E6A-F4C2-EFDA-84BE9C1DA94B}.Debug|x64.Build.0 = Debug|x64
		{DE9CB625-0E6A-F4C2-EFDA-84BE9C1DA94B}.Release|Win32.ActiveCfg = Release|Win32
		{DE9CB625-0E6A-F4C2-EFDA-84BE9C1DA94B}.Release|Win32.Build.0 = Release|Win32
		{E47B2B19-B1DB-2FE2-B4B2-855C3C2C034A}.Release|x64.ActiveCfg = Release|x64
		{E47B2B19-B1DB-2FE2-B4B2-855C3C2C034A}.Release|x64.Build.0 = Release|x64
		{E47B2B19-B1DB-2FE2-B4B2-855C3C2C034A}.Debug|Win32.ActiveCfg = Debug|Win32
		{E47B2B19-B1DB-2FE2-B4B2-855C3C2C034A}.Debug|Win32.Build.0 = Debug|Win32
		{E47B2B19-B1DB-2FE2-B4B2-855C3C2C034A}.Debug|x64.ActiveCfg = Debug|x64
		{E47B2B19-B1DB-2FE2-B4B2-855C3C2C034A}.Debug|x64.Build.0 = Debug|x64
		{E47B2B19-B1DB-2FE2-B4B2-855C3C2C034A}.Release|Win32.ActiveCfg = Release|Win32
		{E47B2B19-B1DB-2FE2-B4B2-855C3C2C034A}.Release|Win32.Build.0 = Release|Win32
		{E798F469-96F1-BC24-1ABE-D8C3C25A40B5}.Release|x64.ActiveCfg = Release|x64
		{E798F469-96F1-BC24-1ABE-D8C3C25A40B5}.Release|x64.Build.0 = Release|x64
		{E798F469-96F1-BC24-1ABE-D8C3C25A40B5}.Debug|Win32.ActiveCfg = Debug|Win32
		{E798F469-96F1-BC24-1ABE-D8C3C25A40B5}.Debug|Win32.Build.0 = Debug|Win32
		{E798F469-96F1-BC24-1ABE-D8C3C25A40B5}.Debug|x64.ActiveCfg = Debug|x64
		{E798F469-96F1-BC24-1ABE-D8C3C25A40B5}.Debug|x64.Build.0 = Debug|x64
		{E798F469-96F1-BC24-1ABE-D8C3C25A40B5}.Release|Win32.ActiveCfg = Release|Win32
		{E798F469-96F1-BC24-1ABE-D8C3C25A40B5}.Release|Win32.Build.0 = Release|Win32
	EndGlobalSection
	GlobalSection(SolutionProperties) = preSolution
		HideSolutionNode = FALSE
	EndGlobalSection
	GlobalSection(NestedProjects) = preSolution
		{D80CDCBE-43C1-F5BF-E758-C5725F17A8C1} = {6478B9F3-4858-63F4-35F4-98A303E305F3}
		{0BFC078D-10E5-1E26-46A4-DD6A65D3A870} = {9785FB75-982A-5DE3-252D-3F288B9FEF5B}
		{3E7FA5AF-27B3-2DE0-883C-12F98E7F4E81} = {9785FB75-982A-5DE3-252D-3F288B9FEF5B}
		{1B1B260C-1F5C-D07A-7D05-9D70F24BA0A8} = {9785FB75-982A-5DE3-252D-3F288B9FEF5B}
		{6478B9F3-4858-63F4-35F4-98A303E305F3} = {9785FB75-982A-5DE3-252D-3F288B9FEF5B}
		{1025800C-CD3F-9517-9336-3CA36B16CD86} = {2DE59335-96CE-10CA-CDE5-FEC35E3549BB}
		{E47B2B19-B1DB-2FE2-B4B2-855C3C2C034A} = {2DE59335-96CE-10CA-CDE5-FEC35E3549BB}
		{6B64896B-5AAE-F4BE-4E5F-58142570ACEB} = {5B17195B-58DF-4533-4FE7-D2747913694E}
		{C387FBF7-69A7-E17F-95B7-BE5E3C51719F} = {5B17195B-58DF-4533-4FE7-D2747913694E}
		{71309F2F-CA6B-BD48-4995-6A84EB984622} = {5B17195B-58DF-4533-4FE7-D2747913694E}
		{3D9E1C1F-A68D-9C2F-026D-9E83E2DF28A2} = {5B17195B-58DF-4533-4FE7-D2747913694E}
		{DE9CB625-0E6A-F4C2-EFDA-84BE9C1DA94B} = {EAC80D00-01D2-3F49-A377-20B7154947F3}
		{6D2E9365-C662-5EC3-2A65-AD7D1FF9FF69} = {3E7FA5AF-27B3-2DE0-883C-12F98E7F4E81}
		{43807E9E-3D83-E8E4-8CD1-13E98FFC6045} = {89C816A7-DD31-D54C-C69C-5A80E0C49B77}
		{E798F469-96F1-BC24-1ABE-D8C3C25A40B5} = {89C816A7-DD31-D54C-C69C-5A80E0C49B77}
		{A50EF674-2788-FD77-664F-9C15C73B56AC} = {89C816A7-DD31-D54C-C69C-5A80E0C49B77}
		{2DE59335-96CE-10CA-CDE5-FEC35E3549BB} = {89C816A7-DD31-D54C-C69C-5A80E0C49B77}
	EndGlobalSection
EndGlobal
