
Microsoft Visual Studio Solution File, Format Version 10.00
# Visual Studio 2008
Project("{8BC9CEB8-8B4A-11D0-8D11-00A0C91BC942}") = "views", "ui\views\views.vcproj", "{60B7C39C-5B6E-C25C-E90E-E62C4E428B53}"
	ProjectSection(ProjectDependencies) = postProject
		{156DB045-A6EE-C3DD-C33E-12DD1313253E} = {156DB045-A6EE-C3DD-C33E-12DD1313253E}
		{1C497AA9-3986-350E-3E5E-DE84F85319D2} = {1C497AA9-3986-350E-3E5E-DE84F85319D2}
		{2F65EBEA-8FF3-349E-9DAB-341A41740ADB} = {2F65EBEA-8FF3-349E-9DAB-341A41740ADB}
	EndProjectSection
EndProject
Project("{8BC9CEB8-8B4A-11D0-8D11-00A0C91BC942}") = "base", "base\base.vcproj", "{0BFC078D-10E5-1E26-46A4-DD6A65D3A870}"
EndProject
Project("{8BC9CEB8-8B4A-11D0-8D11-00A0C91BC942}") = "ui", "ui\ui.vcproj", "{07AC0174-9F23-1498-B060-0C25D66B1814}"
	ProjectSection(ProjectDependencies) = postProject
		{156DB045-A6EE-C3DD-C33E-12DD1313253E} = {156DB045-A6EE-C3DD-C33E-12DD1313253E}
		{1C497AA9-3986-350E-3E5E-DE84F85319D2} = {1C497AA9-3986-350E-3E5E-DE84F85319D2}
		{2F65EBEA-8FF3-349E-9DAB-341A41740ADB} = {2F65EBEA-8FF3-349E-9DAB-341A41740ADB}
		{688C1FFA-9285-0352-F43B-E5D7666D75DE} = {688C1FFA-9285-0352-F43B-E5D7666D75DE}
	EndProjectSection
EndProject
Project("{8BC9CEB8-8B4A-11D0-8D11-00A0C91BC942}") = "libpng", "third_party\libpng\libpng.vcproj", "{A506295C-CA51-F1BA-CF7F-A125A1248FFF}"
EndProject
Project("{8BC9CEB8-8B4A-11D0-8D11-00A0C91BC942}") = "zlib", "third_party\zlib\zlib.vcproj", "{E798F469-96F1-BC24-1ABE-D8C3C25A40B5}"
EndProject
Project("{8BC9CEB8-8B4A-11D0-8D11-00A0C91BC942}") = "skia", "skia\skia.vcproj", "{3D9E1C1F-A68D-9C2F-026D-9E83E2DF28A2}"
EndProject
Project("{2150E333-8FDC-42A3-9474-1A3956D46DE8}") = "base", "base", "{A95D1D24-E790-4688-8B97-C0E8C828D91A}"
EndProject
Project("{8BC9CEB8-8B4A-11D0-8D11-00A0C91BC942}") = "compositor", "ui\compositor\compositor.vcproj", "{094A0B14-EA44-DF0D-86AC-732BD1700976}"
EndProject
Project("{8BC9CEB8-8B4A-11D0-8D11-00A0C91BC942}") = "iaccessible2", "third_party\iaccessible2\iaccessible2.vcproj", "{83438924-E445-20E5-852E-7B606FDB74B2}"
EndProject
Project("{8BC9CEB8-8B4A-11D0-8D11-00A0C91BC942}") = "base_widget", "demo\base_widget\base_widget.vcproj", "{B10BCD9C-538C-4081-945A-579CEF5904BE}"
EndProject
Project("{8BC9CEB8-8B4A-11D0-8D11-00A0C91BC942}") = "libjpeg", "third_party\libjpeg\libjpeg.vcproj", "{67301CA4-1FA3-4383-B3F2-E82DBE03D424}"
EndProject
Project("{2150E333-8FDC-42A3-9474-1A3956D46DE8}") = "ui", "ui", "{4B04A01B-BE93-489C-922F-BFA859E3617F}"
EndProject
Project("{2150E333-8FDC-42A3-9474-1A3956D46DE8}") = "demo", "demo", "{4F37B962-CAD4-4586-979A-70C03468749E}"
EndProject
Project("{8BC9CEB8-8B4A-11D0-8D11-00A0C91BC942}") = "ui_resources", "ui\ui_resources.vcproj", "{1C497AA9-3986-350E-3E5E-DE84F85319D2}"
EndProject
Project("{8BC9CEB8-8B4A-11D0-8D11-00A0C91BC942}") = "view_examples", "demo\view_examples\view_examples.vcproj", "{7E71D54D-7C5D-422C-88C7-8D1DAF12E244}"
EndProject
Project("{8BC9CEB8-8B4A-11D0-8D11-00A0C91BC942}") = "activex_widget", "demo\activex_widget\activex_widget.vcproj", "{031BD6B0-6B9F-47ED-9EE9-3B0E7DB0A0D0}"
EndProject
Project("{8BC9CEB8-8B4A-11D0-8D11-00A0C91BC942}") = "native_theme_resources", "ui\native_theme_resources.vcproj", "{2F65EBEA-8FF3-349E-9DAB-341A41740ADB}"
EndProject
Project("{8BC9CEB8-8B4A-11D0-8D11-00A0C91BC942}") = "ui_strings", "ui\base\strings\ui_strings.vcproj", "{688C1FFA-9285-0352-F43B-E5D7666D75DE}"
EndProject
Project("{8BC9CEB8-8B4A-11D0-8D11-00A0C91BC942}") = "ui_resources_standard", "ui\ui_resources_standard.vcproj", "{156DB045-A6EE-C3DD-C33E-12DD1313253E}"
EndProject
Global
	GlobalSection(SolutionConfigurationPlatforms) = preSolution
		Debug|Win32 = Debug|Win32
		Release|Win32 = Release|Win32
	EndGlobalSection
	GlobalSection(ProjectConfigurationPlatforms) = postSolution
		{60B7C39C-5B6E-C25C-E90E-E62C4E428B53}.Debug|Win32.ActiveCfg = Debug|Win32
		{60B7C39C-5B6E-C25C-E90E-E62C4E428B53}.Debug|Win32.Build.0 = Debug|Win32
		{60B7C39C-5B6E-C25C-E90E-E62C4E428B53}.Release|Win32.ActiveCfg = Release|Win32
		{60B7C39C-5B6E-C25C-E90E-E62C4E428B53}.Release|Win32.Build.0 = Release|Win32
		{0BFC078D-10E5-1E26-46A4-DD6A65D3A870}.Debug|Win32.ActiveCfg = Debug|Win32
		{0BFC078D-10E5-1E26-46A4-DD6A65D3A870}.Debug|Win32.Build.0 = Debug|Win32
		{0BFC078D-10E5-1E26-46A4-DD6A65D3A870}.Release|Win32.ActiveCfg = Release|Win32
		{0BFC078D-10E5-1E26-46A4-DD6A65D3A870}.Release|Win32.Build.0 = Release|Win32
		{07AC0174-9F23-1498-B060-0C25D66B1814}.Debug|Win32.ActiveCfg = Debug|Win32
		{07AC0174-9F23-1498-B060-0C25D66B1814}.Debug|Win32.Build.0 = Debug|Win32
		{07AC0174-9F23-1498-B060-0C25D66B1814}.Release|Win32.ActiveCfg = Release|Win32
		{07AC0174-9F23-1498-B060-0C25D66B1814}.Release|Win32.Build.0 = Release|Win32
		{A506295C-CA51-F1BA-CF7F-A125A1248FFF}.Debug|Win32.ActiveCfg = Debug|Win32
		{A506295C-CA51-F1BA-CF7F-A125A1248FFF}.Debug|Win32.Build.0 = Debug|Win32
		{A506295C-CA51-F1BA-CF7F-A125A1248FFF}.Release|Win32.ActiveCfg = Release|Win32
		{A506295C-CA51-F1BA-CF7F-A125A1248FFF}.Release|Win32.Build.0 = Release|Win32
		{E798F469-96F1-BC24-1ABE-D8C3C25A40B5}.Debug|Win32.ActiveCfg = Debug|Win32
		{E798F469-96F1-BC24-1ABE-D8C3C25A40B5}.Debug|Win32.Build.0 = Debug|Win32
		{E798F469-96F1-BC24-1ABE-D8C3C25A40B5}.Release|Win32.ActiveCfg = Release|Win32
		{E798F469-96F1-BC24-1ABE-D8C3C25A40B5}.Release|Win32.Build.0 = Release|Win32
		{3D9E1C1F-A68D-9C2F-026D-9E83E2DF28A2}.Debug|Win32.ActiveCfg = Debug|Win32
		{3D9E1C1F-A68D-9C2F-026D-9E83E2DF28A2}.Debug|Win32.Build.0 = Debug|Win32
		{3D9E1C1F-A68D-9C2F-026D-9E83E2DF28A2}.Release|Win32.ActiveCfg = Release|Win32
		{3D9E1C1F-A68D-9C2F-026D-9E83E2DF28A2}.Release|Win32.Build.0 = Release|Win32
		{094A0B14-EA44-DF0D-86AC-732BD1700976}.Debug|Win32.ActiveCfg = Debug|Win32
		{094A0B14-EA44-DF0D-86AC-732BD1700976}.Debug|Win32.Build.0 = Debug|Win32
		{094A0B14-EA44-DF0D-86AC-732BD1700976}.Release|Win32.ActiveCfg = Release|Win32
		{094A0B14-EA44-DF0D-86AC-732BD1700976}.Release|Win32.Build.0 = Release|Win32
		{83438924-E445-20E5-852E-7B606FDB74B2}.Debug|Win32.ActiveCfg = Debug|Win32
		{83438924-E445-20E5-852E-7B606FDB74B2}.Debug|Win32.Build.0 = Debug|Win32
		{83438924-E445-20E5-852E-7B606FDB74B2}.Release|Win32.ActiveCfg = Release|Win32
		{83438924-E445-20E5-852E-7B606FDB74B2}.Release|Win32.Build.0 = Release|Win32
		{B10BCD9C-538C-4081-945A-579CEF5904BE}.Debug|Win32.ActiveCfg = Debug|Win32
		{B10BCD9C-538C-4081-945A-579CEF5904BE}.Debug|Win32.Build.0 = Debug|Win32
		{B10BCD9C-538C-4081-945A-579CEF5904BE}.Release|Win32.ActiveCfg = Release|Win32
		{B10BCD9C-538C-4081-945A-579CEF5904BE}.Release|Win32.Build.0 = Release|Win32
		{67301CA4-1FA3-4383-B3F2-E82DBE03D424}.Debug|Win32.ActiveCfg = Debug|Win32
		{67301CA4-1FA3-4383-B3F2-E82DBE03D424}.Debug|Win32.Build.0 = Debug|Win32
		{67301CA4-1FA3-4383-B3F2-E82DBE03D424}.Release|Win32.ActiveCfg = Release|Win32
		{67301CA4-1FA3-4383-B3F2-E82DBE03D424}.Release|Win32.Build.0 = Release|Win32
		{1C497AA9-3986-350E-3E5E-DE84F85319D2}.Debug|Win32.ActiveCfg = Debug|Win32
		{1C497AA9-3986-350E-3E5E-DE84F85319D2}.Debug|Win32.Build.0 = Debug|Win32
		{1C497AA9-3986-350E-3E5E-DE84F85319D2}.Release|Win32.ActiveCfg = Release|Win32
		{1C497AA9-3986-350E-3E5E-DE84F85319D2}.Release|Win32.Build.0 = Release|Win32
		{7E71D54D-7C5D-422C-88C7-8D1DAF12E244}.Debug|Win32.ActiveCfg = Debug|Win32
		{7E71D54D-7C5D-422C-88C7-8D1DAF12E244}.Debug|Win32.Build.0 = Debug|Win32
		{7E71D54D-7C5D-422C-88C7-8D1DAF12E244}.Release|Win32.ActiveCfg = Release|Win32
		{7E71D54D-7C5D-422C-88C7-8D1DAF12E244}.Release|Win32.Build.0 = Release|Win32
		{031BD6B0-6B9F-47ED-9EE9-3B0E7DB0A0D0}.Debug|Win32.ActiveCfg = Debug|Win32
		{031BD6B0-6B9F-47ED-9EE9-3B0E7DB0A0D0}.Debug|Win32.Build.0 = Debug|Win32
		{031BD6B0-6B9F-47ED-9EE9-3B0E7DB0A0D0}.Release|Win32.ActiveCfg = Release|Win32
		{031BD6B0-6B9F-47ED-9EE9-3B0E7DB0A0D0}.Release|Win32.Build.0 = Release|Win32
		{2F65EBEA-8FF3-349E-9DAB-341A41740ADB}.Debug|Win32.ActiveCfg = Debug|Win32
		{2F65EBEA-8FF3-349E-9DAB-341A41740ADB}.Debug|Win32.Build.0 = Debug|Win32
		{2F65EBEA-8FF3-349E-9DAB-341A41740ADB}.Release|Win32.ActiveCfg = Release|Win32
		{2F65EBEA-8FF3-349E-9DAB-341A41740ADB}.Release|Win32.Build.0 = Release|Win32
		{688C1FFA-9285-0352-F43B-E5D7666D75DE}.Debug|Win32.ActiveCfg = Debug|Win32
		{688C1FFA-9285-0352-F43B-E5D7666D75DE}.Debug|Win32.Build.0 = Debug|Win32
		{688C1FFA-9285-0352-F43B-E5D7666D75DE}.Release|Win32.ActiveCfg = Release|Win32
		{688C1FFA-9285-0352-F43B-E5D7666D75DE}.Release|Win32.Build.0 = Release|Win32
		{156DB045-A6EE-C3DD-C33E-12DD1313253E}.Debug|Win32.ActiveCfg = Debug|Win32
		{156DB045-A6EE-C3DD-C33E-12DD1313253E}.Debug|Win32.Build.0 = Debug|Win32
		{156DB045-A6EE-C3DD-C33E-12DD1313253E}.Release|Win32.ActiveCfg = Release|Win32
		{156DB045-A6EE-C3DD-C33E-12DD1313253E}.Release|Win32.Build.0 = Release|Win32
	EndGlobalSection
	GlobalSection(SolutionProperties) = preSolution
		HideSolutionNode = FALSE
	EndGlobalSection
	GlobalSection(NestedProjects) = preSolution
		{07AC0174-9F23-1498-B060-0C25D66B1814} = {4B04A01B-BE93-489C-922F-BFA859E3617F}
		{094A0B14-EA44-DF0D-86AC-732BD1700976} = {4B04A01B-BE93-489C-922F-BFA859E3617F}
		{60B7C39C-5B6E-C25C-E90E-E62C4E428B53} = {4B04A01B-BE93-489C-922F-BFA859E3617F}
		{1C497AA9-3986-350E-3E5E-DE84F85319D2} = {4B04A01B-BE93-489C-922F-BFA859E3617F}
		{2F65EBEA-8FF3-349E-9DAB-341A41740ADB} = {4B04A01B-BE93-489C-922F-BFA859E3617F}
		{688C1FFA-9285-0352-F43B-E5D7666D75DE} = {4B04A01B-BE93-489C-922F-BFA859E3617F}
		{156DB045-A6EE-C3DD-C33E-12DD1313253E} = {4B04A01B-BE93-489C-922F-BFA859E3617F}
		{A506295C-CA51-F1BA-CF7F-A125A1248FFF} = {A95D1D24-E790-4688-8B97-C0E8C828D91A}
		{E798F469-96F1-BC24-1ABE-D8C3C25A40B5} = {A95D1D24-E790-4688-8B97-C0E8C828D91A}
		{3D9E1C1F-A68D-9C2F-026D-9E83E2DF28A2} = {A95D1D24-E790-4688-8B97-C0E8C828D91A}
		{83438924-E445-20E5-852E-7B606FDB74B2} = {A95D1D24-E790-4688-8B97-C0E8C828D91A}
		{67301CA4-1FA3-4383-B3F2-E82DBE03D424} = {A95D1D24-E790-4688-8B97-C0E8C828D91A}
		{0BFC078D-10E5-1E26-46A4-DD6A65D3A870} = {A95D1D24-E790-4688-8B97-C0E8C828D91A}
		{B10BCD9C-538C-4081-945A-579CEF5904BE} = {4F37B962-CAD4-4586-979A-70C03468749E}
		{7E71D54D-7C5D-422C-88C7-8D1DAF12E244} = {4F37B962-CAD4-4586-979A-70C03468749E}
		{031BD6B0-6B9F-47ED-9EE9-3B0E7DB0A0D0} = {4F37B962-CAD4-4586-979A-70C03468749E}
	EndGlobalSection
EndGlobal
