<?xml version="1.0" encoding="utf-8"?>
<Project ToolsVersion="4.0" xmlns="http://schemas.microsoft.com/developer/msbuild/2003">
  <ItemGroup>
    <Filter Include="i18n">
      <UniqueIdentifier>{fa95d312-b8af-4f47-a5a2-e71104a054bb}</UniqueIdentifier>
    </Filter>
  </ItemGroup>
  <ItemGroup>
    <ClInclude Include="i18n\base_i18n_export.h">
      <Filter>i18n</Filter>
    </ClInclude>
    <ClInclude Include="i18n\bidi_line_iterator.h">
      <Filter>i18n</Filter>
    </ClInclude>
    <ClInclude Include="i18n\break_iterator.h">
      <Filter>i18n</Filter>
    </ClInclude>
    <ClInclude Include="i18n\case_conversion.h">
      <Filter>i18n</Filter>
    </ClInclude>
    <ClInclude Include="i18n\char_iterator.h">
      <Filter>i18n</Filter>
    </ClInclude>
    <ClInclude Include="i18n\file_util_icu.h">
      <Filter>i18n</Filter>
    </ClInclude>
    <ClInclude Include="i18n\icu_encoding_detection.h">
      <Filter>i18n</Filter>
    </ClInclude>
    <ClInclude Include="i18n\icu_string_conversions.h">
      <Filter>i18n</Filter>
    </ClInclude>
    <ClInclude Include="i18n\icu_util.h">
      <Filter>i18n</Filter>
    </ClInclude>
    <ClInclude Include="i18n\number_formatting.h">
      <Filter>i18n</Filter>
    </ClInclude>
    <ClInclude Include="i18n\rtl.h">
      <Filter>i18n</Filter>
    </ClInclude>
    <ClInclude Include="i18n\string_search.h">
      <Filter>i18n</Filter>
    </ClInclude>
    <ClInclude Include="i18n\time_formatting.h">
      <Filter>i18n</Filter>
    </ClInclude>
  </ItemGroup>
  <ItemGroup>
    <ClCompile Include="i18n\bidi_line_iterator.cc">
      <Filter>i18n</Filter>
    </ClCompile>
    <ClCompile Include="i18n\break_iterator.cc">
      <Filter>i18n</Filter>
    </ClCompile>
    <ClCompile Include="i18n\case_conversion.cc">
      <Filter>i18n</Filter>
    </ClCompile>
    <ClCompile Include="i18n\char_iterator.cc">
      <Filter>i18n</Filter>
    </ClCompile>
    <ClCompile Include="i18n\file_util_icu.cc">
      <Filter>i18n</Filter>
    </ClCompile>
    <ClCompile Include="i18n\icu_encoding_detection.cc">
      <Filter>i18n</Filter>
    </ClCompile>
    <ClCompile Include="i18n\icu_string_conversions.cc">
      <Filter>i18n</Filter>
    </ClCompile>
    <ClCompile Include="i18n\icu_util.cc">
      <Filter>i18n</Filter>
    </ClCompile>
    <ClCompile Include="i18n\number_formatting.cc">
      <Filter>i18n</Filter>
    </ClCompile>
    <ClCompile Include="i18n\rtl.cc">
      <Filter>i18n</Filter>
    </ClCompile>
    <ClCompile Include="i18n\string_search.cc">
      <Filter>i18n</Filter>
    </ClCompile>
    <ClCompile Include="i18n\time_formatting.cc">
      <Filter>i18n</Filter>
    </ClCompile>
  </ItemGroup>
  <ItemGroup>
    <None Include="base.gyp" />
  </ItemGroup>
</Project>