Microsoft Visual Studio Solution File, Format Version 10.00
# Visual Studio 2008
Project("{2150E333-8FDC-42A3-9474-1A3956D46DE8}") = "(allocator)", "..\..\base\allocator", "{6478B9F3-4858-63F4-35F4-98A303E305F3}"
EndProject
Project("{2150E333-8FDC-42A3-9474-1A3956D46DE8}") = "(base)", "..\..\base", "{9785FB75-982A-5DE3-252D-3F288B9FEF5B}"
EndProject
Project("{2150E333-8FDC-42A3-9474-1A3956D46DE8}") = "(dynamic_annotations)", "..\..\base\third_party\dynamic_annotations", "{EF1E4970-C119-B0D7-F5D6-321C6AE66EDC}"
EndProject
Project("{2150E333-8FDC-42A3-9474-1A3956D46DE8}") = "(icu)", "..\..\third_party\icu", "{2DE59335-96CE-10CA-CDE5-FEC35E3549BB}"
EndProject
Project("{2150E333-8FDC-42A3-9474-1A3956D46DE8}") = "(testing)", "..\..\testing", "{EAC80D00-01D2-3F49-A377-20B7154947F3}"
EndProject
Project("{2150E333-8FDC-42A3-9474-1A3956D46DE8}") = "(third_party)", "..\..\base\third_party", "{3E7FA5AF-27B3-2DE0-883C-12F98E7F4E81}"
EndProject
Project("{2150E333-8FDC-42A3-9474-1A3956D46DE8}") = "(third_party)", "..\..\third_party", "{89C816A7-DD31-D54C-C69C-5A80E0C49B77}"
EndProject
Project("{8BC9CEB8-8B4A-11D0-8D11-00A0C91BC942}") = "allocator_extension_thunks", "allocator\allocator_extension_thunks.vcproj", "{D80CDCBE-43C1-F5BF-E758-C5725F17A8C1}"
EndProject
Project("{8BC9CEB8-8B4A-11D0-8D11-00A0C91BC942}") = "allocator_extension_thunks_win64", "allocator\allocator_extension_thunks_win64.vcproj", "{D734DE7B-B7C4-4AEF-1EDE-E5393D128BBB}"
EndProject
Project("{8BC9CEB8-8B4A-11D0-8D11-00A0C91BC942}") = "base", "base.vcproj", "{0BFC078D-10E5-1E26-46A4-DD6A65D3A870}"
	ProjectSection(ProjectDependencies) = postProject
		{DE9CB625-0E6A-F4C2-EFDA-84BE9C1DA94B} = {DE9CB625-0E6A-F4C2-EFDA-84BE9C1DA94B}
	EndProjectSection
EndProject
Project("{8BC9CEB8-8B4A-11D0-8D11-00A0C91BC942}") = "base_i18n", "base_i18n.vcproj", "{9E201604-82A4-D058-C20E-40EFA0C8DD4C}"
EndProject
Project("{8BC9CEB8-8B4A-11D0-8D11-00A0C91BC942}") = "base_i18n_nacl_win64", "base_i18n_nacl_win64.vcproj", "{67956DC9-A09D-BB1B-4599-BFE0E4531CBE}"
EndProject
Project("{8BC9CEB8-8B4A-11D0-8D11-00A0C91BC942}") = "base_nacl_win64", "base_nacl_win64.vcproj", "{03D8E85B-63C9-4082-488D-631906C6F764}"
EndProject
Project("{8BC9CEB8-8B4A-11D0-8D11-00A0C91BC942}") = "base_static", "base_static.vcproj", "{1B1B260C-1F5C-D07A-7D05-9D70F24BA0A8}"
EndProject
Project("{8BC9CEB8-8B4A-11D0-8D11-00A0C91BC942}") = "base_static_win64", "base_static_win64.vcproj", "{3E9E259B-5391-9D5D-7946-5155C32E4516}"
EndProject
Project("{8BC9CEB8-8B4A-11D0-8D11-00A0C91BC942}") = "base_unittests", "base_unittests.vcproj", "{DAFD766C-C2AD-2638-F098-77C65B6DF561}"
	ProjectSection(ProjectDependencies) = postProject
		{0BFC078D-10E5-1E26-46A4-DD6A65D3A870} = {0BFC078D-10E5-1E26-46A4-DD6A65D3A870}
		{9E201604-82A4-D058-C20E-40EFA0C8DD4C} = {9E201604-82A4-D058-C20E-40EFA0C8DD4C}
		{1B1B260C-1F5C-D07A-7D05-9D70F24BA0A8} = {1B1B260C-1F5C-D07A-7D05-9D70F24BA0A8}
		{179DA099-6612-CD17-0CD6-BB25703E074B} = {179DA099-6612-CD17-0CD6-BB25703E074B}
		{1846F110-8263-413F-9924-36F64DD8FE41} = {1846F110-8263-413F-9924-36F64DD8FE41}
		{6D2E9365-C662-5EC3-2A65-AD7D1FF9FF69} = {6D2E9365-C662-5EC3-2A65-AD7D1FF9FF69}
		{A715F1AA-4A32-3A25-572A-E5B1FB63AA78} = {A715F1AA-4A32-3A25-572A-E5B1FB63AA78}
		{639EBF6E-931C-45F2-A799-7E8B5209ADF3} = {639EBF6E-931C-45F2-A799-7E8B5209ADF3}
		{68211F8F-DDD9-A40A-3660-695EA962F934} = {68211F8F-DDD9-A40A-3660-695EA962F934}
		{1025800C-CD3F-9517-9336-3CA36B16CD86} = {1025800C-CD3F-9517-9336-3CA36B16CD86}
		{E47B2B19-B1DB-2FE2-B4B2-855C3C2C034A} = {E47B2B19-B1DB-2FE2-B4B2-855C3C2C034A}
		{D80CDCBE-43C1-F5BF-E758-C5725F17A8C1} = {D80CDCBE-43C1-F5BF-E758-C5725F17A8C1}
		{DE9CB625-0E6A-F4C2-EFDA-84BE9C1DA94B} = {DE9CB625-0E6A-F4C2-EFDA-84BE9C1DA94B}
		{43807E9E-3D83-E8E4-8CD1-13E98FFC6045} = {43807E9E-3D83-E8E4-8CD1-13E98FFC6045}
	EndProjectSection
EndProject
Project("{8BC9CEB8-8B4A-11D0-8D11-00A0C91BC942}") = "base_unittests_run", "base_unittests_run.vcproj", "{A81CD58C-5FB3-B536-DC19-43BA8B2B1E64}"
	ProjectSection(ProjectDependencies) = postProject
		{DAFD766C-C2AD-2638-F098-77C65B6DF561} = {DAFD766C-C2AD-2638-F098-77C65B6DF561}
	EndProjectSection
EndProject
Project("{8BC9CEB8-8B4A-11D0-8D11-00A0C91BC942}") = "check_example", "check_example.vcproj", "{D2EE54F4-62FB-7323-3856-2391B7BEC00F}"
	ProjectSection(ProjectDependencies) = postProject
		{0BFC078D-10E5-1E26-46A4-DD6A65D3A870} = {0BFC078D-10E5-1E26-46A4-DD6A65D3A870}
		{1B1B260C-1F5C-D07A-7D05-9D70F24BA0A8} = {1B1B260C-1F5C-D07A-7D05-9D70F24BA0A8}
		{D80CDCBE-43C1-F5BF-E758-C5725F17A8C1} = {D80CDCBE-43C1-F5BF-E758-C5725F17A8C1}
		{DE9CB625-0E6A-F4C2-EFDA-84BE9C1DA94B} = {DE9CB625-0E6A-F4C2-EFDA-84BE9C1DA94B}
		{43807E9E-3D83-E8E4-8CD1-13E98FFC6045} = {43807E9E-3D83-E8E4-8CD1-13E98FFC6045}
		{6D2E9365-C662-5EC3-2A65-AD7D1FF9FF69} = {6D2E9365-C662-5EC3-2A65-AD7D1FF9FF69}
	EndProjectSection
EndProject
Project("{8BC9CEB8-8B4A-11D0-8D11-00A0C91BC942}") = "debug_message", "debug_message.vcproj", "{D6047981-23AE-4623-9373-514FDAFAE60F}"
EndProject
Project("{8BC9CEB8-8B4A-11D0-8D11-00A0C91BC942}") = "dynamic_annotations", "third_party\dynamic_annotations\dynamic_annotations.vcproj", "{6D2E9365-C662-5EC3-2A65-AD7D1FF9FF69}"
EndProject
Project("{8BC9CEB8-8B4A-11D0-8D11-00A0C91BC942}") = "dynamic_annotations_win64", "third_party\dynamic_annotations\dynamic_annotations_win64.vcproj", "{2D9A6637-835B-0CCF-A076-F4443C2AAFA0}"
EndProject
Project("{8BC9CEB8-8B4A-11D0-8D11-00A0C91BC942}") = "gmock", "..\testing\gmock.vcproj", "{A715F1AA-4A32-3A25-572A-E5B1FB63AA78}"
EndProject
Project("{8BC9CEB8-8B4A-11D0-8D11-00A0C91BC942}") = "gtest", "..\testing\gtest.vcproj", "{639EBF6E-931C-45F2-A799-7E8B5209ADF3}"
	ProjectSection(ProjectDependencies) = postProject
		{DE9CB625-0E6A-F4C2-EFDA-84BE9C1DA94B} = {DE9CB625-0E6A-F4C2-EFDA-84BE9C1DA94B}
	EndProjectSection
EndProject
Project("{8BC9CEB8-8B4A-11D0-8D11-00A0C91BC942}") = "gtest_prod", "..\testing\gtest_prod.vcproj", "{DE9CB625-0E6A-F4C2-EFDA-84BE9C1DA94B}"
EndProject
Project("{8BC9CEB8-8B4A-11D0-8D11-00A0C91BC942}") = "icudata", "..\third_party\icu\icudata.vcproj", "{E47B2B19-B1DB-2FE2-B4B2-855C3C2C034A}"
EndProject
Project("{8BC9CEB8-8B4A-11D0-8D11-00A0C91BC942}") = "icui18n", "..\third_party\icu\icui18n.vcproj", "{68211F8F-DDD9-A40A-3660-695EA962F934}"
EndProject
Project("{8BC9CEB8-8B4A-11D0-8D11-00A0C91BC942}") = "icuuc", "..\third_party\icu\icuuc.vcproj", "{1025800C-CD3F-9517-9336-3CA36B16CD86}"
	ProjectSection(ProjectDependencies) = postProject
		{E47B2B19-B1DB-2FE2-B4B2-855C3C2C034A} = {E47B2B19-B1DB-2FE2-B4B2-855C3C2C034A}
	EndProjectSection
EndProject
Project("{8BC9CEB8-8B4A-11D0-8D11-00A0C91BC942}") = "modp_b64", "..\third_party\modp_b64\modp_b64.vcproj", "{43807E9E-3D83-E8E4-8CD1-13E98FFC6045}"
EndProject
Project("{8BC9CEB8-8B4A-11D0-8D11-00A0C91BC942}") = "run_all_unittests", "run_all_unittests.vcproj", "{179DA099-6612-CD17-0CD6-BB25703E074B}"
EndProject
Project("{8BC9CEB8-8B4A-11D0-8D11-00A0C91BC942}") = "test_support_base", "test_support_base.vcproj", "{1846F110-8263-413F-9924-36F64DD8FE41}"
EndProject
Project("{8BC9CEB8-8B4A-11D0-8D11-00A0C91BC942}") = "test_support_perf", "test_support_perf.vcproj", "{10A97E39-D9F4-4090-C744-8652D0D0BAC8}"
EndProject
Global
	GlobalSection(SolutionConfigurationPlatforms) = preSolution
		Release|x64 = Release|x64
		Debug|Win32 = Debug|Win32
		Debug|x64 = Debug|x64
		Release|Win32 = Release|Win32
	EndGlobalSection
	GlobalSection(ProjectConfigurationPlatforms) = postSolution
		{03D8E85B-63C9-4082-488D-631906C6F764}.Release|x64.ActiveCfg = Release|x64
		{03D8E85B-63C9-4082-488D-631906C6F764}.Release|x64.Build.0 = Release|x64
		{03D8E85B-63C9-4082-488D-631906C6F764}.Debug|Win32.ActiveCfg = Debug|x64
		{03D8E85B-63C9-4082-488D-631906C6F764}.Debug|Win32.Build.0 = Debug|x64
		{03D8E85B-63C9-4082-488D-631906C6F764}.Debug|x64.ActiveCfg = Debug|x64
		{03D8E85B-63C9-4082-488D-631906C6F764}.Debug|x64.Build.0 = Debug|x64
		{03D8E85B-63C9-4082-488D-631906C6F764}.Release|Win32.ActiveCfg = Release|x64
		{03D8E85B-63C9-4082-488D-631906C6F764}.Release|Win32.Build.0 = Release|x64
		{0BFC078D-10E5-1E26-46A4-DD6A65D3A870}.Release|x64.ActiveCfg = Release|x64
		{0BFC078D-10E5-1E26-46A4-DD6A65D3A870}.Release|x64.Build.0 = Release|x64
		{0BFC078D-10E5-1E26-46A4-DD6A65D3A870}.Debug|Win32.ActiveCfg = Debug|Win32
		{0BFC078D-10E5-1E26-46A4-DD6A65D3A870}.Debug|Win32.Build.0 = Debug|Win32
		{0BFC078D-10E5-1E26-46A4-DD6A65D3A870}.Debug|x64.ActiveCfg = Debug|x64
		{0BFC078D-10E5-1E26-46A4-DD6A65D3A870}.Debug|x64.Build.0 = Debug|x64
		{0BFC078D-10E5-1E26-46A4-DD6A65D3A870}.Release|Win32.ActiveCfg = Release|Win32
		{0BFC078D-10E5-1E26-46A4-DD6A65D3A870}.Release|Win32.Build.0 = Release|Win32
		{1025800C-CD3F-9517-9336-3CA36B16CD86}.Release|x64.ActiveCfg = Release|x64
		{1025800C-CD3F-9517-9336-3CA36B16CD86}.Release|x64.Build.0 = Release|x64
		{1025800C-CD3F-9517-9336-3CA36B16CD86}.Debug|Win32.ActiveCfg = Debug|Win32
		{1025800C-CD3F-9517-9336-3CA36B16CD86}.Debug|Win32.Build.0 = Debug|Win32
		{1025800C-CD3F-9517-9336-3CA36B16CD86}.Debug|x64.ActiveCfg = Debug|x64
		{1025800C-CD3F-9517-9336-3CA36B16CD86}.Debug|x64.Build.0 = Debug|x64
		{1025800C-CD3F-9517-9336-3CA36B16CD86}.Release|Win32.ActiveCfg = Release|Win32
		{1025800C-CD3F-9517-9336-3CA36B16CD86}.Release|Win32.Build.0 = Release|Win32
		{10A97E39-D9F4-4090-C744-8652D0D0BAC8}.Release|x64.ActiveCfg = Release|x64
		{10A97E39-D9F4-4090-C744-8652D0D0BAC8}.Release|x64.Build.0 = Release|x64
		{10A97E39-D9F4-4090-C744-8652D0D0BAC8}.Debug|Win32.ActiveCfg = Debug|Win32
		{10A97E39-D9F4-4090-C744-8652D0D0BAC8}.Debug|Win32.Build.0 = Debug|Win32
		{10A97E39-D9F4-4090-C744-8652D0D0BAC8}.Debug|x64.ActiveCfg = Debug|x64
		{10A97E39-D9F4-4090-C744-8652D0D0BAC8}.Debug|x64.Build.0 = Debug|x64
		{10A97E39-D9F4-4090-C744-8652D0D0BAC8}.Release|Win32.ActiveCfg = Release|Win32
		{10A97E39-D9F4-4090-C744-8652D0D0BAC8}.Release|Win32.Build.0 = Release|Win32
		{179DA099-6612-CD17-0CD6-BB25703E074B}.Release|x64.ActiveCfg = Release|x64
		{179DA099-6612-CD17-0CD6-BB25703E074B}.Release|x64.Build.0 = Release|x64
		{179DA099-6612-CD17-0CD6-BB25703E074B}.Debug|Win32.ActiveCfg = Debug|Win32
		{179DA099-6612-CD17-0CD6-BB25703E074B}.Debug|Win32.Build.0 = Debug|Win32
		{179DA099-6612-CD17-0CD6-BB25703E074B}.Debug|x64.ActiveCfg = Debug|x64
		{179DA099-6612-CD17-0CD6-BB25703E074B}.Debug|x64.Build.0 = Debug|x64
		{179DA099-6612-CD17-0CD6-BB25703E074B}.Release|Win32.ActiveCfg = Release|Win32
		{179DA099-6612-CD17-0CD6-BB25703E074B}.Release|Win32.Build.0 = Release|Win32
		{1846F110-8263-413F-9924-36F64DD8FE41}.Release|x64.ActiveCfg = Release|x64
		{1846F110-8263-413F-9924-36F64DD8FE41}.Release|x64.Build.0 = Release|x64
		{1846F110-8263-413F-9924-36F64DD8FE41}.Debug|Win32.ActiveCfg = Debug|Win32
		{1846F110-8263-413F-9924-36F64DD8FE41}.Debug|Win32.Build.0 = Debug|Win32
		{1846F110-8263-413F-9924-36F64DD8FE41}.Debug|x64.ActiveCfg = Debug|x64
		{1846F110-8263-413F-9924-36F64DD8FE41}.Debug|x64.Build.0 = Debug|x64
		{1846F110-8263-413F-9924-36F64DD8FE41}.Release|Win32.ActiveCfg = Release|Win32
		{1846F110-8263-413F-9924-36F64DD8FE41}.Release|Win32.Build.0 = Release|Win32
		{1B1B260C-1F5C-D07A-7D05-9D70F24BA0A8}.Release|x64.ActiveCfg = Release|x64
		{1B1B260C-1F5C-D07A-7D05-9D70F24BA0A8}.Release|x64.Build.0 = Release|x64
		{1B1B260C-1F5C-D07A-7D05-9D70F24BA0A8}.Debug|Win32.ActiveCfg = Debug|Win32
		{1B1B260C-1F5C-D07A-7D05-9D70F24BA0A8}.Debug|Win32.Build.0 = Debug|Win32
		{1B1B260C-1F5C-D07A-7D05-9D70F24BA0A8}.Debug|x64.ActiveCfg = Debug|x64
		{1B1B260C-1F5C-D07A-7D05-9D70F24BA0A8}.Debug|x64.Build.0 = Debug|x64
		{1B1B260C-1F5C-D07A-7D05-9D70F24BA0A8}.Release|Win32.ActiveCfg = Release|Win32
		{1B1B260C-1F5C-D07A-7D05-9D70F24BA0A8}.Release|Win32.Build.0 = Release|Win32
		{2D9A6637-835B-0CCF-A076-F4443C2AAFA0}.Release|x64.ActiveCfg = Release|x64
		{2D9A6637-835B-0CCF-A076-F4443C2AAFA0}.Release|x64.Build.0 = Release|x64
		{2D9A6637-835B-0CCF-A076-F4443C2AAFA0}.Debug|Win32.ActiveCfg = Debug|x64
		{2D9A6637-835B-0CCF-A076-F4443C2AAFA0}.Debug|Win32.Build.0 = Debug|x64
		{2D9A6637-835B-0CCF-A076-F4443C2AAFA0}.Debug|x64.ActiveCfg = Debug|x64
		{2D9A6637-835B-0CCF-A076-F4443C2AAFA0}.Debug|x64.Build.0 = Debug|x64
		{2D9A6637-835B-0CCF-A076-F4443C2AAFA0}.Release|Win32.ActiveCfg = Release|x64
		{2D9A6637-835B-0CCF-A076-F4443C2AAFA0}.Release|Win32.Build.0 = Release|x64
		{3E9E259B-5391-9D5D-7946-5155C32E4516}.Release|x64.ActiveCfg = Release|x64
		{3E9E259B-5391-9D5D-7946-5155C32E4516}.Release|x64.Build.0 = Release|x64
		{3E9E259B-5391-9D5D-7946-5155C32E4516}.Debug|Win32.ActiveCfg = Debug|x64
		{3E9E259B-5391-9D5D-7946-5155C32E4516}.Debug|Win32.Build.0 = Debug|x64
		{3E9E259B-5391-9D5D-7946-5155C32E4516}.Debug|x64.ActiveCfg = Debug|x64
		{3E9E259B-5391-9D5D-7946-5155C32E4516}.Debug|x64.Build.0 = Debug|x64
		{3E9E259B-5391-9D5D-7946-5155C32E4516}.Release|Win32.ActiveCfg = Release|x64
		{3E9E259B-5391-9D5D-7946-5155C32E4516}.Release|Win32.Build.0 = Release|x64
		{43807E9E-3D83-E8E4-8CD1-13E98FFC6045}.Release|x64.ActiveCfg = Release|x64
		{43807E9E-3D83-E8E4-8CD1-13E98FFC6045}.Release|x64.Build.0 = Release|x64
		{43807E9E-3D83-E8E4-8CD1-13E98FFC6045}.Debug|Win32.ActiveCfg = Debug|Win32
		{43807E9E-3D83-E8E4-8CD1-13E98FFC6045}.Debug|Win32.Build.0 = Debug|Win32
		{43807E9E-3D83-E8E4-8CD1-13E98FFC6045}.Debug|x64.ActiveCfg = Debug|x64
		{43807E9E-3D83-E8E4-8CD1-13E98FFC6045}.Debug|x64.Build.0 = Debug|x64
		{43807E9E-3D83-E8E4-8CD1-13E98FFC6045}.Release|Win32.ActiveCfg = Release|Win32
		{43807E9E-3D83-E8E4-8CD1-13E98FFC6045}.Release|Win32.Build.0 = Release|Win32
		{639EBF6E-931C-45F2-A799-7E8B5209ADF3}.Release|x64.ActiveCfg = Release|x64
		{639EBF6E-931C-45F2-A799-7E8B5209ADF3}.Release|x64.Build.0 = Release|x64
		{639EBF6E-931C-45F2-A799-7E8B5209ADF3}.Debug|Win32.ActiveCfg = Debug|Win32
		{639EBF6E-931C-45F2-A799-7E8B5209ADF3}.Debug|Win32.Build.0 = Debug|Win32
		{639EBF6E-931C-45F2-A799-7E8B5209ADF3}.Debug|x64.ActiveCfg = Debug|x64
		{639EBF6E-931C-45F2-A799-7E8B5209ADF3}.Debug|x64.Build.0 = Debug|x64
		{639EBF6E-931C-45F2-A799-7E8B5209ADF3}.Release|Win32.ActiveCfg = Release|Win32
		{639EBF6E-931C-45F2-A799-7E8B5209ADF3}.Release|Win32.Build.0 = Release|Win32
		{67956DC9-A09D-BB1B-4599-BFE0E4531CBE}.Release|x64.ActiveCfg = Release|x64
		{67956DC9-A09D-BB1B-4599-BFE0E4531CBE}.Release|x64.Build.0 = Release|x64
		{67956DC9-A09D-BB1B-4599-BFE0E4531CBE}.Debug|Win32.ActiveCfg = Debug|x64
		{67956DC9-A09D-BB1B-4599-BFE0E4531CBE}.Debug|Win32.Build.0 = Debug|x64
		{67956DC9-A09D-BB1B-4599-BFE0E4531CBE}.Debug|x64.ActiveCfg = Debug|x64
		{67956DC9-A09D-BB1B-4599-BFE0E4531CBE}.Debug|x64.Build.0 = Debug|x64
		{67956DC9-A09D-BB1B-4599-BFE0E4531CBE}.Release|Win32.ActiveCfg = Release|x64
		{67956DC9-A09D-BB1B-4599-BFE0E4531CBE}.Release|Win32.Build.0 = Release|x64
		{68211F8F-DDD9-A40A-3660-695EA962F934}.Release|x64.ActiveCfg = Release|x64
		{68211F8F-DDD9-A40A-3660-695EA962F934}.Release|x64.Build.0 = Release|x64
		{68211F8F-DDD9-A40A-3660-695EA962F934}.Debug|Win32.ActiveCfg = Debug|Win32
		{68211F8F-DDD9-A40A-3660-695EA962F934}.Debug|Win32.Build.0 = Debug|Win32
		{68211F8F-DDD9-A40A-3660-695EA962F934}.Debug|x64.ActiveCfg = Debug|x64
		{68211F8F-DDD9-A40A-3660-695EA962F934}.Debug|x64.Build.0 = Debug|x64
		{68211F8F-DDD9-A40A-3660-695EA962F934}.Release|Win32.ActiveCfg = Release|Win32
		{68211F8F-DDD9-A40A-3660-695EA962F934}.Release|Win32.Build.0 = Release|Win32
		{6D2E9365-C662-5EC3-2A65-AD7D1FF9FF69}.Release|x64.ActiveCfg = Release|x64
		{6D2E9365-C662-5EC3-2A65-AD7D1FF9FF69}.Release|x64.Build.0 = Release|x64
		{6D2E9365-C662-5EC3-2A65-AD7D1FF9FF69}.Debug|Win32.ActiveCfg = Debug|Win32
		{6D2E9365-C662-5EC3-2A65-AD7D1FF9FF69}.Debug|Win32.Build.0 = Debug|Win32
		{6D2E9365-C662-5EC3-2A65-AD7D1FF9FF69}.Debug|x64.ActiveCfg = Debug|x64
		{6D2E9365-C662-5EC3-2A65-AD7D1FF9FF69}.Debug|x64.Build.0 = Debug|x64
		{6D2E9365-C662-5EC3-2A65-AD7D1FF9FF69}.Release|Win32.ActiveCfg = Release|Win32
		{6D2E9365-C662-5EC3-2A65-AD7D1FF9FF69}.Release|Win32.Build.0 = Release|Win32
		{9E201604-82A4-D058-C20E-40EFA0C8DD4C}.Release|x64.ActiveCfg = Release|x64
		{9E201604-82A4-D058-C20E-40EFA0C8DD4C}.Release|x64.Build.0 = Release|x64
		{9E201604-82A4-D058-C20E-40EFA0C8DD4C}.Debug|Win32.ActiveCfg = Debug|Win32
		{9E201604-82A4-D058-C20E-40EFA0C8DD4C}.Debug|Win32.Build.0 = Debug|Win32
		{9E201604-82A4-D058-C20E-40EFA0C8DD4C}.Debug|x64.ActiveCfg = Debug|x64
		{9E201604-82A4-D058-C20E-40EFA0C8DD4C}.Debug|x64.Build.0 = Debug|x64
		{9E201604-82A4-D058-C20E-40EFA0C8DD4C}.Release|Win32.ActiveCfg = Release|Win32
		{9E201604-82A4-D058-C20E-40EFA0C8DD4C}.Release|Win32.Build.0 = Release|Win32
		{A715F1AA-4A32-3A25-572A-E5B1FB63AA78}.Release|x64.ActiveCfg = Release|x64
		{A715F1AA-4A32-3A25-572A-E5B1FB63AA78}.Release|x64.Build.0 = Release|x64
		{A715F1AA-4A32-3A25-572A-E5B1FB63AA78}.Debug|Win32.ActiveCfg = Debug|Win32
		{A715F1AA-4A32-3A25-572A-E5B1FB63AA78}.Debug|Win32.Build.0 = Debug|Win32
		{A715F1AA-4A32-3A25-572A-E5B1FB63AA78}.Debug|x64.ActiveCfg = Debug|x64
		{A715F1AA-4A32-3A25-572A-E5B1FB63AA78}.Debug|x64.Build.0 = Debug|x64
		{A715F1AA-4A32-3A25-572A-E5B1FB63AA78}.Release|Win32.ActiveCfg = Release|Win32
		{A715F1AA-4A32-3A25-572A-E5B1FB63AA78}.Release|Win32.Build.0 = Release|Win32
		{A81CD58C-5FB3-B536-DC19-43BA8B2B1E64}.Release|x64.ActiveCfg = Release|x64
		{A81CD58C-5FB3-B536-DC19-43BA8B2B1E64}.Release|x64.Build.0 = Release|x64
		{A81CD58C-5FB3-B536-DC19-43BA8B2B1E64}.Debug|Win32.ActiveCfg = Debug|Win32
		{A81CD58C-5FB3-B536-DC19-43BA8B2B1E64}.Debug|Win32.Build.0 = Debug|Win32
		{A81CD58C-5FB3-B536-DC19-43BA8B2B1E64}.Debug|x64.ActiveCfg = Debug|x64
		{A81CD58C-5FB3-B536-DC19-43BA8B2B1E64}.Debug|x64.Build.0 = Debug|x64
		{A81CD58C-5FB3-B536-DC19-43BA8B2B1E64}.Release|Win32.ActiveCfg = Release|Win32
		{A81CD58C-5FB3-B536-DC19-43BA8B2B1E64}.Release|Win32.Build.0 = Release|Win32
		{D2EE54F4-62FB-7323-3856-2391B7BEC00F}.Release|x64.ActiveCfg = Release|x64
		{D2EE54F4-62FB-7323-3856-2391B7BEC00F}.Release|x64.Build.0 = Release|x64
		{D2EE54F4-62FB-7323-3856-2391B7BEC00F}.Debug|Win32.ActiveCfg = Debug|Win32
		{D2EE54F4-62FB-7323-3856-2391B7BEC00F}.Debug|Win32.Build.0 = Debug|Win32
		{D2EE54F4-62FB-7323-3856-2391B7BEC00F}.Debug|x64.ActiveCfg = Debug|x64
		{D2EE54F4-62FB-7323-3856-2391B7BEC00F}.Debug|x64.Build.0 = Debug|x64
		{D2EE54F4-62FB-7323-3856-2391B7BEC00F}.Release|Win32.ActiveCfg = Release|Win32
		{D2EE54F4-62FB-7323-3856-2391B7BEC00F}.Release|Win32.Build.0 = Release|Win32
		{D6047981-23AE-4623-9373-514FDAFAE60F}.Release|x64.ActiveCfg = Release|x64
		{D6047981-23AE-4623-9373-514FDAFAE60F}.Release|x64.Build.0 = Release|x64
		{D6047981-23AE-4623-9373-514FDAFAE60F}.Debug|Win32.ActiveCfg = Debug|Win32
		{D6047981-23AE-4623-9373-514FDAFAE60F}.Debug|Win32.Build.0 = Debug|Win32
		{D6047981-23AE-4623-9373-514FDAFAE60F}.Debug|x64.ActiveCfg = Debug|x64
		{D6047981-23AE-4623-9373-514FDAFAE60F}.Debug|x64.Build.0 = Debug|x64
		{D6047981-23AE-4623-9373-514FDAFAE60F}.Release|Win32.ActiveCfg = Release|Win32
		{D6047981-23AE-4623-9373-514FDAFAE60F}.Release|Win32.Build.0 = Release|Win32
		{D734DE7B-B7C4-4AEF-1EDE-E5393D128BBB}.Release|x64.ActiveCfg = Release|x64
		{D734DE7B-B7C4-4AEF-1EDE-E5393D128BBB}.Release|x64.Build.0 = Release|x64
		{D734DE7B-B7C4-4AEF-1EDE-E5393D128BBB}.Debug|Win32.ActiveCfg = Debug|x64
		{D734DE7B-B7C4-4AEF-1EDE-E5393D128BBB}.Debug|Win32.Build.0 = Debug|x64
		{D734DE7B-B7C4-4AEF-1EDE-E5393D128BBB}.Debug|x64.ActiveCfg = Debug|x64
		{D734DE7B-B7C4-4AEF-1EDE-E5393D128BBB}.Debug|x64.Build.0 = Debug|x64
		{D734DE7B-B7C4-4AEF-1EDE-E5393D128BBB}.Release|Win32.ActiveCfg = Release|x64
		{D734DE7B-B7C4-4AEF-1EDE-E5393D128BBB}.Release|Win32.Build.0 = Release|x64
		{D80CDCBE-43C1-F5BF-E758-C5725F17A8C1}.Release|x64.ActiveCfg = Release|x64
		{D80CDCBE-43C1-F5BF-E758-C5725F17A8C1}.Release|x64.Build.0 = Release|x64
		{D80CDCBE-43C1-F5BF-E758-C5725F17A8C1}.Debug|Win32.ActiveCfg = Debug|Win32
		{D80CDCBE-43C1-F5BF-E758-C5725F17A8C1}.Debug|Win32.Build.0 = Debug|Win32
		{D80CDCBE-43C1-F5BF-E758-C5725F17A8C1}.Debug|x64.ActiveCfg = Debug|x64
		{D80CDCBE-43C1-F5BF-E758-C5725F17A8C1}.Debug|x64.Build.0 = Debug|x64
		{D80CDCBE-43C1-F5BF-E758-C5725F17A8C1}.Release|Win32.ActiveCfg = Release|Win32
		{D80CDCBE-43C1-F5BF-E758-C5725F17A8C1}.Release|Win32.Build.0 = Release|Win32
		{DAFD766C-C2AD-2638-F098-77C65B6DF561}.Release|x64.ActiveCfg = Release|x64
		{DAFD766C-C2AD-2638-F098-77C65B6DF561}.Release|x64.Build.0 = Release|x64
		{DAFD766C-C2AD-2638-F098-77C65B6DF561}.Debug|Win32.ActiveCfg = Debug|Win32
		{DAFD766C-C2AD-2638-F098-77C65B6DF561}.Debug|Win32.Build.0 = Debug|Win32
		{DAFD766C-C2AD-2638-F098-77C65B6DF561}.Debug|x64.ActiveCfg = Debug|x64
		{DAFD766C-C2AD-2638-F098-77C65B6DF561}.Debug|x64.Build.0 = Debug|x64
		{DAFD766C-C2AD-2638-F098-77C65B6DF561}.Release|Win32.ActiveCfg = Release|Win32
		{DAFD766C-C2AD-2638-F098-77C65B6DF561}.Release|Win32.Build.0 = Release|Win32
		{DE9CB625-0E6A-F4C2-EFDA-84BE9C1DA94B}.Release|x64.ActiveCfg = Release|x64
		{DE9CB625-0E6A-F4C2-EFDA-84BE9C1DA94B}.Release|x64.Build.0 = Release|x64
		{DE9CB625-0E6A-F4C2-EFDA-84BE9C1DA94B}.Debug|Win32.ActiveCfg = Debug|Win32
		{DE9CB625-0E6A-F4C2-EFDA-84BE9C1DA94B}.Debug|Win32.Build.0 = Debug|Win32
		{DE9CB625-0E6A-F4C2-EFDA-84BE9C1DA94B}.Debug|x64.ActiveCfg = Debug|x64
		{DE9CB625-0E6A-F4C2-EFDA-84BE9C1DA94B}.Debug|x64.Build.0 = Debug|x64
		{DE9CB625-0E6A-F4C2-EFDA-84BE9C1DA94B}.Release|Win32.ActiveCfg = Release|Win32
		{DE9CB625-0E6A-F4C2-EFDA-84BE9C1DA94B}.Release|Win32.Build.0 = Release|Win32
		{E47B2B19-B1DB-2FE2-B4B2-855C3C2C034A}.Release|x64.ActiveCfg = Release|x64
		{E47B2B19-B1DB-2FE2-B4B2-855C3C2C034A}.Release|x64.Build.0 = Release|x64
		{E47B2B19-B1DB-2FE2-B4B2-855C3C2C034A}.Debug|Win32.ActiveCfg = Debug|Win32
		{E47B2B19-B1DB-2FE2-B4B2-855C3C2C034A}.Debug|Win32.Build.0 = Debug|Win32
		{E47B2B19-B1DB-2FE2-B4B2-855C3C2C034A}.Debug|x64.ActiveCfg = Debug|x64
		{E47B2B19-B1DB-2FE2-B4B2-855C3C2C034A}.Debug|x64.Build.0 = Debug|x64
		{E47B2B19-B1DB-2FE2-B4B2-855C3C2C034A}.Release|Win32.ActiveCfg = Release|Win32
		{E47B2B19-B1DB-2FE2-B4B2-855C3C2C034A}.Release|Win32.Build.0 = Release|Win32
	EndGlobalSection
	GlobalSection(SolutionProperties) = preSolution
		HideSolutionNode = FALSE
	EndGlobalSection
	GlobalSection(NestedProjects) = preSolution
		{D80CDCBE-43C1-F5BF-E758-C5725F17A8C1} = {6478B9F3-4858-63F4-35F4-98A303E305F3}
		{D734DE7B-B7C4-4AEF-1EDE-E5393D128BBB} = {6478B9F3-4858-63F4-35F4-98A303E305F3}
		{D6047981-23AE-4623-9373-514FDAFAE60F} = {9785FB75-982A-5DE3-252D-3F288B9FEF5B}
		{1B1B260C-1F5C-D07A-7D05-9D70F24BA0A8} = {9785FB75-982A-5DE3-252D-3F288B9FEF5B}
		{6478B9F3-4858-63F4-35F4-98A303E305F3} = {9785FB75-982A-5DE3-252D-3F288B9FEF5B}
		{3E7FA5AF-27B3-2DE0-883C-12F98E7F4E81} = {9785FB75-982A-5DE3-252D-3F288B9FEF5B}
		{9E201604-82A4-D058-C20E-40EFA0C8DD4C} = {9785FB75-982A-5DE3-252D-3F288B9FEF5B}
		{179DA099-6612-CD17-0CD6-BB25703E074B} = {9785FB75-982A-5DE3-252D-3F288B9FEF5B}
		{DAFD766C-C2AD-2638-F098-77C65B6DF561} = {9785FB75-982A-5DE3-252D-3F288B9FEF5B}
		{67956DC9-A09D-BB1B-4599-BFE0E4531CBE} = {9785FB75-982A-5DE3-252D-3F288B9FEF5B}
		{D2EE54F4-62FB-7323-3856-2391B7BEC00F} = {9785FB75-982A-5DE3-252D-3F288B9FEF5B}
		{03D8E85B-63C9-4082-488D-631906C6F764} = {9785FB75-982A-5DE3-252D-3F288B9FEF5B}
		{10A97E39-D9F4-4090-C744-8652D0D0BAC8} = {9785FB75-982A-5DE3-252D-3F288B9FEF5B}
		{3E9E259B-5391-9D5D-7946-5155C32E4516} = {9785FB75-982A-5DE3-252D-3F288B9FEF5B}
		{0BFC078D-10E5-1E26-46A4-DD6A65D3A870} = {9785FB75-982A-5DE3-252D-3F288B9FEF5B}
		{A81CD58C-5FB3-B536-DC19-43BA8B2B1E64} = {9785FB75-982A-5DE3-252D-3F288B9FEF5B}
		{1846F110-8263-413F-9924-36F64DD8FE41} = {9785FB75-982A-5DE3-252D-3F288B9FEF5B}
		{6D2E9365-C662-5EC3-2A65-AD7D1FF9FF69} = {EF1E4970-C119-B0D7-F5D6-321C6AE66EDC}
		{2D9A6637-835B-0CCF-A076-F4443C2AAFA0} = {EF1E4970-C119-B0D7-F5D6-321C6AE66EDC}
		{1025800C-CD3F-9517-9336-3CA36B16CD86} = {2DE59335-96CE-10CA-CDE5-FEC35E3549BB}
		{68211F8F-DDD9-A40A-3660-695EA962F934} = {2DE59335-96CE-10CA-CDE5-FEC35E3549BB}
		{E47B2B19-B1DB-2FE2-B4B2-855C3C2C034A} = {2DE59335-96CE-10CA-CDE5-FEC35E3549BB}
		{DE9CB625-0E6A-F4C2-EFDA-84BE9C1DA94B} = {EAC80D00-01D2-3F49-A377-20B7154947F3}
		{A715F1AA-4A32-3A25-572A-E5B1FB63AA78} = {EAC80D00-01D2-3F49-A377-20B7154947F3}
		{639EBF6E-931C-45F2-A799-7E8B5209ADF3} = {EAC80D00-01D2-3F49-A377-20B7154947F3}
		{EF1E4970-C119-B0D7-F5D6-321C6AE66EDC} = {3E7FA5AF-27B3-2DE0-883C-12F98E7F4E81}
		{43807E9E-3D83-E8E4-8CD1-13E98FFC6045} = {89C816A7-DD31-D54C-C69C-5A80E0C49B77}
		{2DE59335-96CE-10CA-CDE5-FEC35E3549BB} = {89C816A7-DD31-D54C-C69C-5A80E0C49B77}
	EndGlobalSection
EndGlobal
