Microsoft Visual Studio Solution File, Format Version 10.00
# Visual Studio 2008
Project("{2150E333-8FDC-42A3-9474-1A3956D46DE8}") = "(allocator)", "..\..\base\allocator", "{6478B9F3-4858-63F4-35F4-98A303E305F3}"
EndProject
Project("{2150E333-8FDC-42A3-9474-1A3956D46DE8}") = "(base)", "..\..\ui\base", "{4D091BEB-A76B-E8AB-36FD-0A80BA9DE97D}"
EndProject
Project("{2150E333-8FDC-42A3-9474-1A3956D46DE8}") = "(base)", "..\..\base", "{9785FB75-982A-5DE3-252D-3F288B9FEF5B}"
EndProject
Project("{2150E333-8FDC-42A3-9474-1A3956D46DE8}") = "(build)", "..\..\build", "{BC1FC5DA-9C54-7D77-0BFF-DEDDFD7A8F6C}"
EndProject
Project("{2150E333-8FDC-42A3-9474-1A3956D46DE8}") = "(gyp)", "..\..\v8\tools\gyp", "{7FAA885C-04CF-4C6B-16F0-E9F0B44641AF}"
EndProject
Project("{2150E333-8FDC-42A3-9474-1A3956D46DE8}") = "(icu)", "..\..\third_party\icu", "{2DE59335-96CE-10CA-CDE5-FEC35E3549BB}"
EndProject
Project("{2150E333-8FDC-42A3-9474-1A3956D46DE8}") = "(libjpeg_turbo)", "..\..\third_party\libjpeg_turbo", "{A9EB8559-7015-13E0-0462-D9901FC693FD}"
EndProject
Project("{2150E333-8FDC-42A3-9474-1A3956D46DE8}") = "(net)", "..\..\net", "{96A8EC63-88DB-B85C-EEBC-43667C60DEB3}"
EndProject
Project("{2150E333-8FDC-42A3-9474-1A3956D46DE8}") = "(nss)", "..\..\net\third_party\nss", "{91989827-5B0C-52D9-1FE9-9553D672A5E7}"
EndProject
Project("{2150E333-8FDC-42A3-9474-1A3956D46DE8}") = "(nss)", "..\..\third_party\nss", "{CD014008-1CDB-809B-D770-C67A261539F7}"
EndProject
Project("{2150E333-8FDC-42A3-9474-1A3956D46DE8}") = "(skia)", "..\..\skia", "{5B17195B-58DF-4533-4FE7-D2747913694E}"
EndProject
Project("{2150E333-8FDC-42A3-9474-1A3956D46DE8}") = "(strings)", "..\..\ui\base\strings", "{C7F83F05-8335-05BC-FABC-52BB99106795}"
EndProject
Project("{2150E333-8FDC-42A3-9474-1A3956D46DE8}") = "(temp_gyp)", "..\..\build\temp_gyp", "{299D9456-929B-5224-943D-BFC2576C69EA}"
EndProject
Project("{2150E333-8FDC-42A3-9474-1A3956D46DE8}") = "(testing)", "..\..\testing", "{EAC80D00-01D2-3F49-A377-20B7154947F3}"
EndProject
Project("{2150E333-8FDC-42A3-9474-1A3956D46DE8}") = "(third_party)", "..\..\base\third_party", "{3E7FA5AF-27B3-2DE0-883C-12F98E7F4E81}"
EndProject
Project("{2150E333-8FDC-42A3-9474-1A3956D46DE8}") = "(third_party)", "..\..\net\third_party", "{5A566D8E-9FAB-ED62-0C7C-BD22FF9AF8A2}"
EndProject
Project("{2150E333-8FDC-42A3-9474-1A3956D46DE8}") = "(third_party)", "..\..\third_party", "{89C816A7-DD31-D54C-C69C-5A80E0C49B77}"
EndProject
Project("{2150E333-8FDC-42A3-9474-1A3956D46DE8}") = "(tools)", "..\..\v8\tools", "{E95778BD-E4AC-C3D0-84EF-83684E04593A}"
EndProject
Project("{2150E333-8FDC-42A3-9474-1A3956D46DE8}") = "(ui)", "..\..\ui", "{644B7826-0417-C19E-B1ED-C0BF73289DEE}"
EndProject
Project("{2150E333-8FDC-42A3-9474-1A3956D46DE8}") = "(v8)", "..\..\v8", "{F3545621-A177-A1E7-26DB-108FF716F075}"
EndProject
Project("{8BC9CEB8-8B4A-11D0-8D11-00A0C91BC942}") = "allocator_extension_thunks", "..\base\allocator\allocator_extension_thunks.vcproj", "{D80CDCBE-43C1-F5BF-E758-C5725F17A8C1}"
EndProject
Project("{8BC9CEB8-8B4A-11D0-8D11-00A0C91BC942}") = "base", "..\base\base.vcproj", "{0BFC078D-10E5-1E26-46A4-DD6A65D3A870}"
	ProjectSection(ProjectDependencies) = postProject
		{DE9CB625-0E6A-F4C2-EFDA-84BE9C1DA94B} = {DE9CB625-0E6A-F4C2-EFDA-84BE9C1DA94B}
	EndProjectSection
EndProject
Project("{8BC9CEB8-8B4A-11D0-8D11-00A0C91BC942}") = "base_i18n", "..\base\base_i18n.vcproj", "{9E201604-82A4-D058-C20E-40EFA0C8DD4C}"
EndProject
Project("{8BC9CEB8-8B4A-11D0-8D11-00A0C91BC942}") = "base_static", "..\base\base_static.vcproj", "{1B1B260C-1F5C-D07A-7D05-9D70F24BA0A8}"
EndProject
Project("{8BC9CEB8-8B4A-11D0-8D11-00A0C91BC942}") = "crypto", "..\crypto\crypto.vcproj", "{38B5A904-83DA-0F54-4AF1-ABEDD76AA98B}"
EndProject
Project("{8BC9CEB8-8B4A-11D0-8D11-00A0C91BC942}") = "dynamic_annotations", "..\base\third_party\dynamic_annotations\dynamic_annotations.vcproj", "{6D2E9365-C662-5EC3-2A65-AD7D1FF9FF69}"
EndProject
Project("{8BC9CEB8-8B4A-11D0-8D11-00A0C91BC942}") = "gfx_unittests", "gfx_unittests.vcproj", "{C55B8A95-0242-06B5-320C-A78BE0FD459E}"
	ProjectSection(ProjectDependencies) = postProject
		{B02B3D40-35D2-EE3D-9F6D-076A81417969} = {B02B3D40-35D2-EE3D-9F6D-076A81417969}
	EndProjectSection
EndProject
Project("{8BC9CEB8-8B4A-11D0-8D11-00A0C91BC942}") = "gmock", "..\testing\gmock.vcproj", "{A715F1AA-4A32-3A25-572A-E5B1FB63AA78}"
EndProject
Project("{8BC9CEB8-8B4A-11D0-8D11-00A0C91BC942}") = "googleurl", "..\build\temp_gyp\googleurl.vcproj", "{4D2BC45D-F97B-003C-C1C2-AD51D5DDEB28}"
	ProjectSection(ProjectDependencies) = postProject
		{E47B2B19-B1DB-2FE2-B4B2-855C3C2C034A} = {E47B2B19-B1DB-2FE2-B4B2-855C3C2C034A}
	EndProjectSection
EndProject
Project("{8BC9CEB8-8B4A-11D0-8D11-00A0C91BC942}") = "gtest", "..\testing\gtest.vcproj", "{639EBF6E-931C-45F2-A799-7E8B5209ADF3}"
	ProjectSection(ProjectDependencies) = postProject
		{DE9CB625-0E6A-F4C2-EFDA-84BE9C1DA94B} = {DE9CB625-0E6A-F4C2-EFDA-84BE9C1DA94B}
	EndProjectSection
EndProject
Project("{8BC9CEB8-8B4A-11D0-8D11-00A0C91BC942}") = "gtest_prod", "..\testing\gtest_prod.vcproj", "{DE9CB625-0E6A-F4C2-EFDA-84BE9C1DA94B}"
EndProject
Project("{8BC9CEB8-8B4A-11D0-8D11-00A0C91BC942}") = "icudata", "..\third_party\icu\icudata.vcproj", "{E47B2B19-B1DB-2FE2-B4B2-855C3C2C034A}"
EndProject
Project("{8BC9CEB8-8B4A-11D0-8D11-00A0C91BC942}") = "icui18n", "..\third_party\icu\icui18n.vcproj", "{68211F8F-DDD9-A40A-3660-695EA962F934}"
EndProject
Project("{8BC9CEB8-8B4A-11D0-8D11-00A0C91BC942}") = "icuuc", "..\third_party\icu\icuuc.vcproj", "{1025800C-CD3F-9517-9336-3CA36B16CD86}"
	ProjectSection(ProjectDependencies) = postProject
		{E47B2B19-B1DB-2FE2-B4B2-855C3C2C034A} = {E47B2B19-B1DB-2FE2-B4B2-855C3C2C034A}
	EndProjectSection
EndProject
Project("{8BC9CEB8-8B4A-11D0-8D11-00A0C91BC942}") = "js2c", "..\v8\tools\gyp\js2c.vcproj", "{82BC22B5-1D58-28BA-8735-58B591E1D154}"
EndProject
Project("{8BC9CEB8-8B4A-11D0-8D11-00A0C91BC942}") = "libjpeg", "..\third_party\libjpeg_turbo\libjpeg.vcproj", "{20C02F87-079A-3486-0F14-8CE834F46C96}"
EndProject
Project("{8BC9CEB8-8B4A-11D0-8D11-00A0C91BC942}") = "libpng", "..\third_party\libpng\libpng.vcproj", "{A506295C-CA51-F1BA-CF7F-A125A1248FFF}"
EndProject
Project("{8BC9CEB8-8B4A-11D0-8D11-00A0C91BC942}") = "libssl", "..\net\third_party\nss\libssl.vcproj", "{7E3FC946-87B4-E650-0771-93B8B9C9A1AE}"
EndProject
Project("{8BC9CEB8-8B4A-11D0-8D11-00A0C91BC942}") = "mksnapshot", "..\v8\tools\gyp\mksnapshot.vcproj", "{B27372DD-81D1-D54C-2730-8A99904230AA}"
	ProjectSection(ProjectDependencies) = postProject
		{688695F9-2D8C-62FD-E442-82C313303E2C} = {688695F9-2D8C-62FD-E442-82C313303E2C}
		{879286C0-3234-D14B-BB2C-32D4D1B809CE} = {879286C0-3234-D14B-BB2C-32D4D1B809CE}
		{82BC22B5-1D58-28BA-8735-58B591E1D154} = {82BC22B5-1D58-28BA-8735-58B591E1D154}
	EndProjectSection
EndProject
Project("{8BC9CEB8-8B4A-11D0-8D11-00A0C91BC942}") = "modp_b64", "..\third_party\modp_b64\modp_b64.vcproj", "{43807E9E-3D83-E8E4-8CD1-13E98FFC6045}"
EndProject
Project("{8BC9CEB8-8B4A-11D0-8D11-00A0C91BC942}") = "native_theme_resources", "native_theme_resources.vcproj", "{2F65EBEA-8FF3-349E-9DAB-341A41740ADB}"
EndProject
Project("{8BC9CEB8-8B4A-11D0-8D11-00A0C91BC942}") = "net", "..\net\net.vcproj", "{77B38372-DECC-9BFD-BDE7-AA07464BA34C}"
	ProjectSection(ProjectDependencies) = postProject
		{0DDC1AA2-9418-2337-6268-A7FC5212154C} = {0DDC1AA2-9418-2337-6268-A7FC5212154C}
		{77DD7F90-1E1B-2B83-6CD6-1D7D3AC100D5} = {77DD7F90-1E1B-2B83-6CD6-1D7D3AC100D5}
		{66FE90D0-8F39-7569-6EC3-65591C74DD39} = {66FE90D0-8F39-7569-6EC3-65591C74DD39}
	EndProjectSection
EndProject
Project("{8BC9CEB8-8B4A-11D0-8D11-00A0C91BC942}") = "net_resources", "..\net\net_resources.vcproj", "{77DD7F90-1E1B-2B83-6CD6-1D7D3AC100D5}"
EndProject
Project("{8BC9CEB8-8B4A-11D0-8D11-00A0C91BC942}") = "nspr", "..\third_party\nss\nspr.vcproj", "{DA6CD78F-6A80-A996-547D-2404C4E2371B}"
EndProject
Project("{8BC9CEB8-8B4A-11D0-8D11-00A0C91BC942}") = "nss", "..\third_party\nss\nss.vcproj", "{734E8BCE-B176-FFC7-D86A-3A843A26342E}"
EndProject
Project("{8BC9CEB8-8B4A-11D0-8D11-00A0C91BC942}") = "sdch", "..\sdch\sdch.vcproj", "{1B3D36AF-86C0-5997-A298-6865DF64196D}"
EndProject
Project("{8BC9CEB8-8B4A-11D0-8D11-00A0C91BC942}") = "sfntly", "..\third_party\sfntly\sfntly.vcproj", "{A50EF674-2788-FD77-664F-9C15C73B56AC}"
EndProject
Project("{8BC9CEB8-8B4A-11D0-8D11-00A0C91BC942}") = "skia", "..\skia\skia.vcproj", "{3D9E1C1F-A68D-9C2F-026D-9E83E2DF28A2}"
EndProject
Project("{8BC9CEB8-8B4A-11D0-8D11-00A0C91BC942}") = "skia_opts", "..\skia\skia_opts.vcproj", "{71309F2F-CA6B-BD48-4995-6A84EB984622}"
EndProject
Project("{8BC9CEB8-8B4A-11D0-8D11-00A0C91BC942}") = "skia_opts_ssse3", "..\skia\skia_opts_ssse3.vcproj", "{C387FBF7-69A7-E17F-95B7-BE5E3C51719F}"
EndProject
Project("{8BC9CEB8-8B4A-11D0-8D11-00A0C91BC942}") = "sqlite", "..\third_party\sqlite\sqlite.vcproj", "{7DE7ED4E-7FE0-35A0-BE1C-8AD232EC77B6}"
EndProject
Project("{8BC9CEB8-8B4A-11D0-8D11-00A0C91BC942}") = "test_support_base", "..\base\test_support_base.vcproj", "{1846F110-8263-413F-9924-36F64DD8FE41}"
EndProject
Project("{8BC9CEB8-8B4A-11D0-8D11-00A0C91BC942}") = "tld_cleanup", "..\net\tld_cleanup.vcproj", "{66FE90D0-8F39-7569-6EC3-65591C74DD39}"
	ProjectSection(ProjectDependencies) = postProject
		{0BFC078D-10E5-1E26-46A4-DD6A65D3A870} = {0BFC078D-10E5-1E26-46A4-DD6A65D3A870}
		{9E201604-82A4-D058-C20E-40EFA0C8DD4C} = {9E201604-82A4-D058-C20E-40EFA0C8DD4C}
		{4D2BC45D-F97B-003C-C1C2-AD51D5DDEB28} = {4D2BC45D-F97B-003C-C1C2-AD51D5DDEB28}
		{1B1B260C-1F5C-D07A-7D05-9D70F24BA0A8} = {1B1B260C-1F5C-D07A-7D05-9D70F24BA0A8}
		{D80CDCBE-43C1-F5BF-E758-C5725F17A8C1} = {D80CDCBE-43C1-F5BF-E758-C5725F17A8C1}
		{DE9CB625-0E6A-F4C2-EFDA-84BE9C1DA94B} = {DE9CB625-0E6A-F4C2-EFDA-84BE9C1DA94B}
		{43807E9E-3D83-E8E4-8CD1-13E98FFC6045} = {43807E9E-3D83-E8E4-8CD1-13E98FFC6045}
		{6D2E9365-C662-5EC3-2A65-AD7D1FF9FF69} = {6D2E9365-C662-5EC3-2A65-AD7D1FF9FF69}
		{68211F8F-DDD9-A40A-3660-695EA962F934} = {68211F8F-DDD9-A40A-3660-695EA962F934}
		{1025800C-CD3F-9517-9336-3CA36B16CD86} = {1025800C-CD3F-9517-9336-3CA36B16CD86}
		{E47B2B19-B1DB-2FE2-B4B2-855C3C2C034A} = {E47B2B19-B1DB-2FE2-B4B2-855C3C2C034A}
	EndProjectSection
EndProject
Project("{8BC9CEB8-8B4A-11D0-8D11-00A0C91BC942}") = "ui", "ui.vcproj", "{07AC0174-9F23-1498-B060-0C25D66B1814}"
	ProjectSection(ProjectDependencies) = postProject
		{688C1FFA-9285-0352-F43B-E5D7666D75DE} = {688C1FFA-9285-0352-F43B-E5D7666D75DE}
		{2F65EBEA-8FF3-349E-9DAB-341A41740ADB} = {2F65EBEA-8FF3-349E-9DAB-341A41740ADB}
	EndProjectSection
EndProject
Project("{8BC9CEB8-8B4A-11D0-8D11-00A0C91BC942}") = "ui_resources", "ui_resources.vcproj", "{1C497AA9-3986-350E-3E5E-DE84F85319D2}"
EndProject
Project("{8BC9CEB8-8B4A-11D0-8D11-00A0C91BC942}") = "ui_resources_2x", "ui_resources_2x.vcproj", "{DEB776F9-19BC-94E9-ECA1-61E2A7D1DC97}"
EndProject
Project("{8BC9CEB8-8B4A-11D0-8D11-00A0C91BC942}") = "ui_resources_standard", "ui_resources_standard.vcproj", "{156DB045-A6EE-C3DD-C33E-12DD1313253E}"
EndProject
Project("{8BC9CEB8-8B4A-11D0-8D11-00A0C91BC942}") = "ui_resources_touch", "ui_resources_touch.vcproj", "{D99598C0-46D1-1023-B4F3-49C9C6140D60}"
EndProject
Project("{8BC9CEB8-8B4A-11D0-8D11-00A0C91BC942}") = "ui_strings", "base\strings\ui_strings.vcproj", "{688C1FFA-9285-0352-F43B-E5D7666D75DE}"
EndProject
Project("{8BC9CEB8-8B4A-11D0-8D11-00A0C91BC942}") = "ui_test_support", "ui_test_support.vcproj", "{366C19E0-FDBD-5756-38A6-351544324B18}"
EndProject
Project("{8BC9CEB8-8B4A-11D0-8D11-00A0C91BC942}") = "ui_unittests", "ui_unittests.vcproj", "{B02B3D40-35D2-EE3D-9F6D-076A81417969}"
	ProjectSection(ProjectDependencies) = postProject
		{0BFC078D-10E5-1E26-46A4-DD6A65D3A870} = {0BFC078D-10E5-1E26-46A4-DD6A65D3A870}
		{1846F110-8263-413F-9924-36F64DD8FE41} = {1846F110-8263-413F-9924-36F64DD8FE41}
		{4D2BC45D-F97B-003C-C1C2-AD51D5DDEB28} = {4D2BC45D-F97B-003C-C1C2-AD51D5DDEB28}
		{3D9E1C1F-A68D-9C2F-026D-9E83E2DF28A2} = {3D9E1C1F-A68D-9C2F-026D-9E83E2DF28A2}
		{A715F1AA-4A32-3A25-572A-E5B1FB63AA78} = {A715F1AA-4A32-3A25-572A-E5B1FB63AA78}
		{639EBF6E-931C-45F2-A799-7E8B5209ADF3} = {639EBF6E-931C-45F2-A799-7E8B5209ADF3}
		{68211F8F-DDD9-A40A-3660-695EA962F934} = {68211F8F-DDD9-A40A-3660-695EA962F934}
		{1025800C-CD3F-9517-9336-3CA36B16CD86} = {1025800C-CD3F-9517-9336-3CA36B16CD86}
		{A506295C-CA51-F1BA-CF7F-A125A1248FFF} = {A506295C-CA51-F1BA-CF7F-A125A1248FFF}
		{2F65EBEA-8FF3-349E-9DAB-341A41740ADB} = {2F65EBEA-8FF3-349E-9DAB-341A41740ADB}
		{07AC0174-9F23-1498-B060-0C25D66B1814} = {07AC0174-9F23-1498-B060-0C25D66B1814}
		{366C19E0-FDBD-5756-38A6-351544324B18} = {366C19E0-FDBD-5756-38A6-351544324B18}
		{1B1B260C-1F5C-D07A-7D05-9D70F24BA0A8} = {1B1B260C-1F5C-D07A-7D05-9D70F24BA0A8}
		{D80CDCBE-43C1-F5BF-E758-C5725F17A8C1} = {D80CDCBE-43C1-F5BF-E758-C5725F17A8C1}
		{DE9CB625-0E6A-F4C2-EFDA-84BE9C1DA94B} = {DE9CB625-0E6A-F4C2-EFDA-84BE9C1DA94B}
		{43807E9E-3D83-E8E4-8CD1-13E98FFC6045} = {43807E9E-3D83-E8E4-8CD1-13E98FFC6045}
		{6D2E9365-C662-5EC3-2A65-AD7D1FF9FF69} = {6D2E9365-C662-5EC3-2A65-AD7D1FF9FF69}
		{9E201604-82A4-D058-C20E-40EFA0C8DD4C} = {9E201604-82A4-D058-C20E-40EFA0C8DD4C}
		{E47B2B19-B1DB-2FE2-B4B2-855C3C2C034A} = {E47B2B19-B1DB-2FE2-B4B2-855C3C2C034A}
		{71309F2F-CA6B-BD48-4995-6A84EB984622} = {71309F2F-CA6B-BD48-4995-6A84EB984622}
		{C387FBF7-69A7-E17F-95B7-BE5E3C51719F} = {C387FBF7-69A7-E17F-95B7-BE5E3C51719F}
		{A50EF674-2788-FD77-664F-9C15C73B56AC} = {A50EF674-2788-FD77-664F-9C15C73B56AC}
		{E798F469-96F1-BC24-1ABE-D8C3C25A40B5} = {E798F469-96F1-BC24-1ABE-D8C3C25A40B5}
		{77B38372-DECC-9BFD-BDE7-AA07464BA34C} = {77B38372-DECC-9BFD-BDE7-AA07464BA34C}
		{38B5A904-83DA-0F54-4AF1-ABEDD76AA98B} = {38B5A904-83DA-0F54-4AF1-ABEDD76AA98B}
		{DA6CD78F-6A80-A996-547D-2404C4E2371B} = {DA6CD78F-6A80-A996-547D-2404C4E2371B}
		{734E8BCE-B176-FFC7-D86A-3A843A26342E} = {734E8BCE-B176-FFC7-D86A-3A843A26342E}
		{7DE7ED4E-7FE0-35A0-BE1C-8AD232EC77B6} = {7DE7ED4E-7FE0-35A0-BE1C-8AD232EC77B6}
		{1B3D36AF-86C0-5997-A298-6865DF64196D} = {1B3D36AF-86C0-5997-A298-6865DF64196D}
		{0DDC1AA2-9418-2337-6268-A7FC5212154C} = {0DDC1AA2-9418-2337-6268-A7FC5212154C}
		{688695F9-2D8C-62FD-E442-82C313303E2C} = {688695F9-2D8C-62FD-E442-82C313303E2C}
		{6B52D8DC-D637-A223-A5D6-5D398661A1A1} = {6B52D8DC-D637-A223-A5D6-5D398661A1A1}
		{82BC22B5-1D58-28BA-8735-58B591E1D154} = {82BC22B5-1D58-28BA-8735-58B591E1D154}
		{77DD7F90-1E1B-2B83-6CD6-1D7D3AC100D5} = {77DD7F90-1E1B-2B83-6CD6-1D7D3AC100D5}
		{7E3FC946-87B4-E650-0771-93B8B9C9A1AE} = {7E3FC946-87B4-E650-0771-93B8B9C9A1AE}
		{688C1FFA-9285-0352-F43B-E5D7666D75DE} = {688C1FFA-9285-0352-F43B-E5D7666D75DE}
		{20C02F87-079A-3486-0F14-8CE834F46C96} = {20C02F87-079A-3486-0F14-8CE834F46C96}
	EndProjectSection
EndProject
Project("{8BC9CEB8-8B4A-11D0-8D11-00A0C91BC942}") = "v8", "..\v8\tools\gyp\v8.vcproj", "{0DDC1AA2-9418-2337-6268-A7FC5212154C}"
	ProjectSection(ProjectDependencies) = postProject
		{688695F9-2D8C-62FD-E442-82C313303E2C} = {688695F9-2D8C-62FD-E442-82C313303E2C}
		{6B52D8DC-D637-A223-A5D6-5D398661A1A1} = {6B52D8DC-D637-A223-A5D6-5D398661A1A1}
	EndProjectSection
EndProject
Project("{8BC9CEB8-8B4A-11D0-8D11-00A0C91BC942}") = "v8_base", "..\v8\tools\gyp\v8_base.vcproj", "{688695F9-2D8C-62FD-E442-82C313303E2C}"
EndProject
Project("{8BC9CEB8-8B4A-11D0-8D11-00A0C91BC942}") = "v8_nosnapshot", "..\v8\tools\gyp\v8_nosnapshot.vcproj", "{879286C0-3234-D14B-BB2C-32D4D1B809CE}"
	ProjectSection(ProjectDependencies) = postProject
		{82BC22B5-1D58-28BA-8735-58B591E1D154} = {82BC22B5-1D58-28BA-8735-58B591E1D154}
	EndProjectSection
EndProject
Project("{8BC9CEB8-8B4A-11D0-8D11-00A0C91BC942}") = "v8_snapshot", "..\v8\tools\gyp\v8_snapshot.vcproj", "{6B52D8DC-D637-A223-A5D6-5D398661A1A1}"
	ProjectSection(ProjectDependencies) = postProject
		{B27372DD-81D1-D54C-2730-8A99904230AA} = {B27372DD-81D1-D54C-2730-8A99904230AA}
		{82BC22B5-1D58-28BA-8735-58B591E1D154} = {82BC22B5-1D58-28BA-8735-58B591E1D154}
	EndProjectSection
EndProject
Project("{8BC9CEB8-8B4A-11D0-8D11-00A0C91BC942}") = "zlib", "..\third_party\zlib\zlib.vcproj", "{E798F469-96F1-BC24-1ABE-D8C3C25A40B5}"
EndProject
Global
	GlobalSection(SolutionConfigurationPlatforms) = preSolution
		Release|x64 = Release|x64
		Debug|Win32 = Debug|Win32
		Debug|x64 = Debug|x64
		Release|Win32 = Release|Win32
	EndGlobalSection
	GlobalSection(ProjectConfigurationPlatforms) = postSolution
		{07AC0174-9F23-1498-B060-0C25D66B1814}.Release|x64.ActiveCfg = Release|x64
		{07AC0174-9F23-1498-B060-0C25D66B1814}.Release|x64.Build.0 = Release|x64
		{07AC0174-9F23-1498-B060-0C25D66B1814}.Debug|Win32.ActiveCfg = Debug|Win32
		{07AC0174-9F23-1498-B060-0C25D66B1814}.Debug|Win32.Build.0 = Debug|Win32
		{07AC0174-9F23-1498-B060-0C25D66B1814}.Debug|x64.ActiveCfg = Debug|x64
		{07AC0174-9F23-1498-B060-0C25D66B1814}.Debug|x64.Build.0 = Debug|x64
		{07AC0174-9F23-1498-B060-0C25D66B1814}.Release|Win32.ActiveCfg = Release|Win32
		{07AC0174-9F23-1498-B060-0C25D66B1814}.Release|Win32.Build.0 = Release|Win32
		{0BFC078D-10E5-1E26-46A4-DD6A65D3A870}.Release|x64.ActiveCfg = Release|x64
		{0BFC078D-10E5-1E26-46A4-DD6A65D3A870}.Release|x64.Build.0 = Release|x64
		{0BFC078D-10E5-1E26-46A4-DD6A65D3A870}.Debug|Win32.ActiveCfg = Debug|Win32
		{0BFC078D-10E5-1E26-46A4-DD6A65D3A870}.Debug|Win32.Build.0 = Debug|Win32
		{0BFC078D-10E5-1E26-46A4-DD6A65D3A870}.Debug|x64.ActiveCfg = Debug|x64
		{0BFC078D-10E5-1E26-46A4-DD6A65D3A870}.Debug|x64.Build.0 = Debug|x64
		{0BFC078D-10E5-1E26-46A4-DD6A65D3A870}.Release|Win32.ActiveCfg = Release|Win32
		{0BFC078D-10E5-1E26-46A4-DD6A65D3A870}.Release|Win32.Build.0 = Release|Win32
		{0DDC1AA2-9418-2337-6268-A7FC5212154C}.Release|x64.ActiveCfg = Release|x64
		{0DDC1AA2-9418-2337-6268-A7FC5212154C}.Release|x64.Build.0 = Release|x64
		{0DDC1AA2-9418-2337-6268-A7FC5212154C}.Debug|Win32.ActiveCfg = Debug|Win32
		{0DDC1AA2-9418-2337-6268-A7FC5212154C}.Debug|Win32.Build.0 = Debug|Win32
		{0DDC1AA2-9418-2337-6268-A7FC5212154C}.Debug|x64.ActiveCfg = Debug|x64
		{0DDC1AA2-9418-2337-6268-A7FC5212154C}.Debug|x64.Build.0 = Debug|x64
		{0DDC1AA2-9418-2337-6268-A7FC5212154C}.Release|Win32.ActiveCfg = Release|Win32
		{0DDC1AA2-9418-2337-6268-A7FC5212154C}.Release|Win32.Build.0 = Release|Win32
		{1025800C-CD3F-9517-9336-3CA36B16CD86}.Release|x64.ActiveCfg = Release|x64
		{1025800C-CD3F-9517-9336-3CA36B16CD86}.Release|x64.Build.0 = Release|x64
		{1025800C-CD3F-9517-9336-3CA36B16CD86}.Debug|Win32.ActiveCfg = Debug|Win32
		{1025800C-CD3F-9517-9336-3CA36B16CD86}.Debug|Win32.Build.0 = Debug|Win32
		{1025800C-CD3F-9517-9336-3CA36B16CD86}.Debug|x64.ActiveCfg = Debug|x64
		{1025800C-CD3F-9517-9336-3CA36B16CD86}.Debug|x64.Build.0 = Debug|x64
		{1025800C-CD3F-9517-9336-3CA36B16CD86}.Release|Win32.ActiveCfg = Release|Win32
		{1025800C-CD3F-9517-9336-3CA36B16CD86}.Release|Win32.Build.0 = Release|Win32
		{156DB045-A6EE-C3DD-C33E-12DD1313253E}.Release|x64.ActiveCfg = Release|x64
		{156DB045-A6EE-C3DD-C33E-12DD1313253E}.Release|x64.Build.0 = Release|x64
		{156DB045-A6EE-C3DD-C33E-12DD1313253E}.Debug|Win32.ActiveCfg = Debug|Win32
		{156DB045-A6EE-C3DD-C33E-12DD1313253E}.Debug|Win32.Build.0 = Debug|Win32
		{156DB045-A6EE-C3DD-C33E-12DD1313253E}.Debug|x64.ActiveCfg = Debug|x64
		{156DB045-A6EE-C3DD-C33E-12DD1313253E}.Debug|x64.Build.0 = Debug|x64
		{156DB045-A6EE-C3DD-C33E-12DD1313253E}.Release|Win32.ActiveCfg = Release|Win32
		{156DB045-A6EE-C3DD-C33E-12DD1313253E}.Release|Win32.Build.0 = Release|Win32
		{1846F110-8263-413F-9924-36F64DD8FE41}.Release|x64.ActiveCfg = Release|x64
		{1846F110-8263-413F-9924-36F64DD8FE41}.Release|x64.Build.0 = Release|x64
		{1846F110-8263-413F-9924-36F64DD8FE41}.Debug|Win32.ActiveCfg = Debug|Win32
		{1846F110-8263-413F-9924-36F64DD8FE41}.Debug|Win32.Build.0 = Debug|Win32
		{1846F110-8263-413F-9924-36F64DD8FE41}.Debug|x64.ActiveCfg = Debug|x64
		{1846F110-8263-413F-9924-36F64DD8FE41}.Debug|x64.Build.0 = Debug|x64
		{1846F110-8263-413F-9924-36F64DD8FE41}.Release|Win32.ActiveCfg = Release|Win32
		{1846F110-8263-413F-9924-36F64DD8FE41}.Release|Win32.Build.0 = Release|Win32
		{1B1B260C-1F5C-D07A-7D05-9D70F24BA0A8}.Release|x64.ActiveCfg = Release|x64
		{1B1B260C-1F5C-D07A-7D05-9D70F24BA0A8}.Release|x64.Build.0 = Release|x64
		{1B1B260C-1F5C-D07A-7D05-9D70F24BA0A8}.Debug|Win32.ActiveCfg = Debug|Win32
		{1B1B260C-1F5C-D07A-7D05-9D70F24BA0A8}.Debug|Win32.Build.0 = Debug|Win32
		{1B1B260C-1F5C-D07A-7D05-9D70F24BA0A8}.Debug|x64.ActiveCfg = Debug|x64
		{1B1B260C-1F5C-D07A-7D05-9D70F24BA0A8}.Debug|x64.Build.0 = Debug|x64
		{1B1B260C-1F5C-D07A-7D05-9D70F24BA0A8}.Release|Win32.ActiveCfg = Release|Win32
		{1B1B260C-1F5C-D07A-7D05-9D70F24BA0A8}.Release|Win32.Build.0 = Release|Win32
		{1B3D36AF-86C0-5997-A298-6865DF64196D}.Release|x64.ActiveCfg = Release|x64
		{1B3D36AF-86C0-5997-A298-6865DF64196D}.Release|x64.Build.0 = Release|x64
		{1B3D36AF-86C0-5997-A298-6865DF64196D}.Debug|Win32.ActiveCfg = Debug|Win32
		{1B3D36AF-86C0-5997-A298-6865DF64196D}.Debug|Win32.Build.0 = Debug|Win32
		{1B3D36AF-86C0-5997-A298-6865DF64196D}.Debug|x64.ActiveCfg = Debug|x64
		{1B3D36AF-86C0-5997-A298-6865DF64196D}.Debug|x64.Build.0 = Debug|x64
		{1B3D36AF-86C0-5997-A298-6865DF64196D}.Release|Win32.ActiveCfg = Release|Win32
		{1B3D36AF-86C0-5997-A298-6865DF64196D}.Release|Win32.Build.0 = Release|Win32
		{1C497AA9-3986-350E-3E5E-DE84F85319D2}.Release|x64.ActiveCfg = Release|x64
		{1C497AA9-3986-350E-3E5E-DE84F85319D2}.Release|x64.Build.0 = Release|x64
		{1C497AA9-3986-350E-3E5E-DE84F85319D2}.Debug|Win32.ActiveCfg = Debug|Win32
		{1C497AA9-3986-350E-3E5E-DE84F85319D2}.Debug|Win32.Build.0 = Debug|Win32
		{1C497AA9-3986-350E-3E5E-DE84F85319D2}.Debug|x64.ActiveCfg = Debug|x64
		{1C497AA9-3986-350E-3E5E-DE84F85319D2}.Debug|x64.Build.0 = Debug|x64
		{1C497AA9-3986-350E-3E5E-DE84F85319D2}.Release|Win32.ActiveCfg = Release|Win32
		{1C497AA9-3986-350E-3E5E-DE84F85319D2}.Release|Win32.Build.0 = Release|Win32
		{20C02F87-079A-3486-0F14-8CE834F46C96}.Release|x64.ActiveCfg = Release|x64
		{20C02F87-079A-3486-0F14-8CE834F46C96}.Release|x64.Build.0 = Release|x64
		{20C02F87-079A-3486-0F14-8CE834F46C96}.Debug|Win32.ActiveCfg = Debug|Win32
		{20C02F87-079A-3486-0F14-8CE834F46C96}.Debug|Win32.Build.0 = Debug|Win32
		{20C02F87-079A-3486-0F14-8CE834F46C96}.Debug|x64.ActiveCfg = Debug|x64
		{20C02F87-079A-3486-0F14-8CE834F46C96}.Debug|x64.Build.0 = Debug|x64
		{20C02F87-079A-3486-0F14-8CE834F46C96}.Release|Win32.ActiveCfg = Release|Win32
		{20C02F87-079A-3486-0F14-8CE834F46C96}.Release|Win32.Build.0 = Release|Win32
		{2F65EBEA-8FF3-349E-9DAB-341A41740ADB}.Release|x64.ActiveCfg = Release|x64
		{2F65EBEA-8FF3-349E-9DAB-341A41740ADB}.Release|x64.Build.0 = Release|x64
		{2F65EBEA-8FF3-349E-9DAB-341A41740ADB}.Debug|Win32.ActiveCfg = Debug|Win32
		{2F65EBEA-8FF3-349E-9DAB-341A41740ADB}.Debug|Win32.Build.0 = Debug|Win32
		{2F65EBEA-8FF3-349E-9DAB-341A41740ADB}.Debug|x64.ActiveCfg = Debug|x64
		{2F65EBEA-8FF3-349E-9DAB-341A41740ADB}.Debug|x64.Build.0 = Debug|x64
		{2F65EBEA-8FF3-349E-9DAB-341A41740ADB}.Release|Win32.ActiveCfg = Release|Win32
		{2F65EBEA-8FF3-349E-9DAB-341A41740ADB}.Release|Win32.Build.0 = Release|Win32
		{366C19E0-FDBD-5756-38A6-351544324B18}.Release|x64.ActiveCfg = Release|x64
		{366C19E0-FDBD-5756-38A6-351544324B18}.Release|x64.Build.0 = Release|x64
		{366C19E0-FDBD-5756-38A6-351544324B18}.Debug|Win32.ActiveCfg = Debug|Win32
		{366C19E0-FDBD-5756-38A6-351544324B18}.Debug|Win32.Build.0 = Debug|Win32
		{366C19E0-FDBD-5756-38A6-351544324B18}.Debug|x64.ActiveCfg = Debug|x64
		{366C19E0-FDBD-5756-38A6-351544324B18}.Debug|x64.Build.0 = Debug|x64
		{366C19E0-FDBD-5756-38A6-351544324B18}.Release|Win32.ActiveCfg = Release|Win32
		{366C19E0-FDBD-5756-38A6-351544324B18}.Release|Win32.Build.0 = Release|Win32
		{38B5A904-83DA-0F54-4AF1-ABEDD76AA98B}.Release|x64.ActiveCfg = Release|x64
		{38B5A904-83DA-0F54-4AF1-ABEDD76AA98B}.Release|x64.Build.0 = Release|x64
		{38B5A904-83DA-0F54-4AF1-ABEDD76AA98B}.Debug|Win32.ActiveCfg = Debug|Win32
		{38B5A904-83DA-0F54-4AF1-ABEDD76AA98B}.Debug|Win32.Build.0 = Debug|Win32
		{38B5A904-83DA-0F54-4AF1-ABEDD76AA98B}.Debug|x64.ActiveCfg = Debug|x64
		{38B5A904-83DA-0F54-4AF1-ABEDD76AA98B}.Debug|x64.Build.0 = Debug|x64
		{38B5A904-83DA-0F54-4AF1-ABEDD76AA98B}.Release|Win32.ActiveCfg = Release|Win32
		{38B5A904-83DA-0F54-4AF1-ABEDD76AA98B}.Release|Win32.Build.0 = Release|Win32
		{3D9E1C1F-A68D-9C2F-026D-9E83E2DF28A2}.Release|x64.ActiveCfg = Release|x64
		{3D9E1C1F-A68D-9C2F-026D-9E83E2DF28A2}.Release|x64.Build.0 = Release|x64
		{3D9E1C1F-A68D-9C2F-026D-9E83E2DF28A2}.Debug|Win32.ActiveCfg = Debug|Win32
		{3D9E1C1F-A68D-9C2F-026D-9E83E2DF28A2}.Debug|Win32.Build.0 = Debug|Win32
		{3D9E1C1F-A68D-9C2F-026D-9E83E2DF28A2}.Debug|x64.ActiveCfg = Debug|x64
		{3D9E1C1F-A68D-9C2F-026D-9E83E2DF28A2}.Debug|x64.Build.0 = Debug|x64
		{3D9E1C1F-A68D-9C2F-026D-9E83E2DF28A2}.Release|Win32.ActiveCfg = Release|Win32
		{3D9E1C1F-A68D-9C2F-026D-9E83E2DF28A2}.Release|Win32.Build.0 = Release|Win32
		{43807E9E-3D83-E8E4-8CD1-13E98FFC6045}.Release|x64.ActiveCfg = Release|x64
		{43807E9E-3D83-E8E4-8CD1-13E98FFC6045}.Release|x64.Build.0 = Release|x64
		{43807E9E-3D83-E8E4-8CD1-13E98FFC6045}.Debug|Win32.ActiveCfg = Debug|Win32
		{43807E9E-3D83-E8E4-8CD1-13E98FFC6045}.Debug|Win32.Build.0 = Debug|Win32
		{43807E9E-3D83-E8E4-8CD1-13E98FFC6045}.Debug|x64.ActiveCfg = Debug|x64
		{43807E9E-3D83-E8E4-8CD1-13E98FFC6045}.Debug|x64.Build.0 = Debug|x64
		{43807E9E-3D83-E8E4-8CD1-13E98FFC6045}.Release|Win32.ActiveCfg = Release|Win32
		{43807E9E-3D83-E8E4-8CD1-13E98FFC6045}.Release|Win32.Build.0 = Release|Win32
		{4D2BC45D-F97B-003C-C1C2-AD51D5DDEB28}.Release|x64.ActiveCfg = Release|x64
		{4D2BC45D-F97B-003C-C1C2-AD51D5DDEB28}.Release|x64.Build.0 = Release|x64
		{4D2BC45D-F97B-003C-C1C2-AD51D5DDEB28}.Debug|Win32.ActiveCfg = Debug|Win32
		{4D2BC45D-F97B-003C-C1C2-AD51D5DDEB28}.Debug|Win32.Build.0 = Debug|Win32
		{4D2BC45D-F97B-003C-C1C2-AD51D5DDEB28}.Debug|x64.ActiveCfg = Debug|x64
		{4D2BC45D-F97B-003C-C1C2-AD51D5DDEB28}.Debug|x64.Build.0 = Debug|x64
		{4D2BC45D-F97B-003C-C1C2-AD51D5DDEB28}.Release|Win32.ActiveCfg = Release|Win32
		{4D2BC45D-F97B-003C-C1C2-AD51D5DDEB28}.Release|Win32.Build.0 = Release|Win32
		{639EBF6E-931C-45F2-A799-7E8B5209ADF3}.Release|x64.ActiveCfg = Release|x64
		{639EBF6E-931C-45F2-A799-7E8B5209ADF3}.Release|x64.Build.0 = Release|x64
		{639EBF6E-931C-45F2-A799-7E8B5209ADF3}.Debug|Win32.ActiveCfg = Debug|Win32
		{639EBF6E-931C-45F2-A799-7E8B5209ADF3}.Debug|Win32.Build.0 = Debug|Win32
		{639EBF6E-931C-45F2-A799-7E8B5209ADF3}.Debug|x64.ActiveCfg = Debug|x64
		{639EBF6E-931C-45F2-A799-7E8B5209ADF3}.Debug|x64.Build.0 = Debug|x64
		{639EBF6E-931C-45F2-A799-7E8B5209ADF3}.Release|Win32.ActiveCfg = Release|Win32
		{639EBF6E-931C-45F2-A799-7E8B5209ADF3}.Release|Win32.Build.0 = Release|Win32
		{66FE90D0-8F39-7569-6EC3-65591C74DD39}.Release|x64.ActiveCfg = Release|x64
		{66FE90D0-8F39-7569-6EC3-65591C74DD39}.Release|x64.Build.0 = Release|x64
		{66FE90D0-8F39-7569-6EC3-65591C74DD39}.Debug|Win32.ActiveCfg = Debug|Win32
		{66FE90D0-8F39-7569-6EC3-65591C74DD39}.Debug|Win32.Build.0 = Debug|Win32
		{66FE90D0-8F39-7569-6EC3-65591C74DD39}.Debug|x64.ActiveCfg = Debug|x64
		{66FE90D0-8F39-7569-6EC3-65591C74DD39}.Debug|x64.Build.0 = Debug|x64
		{66FE90D0-8F39-7569-6EC3-65591C74DD39}.Release|Win32.ActiveCfg = Release|Win32
		{66FE90D0-8F39-7569-6EC3-65591C74DD39}.Release|Win32.Build.0 = Release|Win32
		{68211F8F-DDD9-A40A-3660-695EA962F934}.Release|x64.ActiveCfg = Release|x64
		{68211F8F-DDD9-A40A-3660-695EA962F934}.Release|x64.Build.0 = Release|x64
		{68211F8F-DDD9-A40A-3660-695EA962F934}.Debug|Win32.ActiveCfg = Debug|Win32
		{68211F8F-DDD9-A40A-3660-695EA962F934}.Debug|Win32.Build.0 = Debug|Win32
		{68211F8F-DDD9-A40A-3660-695EA962F934}.Debug|x64.ActiveCfg = Debug|x64
		{68211F8F-DDD9-A40A-3660-695EA962F934}.Debug|x64.Build.0 = Debug|x64
		{68211F8F-DDD9-A40A-3660-695EA962F934}.Release|Win32.ActiveCfg = Release|Win32
		{68211F8F-DDD9-A40A-3660-695EA962F934}.Release|Win32.Build.0 = Release|Win32
		{688695F9-2D8C-62FD-E442-82C313303E2C}.Release|x64.ActiveCfg = Release|x64
		{688695F9-2D8C-62FD-E442-82C313303E2C}.Release|x64.Build.0 = Release|x64
		{688695F9-2D8C-62FD-E442-82C313303E2C}.Debug|Win32.ActiveCfg = Debug|Win32
		{688695F9-2D8C-62FD-E442-82C313303E2C}.Debug|Win32.Build.0 = Debug|Win32
		{688695F9-2D8C-62FD-E442-82C313303E2C}.Debug|x64.ActiveCfg = Debug|x64
		{688695F9-2D8C-62FD-E442-82C313303E2C}.Debug|x64.Build.0 = Debug|x64
		{688695F9-2D8C-62FD-E442-82C313303E2C}.Release|Win32.ActiveCfg = Release|Win32
		{688695F9-2D8C-62FD-E442-82C313303E2C}.Release|Win32.Build.0 = Release|Win32
		{688C1FFA-9285-0352-F43B-E5D7666D75DE}.Release|x64.ActiveCfg = Release|x64
		{688C1FFA-9285-0352-F43B-E5D7666D75DE}.Release|x64.Build.0 = Release|x64
		{688C1FFA-9285-0352-F43B-E5D7666D75DE}.Debug|Win32.ActiveCfg = Debug|Win32
		{688C1FFA-9285-0352-F43B-E5D7666D75DE}.Debug|Win32.Build.0 = Debug|Win32
		{688C1FFA-9285-0352-F43B-E5D7666D75DE}.Debug|x64.ActiveCfg = Debug|x64
		{688C1FFA-9285-0352-F43B-E5D7666D75DE}.Debug|x64.Build.0 = Debug|x64
		{688C1FFA-9285-0352-F43B-E5D7666D75DE}.Release|Win32.ActiveCfg = Release|Win32
		{688C1FFA-9285-0352-F43B-E5D7666D75DE}.Release|Win32.Build.0 = Release|Win32
		{6B52D8DC-D637-A223-A5D6-5D398661A1A1}.Release|x64.ActiveCfg = Release|x64
		{6B52D8DC-D637-A223-A5D6-5D398661A1A1}.Release|x64.Build.0 = Release|x64
		{6B52D8DC-D637-A223-A5D6-5D398661A1A1}.Debug|Win32.ActiveCfg = Debug|Win32
		{6B52D8DC-D637-A223-A5D6-5D398661A1A1}.Debug|Win32.Build.0 = Debug|Win32
		{6B52D8DC-D637-A223-A5D6-5D398661A1A1}.Debug|x64.ActiveCfg = Debug|x64
		{6B52D8DC-D637-A223-A5D6-5D398661A1A1}.Debug|x64.Build.0 = Debug|x64
		{6B52D8DC-D637-A223-A5D6-5D398661A1A1}.Release|Win32.ActiveCfg = Release|Win32
		{6B52D8DC-D637-A223-A5D6-5D398661A1A1}.Release|Win32.Build.0 = Release|Win32
		{6D2E9365-C662-5EC3-2A65-AD7D1FF9FF69}.Release|x64.ActiveCfg = Release|x64
		{6D2E9365-C662-5EC3-2A65-AD7D1FF9FF69}.Release|x64.Build.0 = Release|x64
		{6D2E9365-C662-5EC3-2A65-AD7D1FF9FF69}.Debug|Win32.ActiveCfg = Debug|Win32
		{6D2E9365-C662-5EC3-2A65-AD7D1FF9FF69}.Debug|Win32.Build.0 = Debug|Win32
		{6D2E9365-C662-5EC3-2A65-AD7D1FF9FF69}.Debug|x64.ActiveCfg = Debug|x64
		{6D2E9365-C662-5EC3-2A65-AD7D1FF9FF69}.Debug|x64.Build.0 = Debug|x64
		{6D2E9365-C662-5EC3-2A65-AD7D1FF9FF69}.Release|Win32.ActiveCfg = Release|Win32
		{6D2E9365-C662-5EC3-2A65-AD7D1FF9FF69}.Release|Win32.Build.0 = Release|Win32
		{71309F2F-CA6B-BD48-4995-6A84EB984622}.Release|x64.ActiveCfg = Release|x64
		{71309F2F-CA6B-BD48-4995-6A84EB984622}.Release|x64.Build.0 = Release|x64
		{71309F2F-CA6B-BD48-4995-6A84EB984622}.Debug|Win32.ActiveCfg = Debug|Win32
		{71309F2F-CA6B-BD48-4995-6A84EB984622}.Debug|Win32.Build.0 = Debug|Win32
		{71309F2F-CA6B-BD48-4995-6A84EB984622}.Debug|x64.ActiveCfg = Debug|x64
		{71309F2F-CA6B-BD48-4995-6A84EB984622}.Debug|x64.Build.0 = Debug|x64
		{71309F2F-CA6B-BD48-4995-6A84EB984622}.Release|Win32.ActiveCfg = Release|Win32
		{71309F2F-CA6B-BD48-4995-6A84EB984622}.Release|Win32.Build.0 = Release|Win32
		{734E8BCE-B176-FFC7-D86A-3A843A26342E}.Release|x64.ActiveCfg = Release|x64
		{734E8BCE-B176-FFC7-D86A-3A843A26342E}.Release|x64.Build.0 = Release|x64
		{734E8BCE-B176-FFC7-D86A-3A843A26342E}.Debug|Win32.ActiveCfg = Debug|Win32
		{734E8BCE-B176-FFC7-D86A-3A843A26342E}.Debug|Win32.Build.0 = Debug|Win32
		{734E8BCE-B176-FFC7-D86A-3A843A26342E}.Debug|x64.ActiveCfg = Debug|x64
		{734E8BCE-B176-FFC7-D86A-3A843A26342E}.Debug|x64.Build.0 = Debug|x64
		{734E8BCE-B176-FFC7-D86A-3A843A26342E}.Release|Win32.ActiveCfg = Release|Win32
		{734E8BCE-B176-FFC7-D86A-3A843A26342E}.Release|Win32.Build.0 = Release|Win32
		{77B38372-DECC-9BFD-BDE7-AA07464BA34C}.Release|x64.ActiveCfg = Release|x64
		{77B38372-DECC-9BFD-BDE7-AA07464BA34C}.Release|x64.Build.0 = Release|x64
		{77B38372-DECC-9BFD-BDE7-AA07464BA34C}.Debug|Win32.ActiveCfg = Debug|Win32
		{77B38372-DECC-9BFD-BDE7-AA07464BA34C}.Debug|Win32.Build.0 = Debug|Win32
		{77B38372-DECC-9BFD-BDE7-AA07464BA34C}.Debug|x64.ActiveCfg = Debug|x64
		{77B38372-DECC-9BFD-BDE7-AA07464BA34C}.Debug|x64.Build.0 = Debug|x64
		{77B38372-DECC-9BFD-BDE7-AA07464BA34C}.Release|Win32.ActiveCfg = Release|Win32
		{77B38372-DECC-9BFD-BDE7-AA07464BA34C}.Release|Win32.Build.0 = Release|Win32
		{77DD7F90-1E1B-2B83-6CD6-1D7D3AC100D5}.Release|x64.ActiveCfg = Release|x64
		{77DD7F90-1E1B-2B83-6CD6-1D7D3AC100D5}.Release|x64.Build.0 = Release|x64
		{77DD7F90-1E1B-2B83-6CD6-1D7D3AC100D5}.Debug|Win32.ActiveCfg = Debug|Win32
		{77DD7F90-1E1B-2B83-6CD6-1D7D3AC100D5}.Debug|Win32.Build.0 = Debug|Win32
		{77DD7F90-1E1B-2B83-6CD6-1D7D3AC100D5}.Debug|x64.ActiveCfg = Debug|x64
		{77DD7F90-1E1B-2B83-6CD6-1D7D3AC100D5}.Debug|x64.Build.0 = Debug|x64
		{77DD7F90-1E1B-2B83-6CD6-1D7D3AC100D5}.Release|Win32.ActiveCfg = Release|Win32
		{77DD7F90-1E1B-2B83-6CD6-1D7D3AC100D5}.Release|Win32.Build.0 = Release|Win32
		{7DE7ED4E-7FE0-35A0-BE1C-8AD232EC77B6}.Release|x64.ActiveCfg = Release|x64
		{7DE7ED4E-7FE0-35A0-BE1C-8AD232EC77B6}.Release|x64.Build.0 = Release|x64
		{7DE7ED4E-7FE0-35A0-BE1C-8AD232EC77B6}.Debug|Win32.ActiveCfg = Debug|Win32
		{7DE7ED4E-7FE0-35A0-BE1C-8AD232EC77B6}.Debug|Win32.Build.0 = Debug|Win32
		{7DE7ED4E-7FE0-35A0-BE1C-8AD232EC77B6}.Debug|x64.ActiveCfg = Debug|x64
		{7DE7ED4E-7FE0-35A0-BE1C-8AD232EC77B6}.Debug|x64.Build.0 = Debug|x64
		{7DE7ED4E-7FE0-35A0-BE1C-8AD232EC77B6}.Release|Win32.ActiveCfg = Release|Win32
		{7DE7ED4E-7FE0-35A0-BE1C-8AD232EC77B6}.Release|Win32.Build.0 = Release|Win32
		{7E3FC946-87B4-E650-0771-93B8B9C9A1AE}.Release|x64.ActiveCfg = Release|x64
		{7E3FC946-87B4-E650-0771-93B8B9C9A1AE}.Release|x64.Build.0 = Release|x64
		{7E3FC946-87B4-E650-0771-93B8B9C9A1AE}.Debug|Win32.ActiveCfg = Debug|Win32
		{7E3FC946-87B4-E650-0771-93B8B9C9A1AE}.Debug|Win32.Build.0 = Debug|Win32
		{7E3FC946-87B4-E650-0771-93B8B9C9A1AE}.Debug|x64.ActiveCfg = Debug|x64
		{7E3FC946-87B4-E650-0771-93B8B9C9A1AE}.Debug|x64.Build.0 = Debug|x64
		{7E3FC946-87B4-E650-0771-93B8B9C9A1AE}.Release|Win32.ActiveCfg = Release|Win32
		{7E3FC946-87B4-E650-0771-93B8B9C9A1AE}.Release|Win32.Build.0 = Release|Win32
		{82BC22B5-1D58-28BA-8735-58B591E1D154}.Release|x64.ActiveCfg = Release|x64
		{82BC22B5-1D58-28BA-8735-58B591E1D154}.Release|x64.Build.0 = Release|x64
		{82BC22B5-1D58-28BA-8735-58B591E1D154}.Debug|Win32.ActiveCfg = Debug|Win32
		{82BC22B5-1D58-28BA-8735-58B591E1D154}.Debug|Win32.Build.0 = Debug|Win32
		{82BC22B5-1D58-28BA-8735-58B591E1D154}.Debug|x64.ActiveCfg = Debug|x64
		{82BC22B5-1D58-28BA-8735-58B591E1D154}.Debug|x64.Build.0 = Debug|x64
		{82BC22B5-1D58-28BA-8735-58B591E1D154}.Release|Win32.ActiveCfg = Release|Win32
		{82BC22B5-1D58-28BA-8735-58B591E1D154}.Release|Win32.Build.0 = Release|Win32
		{879286C0-3234-D14B-BB2C-32D4D1B809CE}.Release|x64.ActiveCfg = Release|x64
		{879286C0-3234-D14B-BB2C-32D4D1B809CE}.Release|x64.Build.0 = Release|x64
		{879286C0-3234-D14B-BB2C-32D4D1B809CE}.Debug|Win32.ActiveCfg = Debug|Win32
		{879286C0-3234-D14B-BB2C-32D4D1B809CE}.Debug|Win32.Build.0 = Debug|Win32
		{879286C0-3234-D14B-BB2C-32D4D1B809CE}.Debug|x64.ActiveCfg = Debug|x64
		{879286C0-3234-D14B-BB2C-32D4D1B809CE}.Debug|x64.Build.0 = Debug|x64
		{879286C0-3234-D14B-BB2C-32D4D1B809CE}.Release|Win32.ActiveCfg = Release|Win32
		{879286C0-3234-D14B-BB2C-32D4D1B809CE}.Release|Win32.Build.0 = Release|Win32
		{9E201604-82A4-D058-C20E-40EFA0C8DD4C}.Release|x64.ActiveCfg = Release|x64
		{9E201604-82A4-D058-C20E-40EFA0C8DD4C}.Release|x64.Build.0 = Release|x64
		{9E201604-82A4-D058-C20E-40EFA0C8DD4C}.Debug|Win32.ActiveCfg = Debug|Win32
		{9E201604-82A4-D058-C20E-40EFA0C8DD4C}.Debug|Win32.Build.0 = Debug|Win32
		{9E201604-82A4-D058-C20E-40EFA0C8DD4C}.Debug|x64.ActiveCfg = Debug|x64
		{9E201604-82A4-D058-C20E-40EFA0C8DD4C}.Debug|x64.Build.0 = Debug|x64
		{9E201604-82A4-D058-C20E-40EFA0C8DD4C}.Release|Win32.ActiveCfg = Release|Win32
		{9E201604-82A4-D058-C20E-40EFA0C8DD4C}.Release|Win32.Build.0 = Release|Win32
		{A506295C-CA51-F1BA-CF7F-A125A1248FFF}.Release|x64.ActiveCfg = Release|x64
		{A506295C-CA51-F1BA-CF7F-A125A1248FFF}.Release|x64.Build.0 = Release|x64
		{A506295C-CA51-F1BA-CF7F-A125A1248FFF}.Debug|Win32.ActiveCfg = Debug|Win32
		{A506295C-CA51-F1BA-CF7F-A125A1248FFF}.Debug|Win32.Build.0 = Debug|Win32
		{A506295C-CA51-F1BA-CF7F-A125A1248FFF}.Debug|x64.ActiveCfg = Debug|x64
		{A506295C-CA51-F1BA-CF7F-A125A1248FFF}.Debug|x64.Build.0 = Debug|x64
		{A506295C-CA51-F1BA-CF7F-A125A1248FFF}.Release|Win32.ActiveCfg = Release|Win32
		{A506295C-CA51-F1BA-CF7F-A125A1248FFF}.Release|Win32.Build.0 = Release|Win32
		{A50EF674-2788-FD77-664F-9C15C73B56AC}.Release|x64.ActiveCfg = Release|x64
		{A50EF674-2788-FD77-664F-9C15C73B56AC}.Release|x64.Build.0 = Release|x64
		{A50EF674-2788-FD77-664F-9C15C73B56AC}.Debug|Win32.ActiveCfg = Debug|Win32
		{A50EF674-2788-FD77-664F-9C15C73B56AC}.Debug|Win32.Build.0 = Debug|Win32
		{A50EF674-2788-FD77-664F-9C15C73B56AC}.Debug|x64.ActiveCfg = Debug|x64
		{A50EF674-2788-FD77-664F-9C15C73B56AC}.Debug|x64.Build.0 = Debug|x64
		{A50EF674-2788-FD77-664F-9C15C73B56AC}.Release|Win32.ActiveCfg = Release|Win32
		{A50EF674-2788-FD77-664F-9C15C73B56AC}.Release|Win32.Build.0 = Release|Win32
		{A715F1AA-4A32-3A25-572A-E5B1FB63AA78}.Release|x64.ActiveCfg = Release|x64
		{A715F1AA-4A32-3A25-572A-E5B1FB63AA78}.Release|x64.Build.0 = Release|x64
		{A715F1AA-4A32-3A25-572A-E5B1FB63AA78}.Debug|Win32.ActiveCfg = Debug|Win32
		{A715F1AA-4A32-3A25-572A-E5B1FB63AA78}.Debug|Win32.Build.0 = Debug|Win32
		{A715F1AA-4A32-3A25-572A-E5B1FB63AA78}.Debug|x64.ActiveCfg = Debug|x64
		{A715F1AA-4A32-3A25-572A-E5B1FB63AA78}.Debug|x64.Build.0 = Debug|x64
		{A715F1AA-4A32-3A25-572A-E5B1FB63AA78}.Release|Win32.ActiveCfg = Release|Win32
		{A715F1AA-4A32-3A25-572A-E5B1FB63AA78}.Release|Win32.Build.0 = Release|Win32
		{B02B3D40-35D2-EE3D-9F6D-076A81417969}.Release|x64.ActiveCfg = Release|x64
		{B02B3D40-35D2-EE3D-9F6D-076A81417969}.Release|x64.Build.0 = Release|x64
		{B02B3D40-35D2-EE3D-9F6D-076A81417969}.Debug|Win32.ActiveCfg = Debug|Win32
		{B02B3D40-35D2-EE3D-9F6D-076A81417969}.Debug|Win32.Build.0 = Debug|Win32
		{B02B3D40-35D2-EE3D-9F6D-076A81417969}.Debug|x64.ActiveCfg = Debug|x64
		{B02B3D40-35D2-EE3D-9F6D-076A81417969}.Debug|x64.Build.0 = Debug|x64
		{B02B3D40-35D2-EE3D-9F6D-076A81417969}.Release|Win32.ActiveCfg = Release|Win32
		{B02B3D40-35D2-EE3D-9F6D-076A81417969}.Release|Win32.Build.0 = Release|Win32
		{B27372DD-81D1-D54C-2730-8A99904230AA}.Release|x64.ActiveCfg = Release|x64
		{B27372DD-81D1-D54C-2730-8A99904230AA}.Release|x64.Build.0 = Release|x64
		{B27372DD-81D1-D54C-2730-8A99904230AA}.Debug|Win32.ActiveCfg = Debug|Win32
		{B27372DD-81D1-D54C-2730-8A99904230AA}.Debug|Win32.Build.0 = Debug|Win32
		{B27372DD-81D1-D54C-2730-8A99904230AA}.Debug|x64.ActiveCfg = Debug|x64
		{B27372DD-81D1-D54C-2730-8A99904230AA}.Debug|x64.Build.0 = Debug|x64
		{B27372DD-81D1-D54C-2730-8A99904230AA}.Release|Win32.ActiveCfg = Release|Win32
		{B27372DD-81D1-D54C-2730-8A99904230AA}.Release|Win32.Build.0 = Release|Win32
		{C387FBF7-69A7-E17F-95B7-BE5E3C51719F}.Release|x64.ActiveCfg = Release|x64
		{C387FBF7-69A7-E17F-95B7-BE5E3C51719F}.Release|x64.Build.0 = Release|x64
		{C387FBF7-69A7-E17F-95B7-BE5E3C51719F}.Debug|Win32.ActiveCfg = Debug|Win32
		{C387FBF7-69A7-E17F-95B7-BE5E3C51719F}.Debug|Win32.Build.0 = Debug|Win32
		{C387FBF7-69A7-E17F-95B7-BE5E3C51719F}.Debug|x64.ActiveCfg = Debug|x64
		{C387FBF7-69A7-E17F-95B7-BE5E3C51719F}.Debug|x64.Build.0 = Debug|x64
		{C387FBF7-69A7-E17F-95B7-BE5E3C51719F}.Release|Win32.ActiveCfg = Release|Win32
		{C387FBF7-69A7-E17F-95B7-BE5E3C51719F}.Release|Win32.Build.0 = Release|Win32
		{C55B8A95-0242-06B5-320C-A78BE0FD459E}.Release|x64.ActiveCfg = Release|x64
		{C55B8A95-0242-06B5-320C-A78BE0FD459E}.Release|x64.Build.0 = Release|x64
		{C55B8A95-0242-06B5-320C-A78BE0FD459E}.Debug|Win32.ActiveCfg = Debug|Win32
		{C55B8A95-0242-06B5-320C-A78BE0FD459E}.Debug|Win32.Build.0 = Debug|Win32
		{C55B8A95-0242-06B5-320C-A78BE0FD459E}.Debug|x64.ActiveCfg = Debug|x64
		{C55B8A95-0242-06B5-320C-A78BE0FD459E}.Debug|x64.Build.0 = Debug|x64
		{C55B8A95-0242-06B5-320C-A78BE0FD459E}.Release|Win32.ActiveCfg = Release|Win32
		{C55B8A95-0242-06B5-320C-A78BE0FD459E}.Release|Win32.Build.0 = Release|Win32
		{D80CDCBE-43C1-F5BF-E758-C5725F17A8C1}.Release|x64.ActiveCfg = Release|x64
		{D80CDCBE-43C1-F5BF-E758-C5725F17A8C1}.Release|x64.Build.0 = Release|x64
		{D80CDCBE-43C1-F5BF-E758-C5725F17A8C1}.Debug|Win32.ActiveCfg = Debug|Win32
		{D80CDCBE-43C1-F5BF-E758-C5725F17A8C1}.Debug|Win32.Build.0 = Debug|Win32
		{D80CDCBE-43C1-F5BF-E758-C5725F17A8C1}.Debug|x64.ActiveCfg = Debug|x64
		{D80CDCBE-43C1-F5BF-E758-C5725F17A8C1}.Debug|x64.Build.0 = Debug|x64
		{D80CDCBE-43C1-F5BF-E758-C5725F17A8C1}.Release|Win32.ActiveCfg = Release|Win32
		{D80CDCBE-43C1-F5BF-E758-C5725F17A8C1}.Release|Win32.Build.0 = Release|Win32
		{D99598C0-46D1-1023-B4F3-49C9C6140D60}.Release|x64.ActiveCfg = Release|x64
		{D99598C0-46D1-1023-B4F3-49C9C6140D60}.Release|x64.Build.0 = Release|x64
		{D99598C0-46D1-1023-B4F3-49C9C6140D60}.Debug|Win32.ActiveCfg = Debug|Win32
		{D99598C0-46D1-1023-B4F3-49C9C6140D60}.Debug|Win32.Build.0 = Debug|Win32
		{D99598C0-46D1-1023-B4F3-49C9C6140D60}.Debug|x64.ActiveCfg = Debug|x64
		{D99598C0-46D1-1023-B4F3-49C9C6140D60}.Debug|x64.Build.0 = Debug|x64
		{D99598C0-46D1-1023-B4F3-49C9C6140D60}.Release|Win32.ActiveCfg = Release|Win32
		{D99598C0-46D1-1023-B4F3-49C9C6140D60}.Release|Win32.Build.0 = Release|Win32
		{DA6CD78F-6A80-A996-547D-2404C4E2371B}.Release|x64.ActiveCfg = Release|x64
		{DA6CD78F-6A80-A996-547D-2404C4E2371B}.Release|x64.Build.0 = Release|x64
		{DA6CD78F-6A80-A996-547D-2404C4E2371B}.Debug|Win32.ActiveCfg = Debug|Win32
		{DA6CD78F-6A80-A996-547D-2404C4E2371B}.Debug|Win32.Build.0 = Debug|Win32
		{DA6CD78F-6A80-A996-547D-2404C4E2371B}.Debug|x64.ActiveCfg = Debug|x64
		{DA6CD78F-6A80-A996-547D-2404C4E2371B}.Debug|x64.Build.0 = Debug|x64
		{DA6CD78F-6A80-A996-547D-2404C4E2371B}.Release|Win32.ActiveCfg = Release|Win32
		{DA6CD78F-6A80-A996-547D-2404C4E2371B}.Release|Win32.Build.0 = Release|Win32
		{DE9CB625-0E6A-F4C2-EFDA-84BE9C1DA94B}.Release|x64.ActiveCfg = Release|x64
		{DE9CB625-0E6A-F4C2-EFDA-84BE9C1DA94B}.Release|x64.Build.0 = Release|x64
		{DE9CB625-0E6A-F4C2-EFDA-84BE9C1DA94B}.Debug|Win32.ActiveCfg = Debug|Win32
		{DE9CB625-0E6A-F4C2-EFDA-84BE9C1DA94B}.Debug|Win32.Build.0 = Debug|Win32
		{DE9CB625-0E6A-F4C2-EFDA-84BE9C1DA94B}.Debug|x64.ActiveCfg = Debug|x64
		{DE9CB625-0E6A-F4C2-EFDA-84BE9C1DA94B}.Debug|x64.Build.0 = Debug|x64
		{DE9CB625-0E6A-F4C2-EFDA-84BE9C1DA94B}.Release|Win32.ActiveCfg = Release|Win32
		{DE9CB625-0E6A-F4C2-EFDA-84BE9C1DA94B}.Release|Win32.Build.0 = Release|Win32
		{DEB776F9-19BC-94E9-ECA1-61E2A7D1DC97}.Release|x64.ActiveCfg = Release|x64
		{DEB776F9-19BC-94E9-ECA1-61E2A7D1DC97}.Release|x64.Build.0 = Release|x64
		{DEB776F9-19BC-94E9-ECA1-61E2A7D1DC97}.Debug|Win32.ActiveCfg = Debug|Win32
		{DEB776F9-19BC-94E9-ECA1-61E2A7D1DC97}.Debug|Win32.Build.0 = Debug|Win32
		{DEB776F9-19BC-94E9-ECA1-61E2A7D1DC97}.Debug|x64.ActiveCfg = Debug|x64
		{DEB776F9-19BC-94E9-ECA1-61E2A7D1DC97}.Debug|x64.Build.0 = Debug|x64
		{DEB776F9-19BC-94E9-ECA1-61E2A7D1DC97}.Release|Win32.ActiveCfg = Release|Win32
		{DEB776F9-19BC-94E9-ECA1-61E2A7D1DC97}.Release|Win32.Build.0 = Release|Win32
		{E47B2B19-B1DB-2FE2-B4B2-855C3C2C034A}.Release|x64.ActiveCfg = Release|x64
		{E47B2B19-B1DB-2FE2-B4B2-855C3C2C034A}.Release|x64.Build.0 = Release|x64
		{E47B2B19-B1DB-2FE2-B4B2-855C3C2C034A}.Debug|Win32.ActiveCfg = Debug|Win32
		{E47B2B19-B1DB-2FE2-B4B2-855C3C2C034A}.Debug|Win32.Build.0 = Debug|Win32
		{E47B2B19-B1DB-2FE2-B4B2-855C3C2C034A}.Debug|x64.ActiveCfg = Debug|x64
		{E47B2B19-B1DB-2FE2-B4B2-855C3C2C034A}.Debug|x64.Build.0 = Debug|x64
		{E47B2B19-B1DB-2FE2-B4B2-855C3C2C034A}.Release|Win32.ActiveCfg = Release|Win32
		{E47B2B19-B1DB-2FE2-B4B2-855C3C2C034A}.Release|Win32.Build.0 = Release|Win32
		{E798F469-96F1-BC24-1ABE-D8C3C25A40B5}.Release|x64.ActiveCfg = Release|x64
		{E798F469-96F1-BC24-1ABE-D8C3C25A40B5}.Release|x64.Build.0 = Release|x64
		{E798F469-96F1-BC24-1ABE-D8C3C25A40B5}.Debug|Win32.ActiveCfg = Debug|Win32
		{E798F469-96F1-BC24-1ABE-D8C3C25A40B5}.Debug|Win32.Build.0 = Debug|Win32
		{E798F469-96F1-BC24-1ABE-D8C3C25A40B5}.Debug|x64.ActiveCfg = Debug|x64
		{E798F469-96F1-BC24-1ABE-D8C3C25A40B5}.Debug|x64.Build.0 = Debug|x64
		{E798F469-96F1-BC24-1ABE-D8C3C25A40B5}.Release|Win32.ActiveCfg = Release|Win32
		{E798F469-96F1-BC24-1ABE-D8C3C25A40B5}.Release|Win32.Build.0 = Release|Win32
	EndGlobalSection
	GlobalSection(SolutionProperties) = preSolution
		HideSolutionNode = FALSE
	EndGlobalSection
	GlobalSection(NestedProjects) = preSolution
		{D80CDCBE-43C1-F5BF-E758-C5725F17A8C1} = {6478B9F3-4858-63F4-35F4-98A303E305F3}
		{C7F83F05-8335-05BC-FABC-52BB99106795} = {4D091BEB-A76B-E8AB-36FD-0A80BA9DE97D}
		{3E7FA5AF-27B3-2DE0-883C-12F98E7F4E81} = {9785FB75-982A-5DE3-252D-3F288B9FEF5B}
		{1B1B260C-1F5C-D07A-7D05-9D70F24BA0A8} = {9785FB75-982A-5DE3-252D-3F288B9FEF5B}
		{9E201604-82A4-D058-C20E-40EFA0C8DD4C} = {9785FB75-982A-5DE3-252D-3F288B9FEF5B}
		{1846F110-8263-413F-9924-36F64DD8FE41} = {9785FB75-982A-5DE3-252D-3F288B9FEF5B}
		{0BFC078D-10E5-1E26-46A4-DD6A65D3A870} = {9785FB75-982A-5DE3-252D-3F288B9FEF5B}
		{6478B9F3-4858-63F4-35F4-98A303E305F3} = {9785FB75-982A-5DE3-252D-3F288B9FEF5B}
		{299D9456-929B-5224-943D-BFC2576C69EA} = {BC1FC5DA-9C54-7D77-0BFF-DEDDFD7A8F6C}
		{879286C0-3234-D14B-BB2C-32D4D1B809CE} = {7FAA885C-04CF-4C6B-16F0-E9F0B44641AF}
		{6B52D8DC-D637-A223-A5D6-5D398661A1A1} = {7FAA885C-04CF-4C6B-16F0-E9F0B44641AF}
		{82BC22B5-1D58-28BA-8735-58B591E1D154} = {7FAA885C-04CF-4C6B-16F0-E9F0B44641AF}
		{0DDC1AA2-9418-2337-6268-A7FC5212154C} = {7FAA885C-04CF-4C6B-16F0-E9F0B44641AF}
		{B27372DD-81D1-D54C-2730-8A99904230AA} = {7FAA885C-04CF-4C6B-16F0-E9F0B44641AF}
		{688695F9-2D8C-62FD-E442-82C313303E2C} = {7FAA885C-04CF-4C6B-16F0-E9F0B44641AF}
		{68211F8F-DDD9-A40A-3660-695EA962F934} = {2DE59335-96CE-10CA-CDE5-FEC35E3549BB}
		{1025800C-CD3F-9517-9336-3CA36B16CD86} = {2DE59335-96CE-10CA-CDE5-FEC35E3549BB}
		{E47B2B19-B1DB-2FE2-B4B2-855C3C2C034A} = {2DE59335-96CE-10CA-CDE5-FEC35E3549BB}
		{20C02F87-079A-3486-0F14-8CE834F46C96} = {A9EB8559-7015-13E0-0462-D9901FC693FD}
		{5A566D8E-9FAB-ED62-0C7C-BD22FF9AF8A2} = {96A8EC63-88DB-B85C-EEBC-43667C60DEB3}
		{77B38372-DECC-9BFD-BDE7-AA07464BA34C} = {96A8EC63-88DB-B85C-EEBC-43667C60DEB3}
		{77DD7F90-1E1B-2B83-6CD6-1D7D3AC100D5} = {96A8EC63-88DB-B85C-EEBC-43667C60DEB3}
		{66FE90D0-8F39-7569-6EC3-65591C74DD39} = {96A8EC63-88DB-B85C-EEBC-43667C60DEB3}
		{7E3FC946-87B4-E650-0771-93B8B9C9A1AE} = {91989827-5B0C-52D9-1FE9-9553D672A5E7}
		{734E8BCE-B176-FFC7-D86A-3A843A26342E} = {CD014008-1CDB-809B-D770-C67A261539F7}
		{DA6CD78F-6A80-A996-547D-2404C4E2371B} = {CD014008-1CDB-809B-D770-C67A261539F7}
		{C387FBF7-69A7-E17F-95B7-BE5E3C51719F} = {5B17195B-58DF-4533-4FE7-D2747913694E}
		{71309F2F-CA6B-BD48-4995-6A84EB984622} = {5B17195B-58DF-4533-4FE7-D2747913694E}
		{3D9E1C1F-A68D-9C2F-026D-9E83E2DF28A2} = {5B17195B-58DF-4533-4FE7-D2747913694E}
		{688C1FFA-9285-0352-F43B-E5D7666D75DE} = {C7F83F05-8335-05BC-FABC-52BB99106795}
		{4D2BC45D-F97B-003C-C1C2-AD51D5DDEB28} = {299D9456-929B-5224-943D-BFC2576C69EA}
		{DE9CB625-0E6A-F4C2-EFDA-84BE9C1DA94B} = {EAC80D00-01D2-3F49-A377-20B7154947F3}
		{A715F1AA-4A32-3A25-572A-E5B1FB63AA78} = {EAC80D00-01D2-3F49-A377-20B7154947F3}
		{639EBF6E-931C-45F2-A799-7E8B5209ADF3} = {EAC80D00-01D2-3F49-A377-20B7154947F3}
		{6D2E9365-C662-5EC3-2A65-AD7D1FF9FF69} = {3E7FA5AF-27B3-2DE0-883C-12F98E7F4E81}
		{91989827-5B0C-52D9-1FE9-9553D672A5E7} = {5A566D8E-9FAB-ED62-0C7C-BD22FF9AF8A2}
		{7DE7ED4E-7FE0-35A0-BE1C-8AD232EC77B6} = {89C816A7-DD31-D54C-C69C-5A80E0C49B77}
		{A9EB8559-7015-13E0-0462-D9901FC693FD} = {89C816A7-DD31-D54C-C69C-5A80E0C49B77}
		{43807E9E-3D83-E8E4-8CD1-13E98FFC6045} = {89C816A7-DD31-D54C-C69C-5A80E0C49B77}
		{E798F469-96F1-BC24-1ABE-D8C3C25A40B5} = {89C816A7-DD31-D54C-C69C-5A80E0C49B77}
		{2DE59335-96CE-10CA-CDE5-FEC35E3549BB} = {89C816A7-DD31-D54C-C69C-5A80E0C49B77}
		{A506295C-CA51-F1BA-CF7F-A125A1248FFF} = {89C816A7-DD31-D54C-C69C-5A80E0C49B77}
		{CD014008-1CDB-809B-D770-C67A261539F7} = {89C816A7-DD31-D54C-C69C-5A80E0C49B77}
		{A50EF674-2788-FD77-664F-9C15C73B56AC} = {89C816A7-DD31-D54C-C69C-5A80E0C49B77}
		{7FAA885C-04CF-4C6B-16F0-E9F0B44641AF} = {E95778BD-E4AC-C3D0-84EF-83684E04593A}
		{1C497AA9-3986-350E-3E5E-DE84F85319D2} = {644B7826-0417-C19E-B1ED-C0BF73289DEE}
		{2F65EBEA-8FF3-349E-9DAB-341A41740ADB} = {644B7826-0417-C19E-B1ED-C0BF73289DEE}
		{D99598C0-46D1-1023-B4F3-49C9C6140D60} = {644B7826-0417-C19E-B1ED-C0BF73289DEE}
		{C55B8A95-0242-06B5-320C-A78BE0FD459E} = {644B7826-0417-C19E-B1ED-C0BF73289DEE}
		{156DB045-A6EE-C3DD-C33E-12DD1313253E} = {644B7826-0417-C19E-B1ED-C0BF73289DEE}
		{366C19E0-FDBD-5756-38A6-351544324B18} = {644B7826-0417-C19E-B1ED-C0BF73289DEE}
		{DEB776F9-19BC-94E9-ECA1-61E2A7D1DC97} = {644B7826-0417-C19E-B1ED-C0BF73289DEE}
		{07AC0174-9F23-1498-B060-0C25D66B1814} = {644B7826-0417-C19E-B1ED-C0BF73289DEE}
		{4D091BEB-A76B-E8AB-36FD-0A80BA9DE97D} = {644B7826-0417-C19E-B1ED-C0BF73289DEE}
		{B02B3D40-35D2-EE3D-9F6D-076A81417969} = {644B7826-0417-C19E-B1ED-C0BF73289DEE}
		{E95778BD-E4AC-C3D0-84EF-83684E04593A} = {F3545621-A177-A1E7-26DB-108FF716F075}
	EndGlobalSection
EndGlobal
