<?xml version="1.0" encoding="utf-8"?>
<Project ToolsVersion="4.0" xmlns="http://schemas.microsoft.com/developer/msbuild/2003">
  <ItemGroup>
    <Filter Include="resources">
      <UniqueIdentifier>{063c0e0c-9a00-4ba0-a521-a6d718c410a5}</UniqueIdentifier>
    </Filter>
    <Filter Include="resources\_excluded_files">
      <UniqueIdentifier>{bee197aa-014e-40e3-8f29-23d7a2d37a8a}</UniqueIdentifier>
    </Filter>
    <Filter Include="resources\aura">
      <UniqueIdentifier>{4849dbc0-24c5-4d77-ad05-fde0a6219060}</UniqueIdentifier>
    </Filter>
    <Filter Include="resources\aura\_excluded_files">
      <UniqueIdentifier>{282c9143-c990-4b10-a6c0-fbbcf30b65da}</UniqueIdentifier>
    </Filter>
    <Filter Include="..">
      <UniqueIdentifier>{5e13a578-f297-47c6-8891-a7a16de986c0}</UniqueIdentifier>
    </Filter>
    <Filter Include="..\tools">
      <UniqueIdentifier>{1092f981-5f6c-47ac-b2e9-471fd4836a2a}</UniqueIdentifier>
    </Filter>
    <Filter Include="..\tools\gritsettings">
      <UniqueIdentifier>{b076e16c-b332-4aca-8fe6-96bb522153c0}</UniqueIdentifier>
    </Filter>
    <Filter Include="..\tools\gritsettings\_excluded_files">
      <UniqueIdentifier>{49fed901-1996-4a01-adff-ee19ac4343a8}</UniqueIdentifier>
    </Filter>
    <Filter Include="..\tools\grit">
      <UniqueIdentifier>{12002732-d368-4807-8848-d128c1a7d122}</UniqueIdentifier>
    </Filter>
    <Filter Include="..\tools\grit\_excluded_files">
      <UniqueIdentifier>{1761b3e7-6601-43d5-9da0-cf89f94c1210}</UniqueIdentifier>
    </Filter>
    <Filter Include="..\tools\grit\grit">
      <UniqueIdentifier>{bbefdc4b-def6-4c19-b028-603ec381e2c7}</UniqueIdentifier>
    </Filter>
    <Filter Include="..\tools\grit\grit\_excluded_files">
      <UniqueIdentifier>{0ebea6ad-b1c5-464d-8cd9-e463dc826610}</UniqueIdentifier>
    </Filter>
    <Filter Include="..\tools\grit\grit\node">
      <UniqueIdentifier>{b17398f0-b52c-4fce-8e28-5eaabcd7d42f}</UniqueIdentifier>
    </Filter>
    <Filter Include="..\tools\grit\grit\node\_excluded_files">
      <UniqueIdentifier>{9e6ee5de-64d3-4c67-9b89-1256f17e342c}</UniqueIdentifier>
    </Filter>
    <Filter Include="..\tools\grit\grit\node\custom">
      <UniqueIdentifier>{9756d8c8-db7d-4c1b-81b3-6a054b07fe51}</UniqueIdentifier>
    </Filter>
    <Filter Include="..\tools\grit\grit\node\custom\_excluded_files">
      <UniqueIdentifier>{7703c67f-f494-4c8c-ab0a-0682435ebe6a}</UniqueIdentifier>
    </Filter>
    <Filter Include="..\tools\grit\grit\extern">
      <UniqueIdentifier>{9c80e511-9fd9-4c6a-bde6-f422a208467b}</UniqueIdentifier>
    </Filter>
    <Filter Include="..\tools\grit\grit\extern\_excluded_files">
      <UniqueIdentifier>{ee9ce58d-43e2-4d46-a073-711c63370212}</UniqueIdentifier>
    </Filter>
    <Filter Include="..\tools\grit\grit\tool">
      <UniqueIdentifier>{26082407-0cbc-42fc-80c1-a6110db0e44f}</UniqueIdentifier>
    </Filter>
    <Filter Include="..\tools\grit\grit\tool\_excluded_files">
      <UniqueIdentifier>{5e7e48a0-0e1a-49f8-af1f-a66de6578621}</UniqueIdentifier>
    </Filter>
    <Filter Include="..\tools\grit\grit\gather">
      <UniqueIdentifier>{e2fd67b5-a52c-4cff-85ce-8f5e7965549d}</UniqueIdentifier>
    </Filter>
    <Filter Include="..\tools\grit\grit\gather\_excluded_files">
      <UniqueIdentifier>{5c60bfd7-7956-4607-a754-2f0e00906ae1}</UniqueIdentifier>
    </Filter>
    <Filter Include="..\tools\grit\grit\format">
      <UniqueIdentifier>{3993d849-9cd7-4bfc-ad03-21ae7dd66bff}</UniqueIdentifier>
    </Filter>
    <Filter Include="..\tools\grit\grit\format\_excluded_files">
      <UniqueIdentifier>{5295fc96-c282-4c42-901b-0910a2758a61}</UniqueIdentifier>
    </Filter>
    <Filter Include="..\tools\grit\grit\format\policy_templates">
      <UniqueIdentifier>{d32d91aa-65a1-4067-97b6-3631ce4d761e}</UniqueIdentifier>
    </Filter>
    <Filter Include="..\tools\grit\grit\format\policy_templates\_excluded_files">
      <UniqueIdentifier>{21604229-8b72-44f1-a06e-9d11b2ebf8a9}</UniqueIdentifier>
    </Filter>
    <Filter Include="..\tools\grit\grit\format\policy_templates\writers">
      <UniqueIdentifier>{1844caf9-fe54-4564-b317-401480a770bf}</UniqueIdentifier>
    </Filter>
    <Filter Include="..\tools\grit\grit\format\policy_templates\writers\_excluded_files">
      <UniqueIdentifier>{76d2623d-b22b-4aa4-aaf7-68bf757477b7}</UniqueIdentifier>
    </Filter>
  </ItemGroup>
  <ItemGroup>
    <None Include="ui.gyp" />
    <None Include="resources\ui_resources.grd">
      <Filter>resources\_excluded_files</Filter>
    </None>
    <None Include="..\tools\grit\PRESUBMIT.py">
      <Filter>..\tools\grit\_excluded_files</Filter>
    </None>
    <None Include="..\tools\grit\grit_info.py">
      <Filter>..\tools\grit\_excluded_files</Filter>
    </None>
    <None Include="..\tools\grit\grit.py">
      <Filter>..\tools\grit\_excluded_files</Filter>
    </None>
    <None Include="..\tools\grit\grit\xtb_reader_unittest.py">
      <Filter>..\tools\grit\grit\_excluded_files</Filter>
    </None>
    <None Include="..\tools\grit\grit\tclib.py">
      <Filter>..\tools\grit\grit\_excluded_files</Filter>
    </None>
    <None Include="..\tools\grit\grit\pseudo_rtl.py">
      <Filter>..\tools\grit\grit\_excluded_files</Filter>
    </None>
    <None Include="..\tools\grit\grit\grd_reader.py">
      <Filter>..\tools\grit\grit\_excluded_files</Filter>
    </None>
    <None Include="..\tools\grit\grit\grit_runner.py">
      <Filter>..\tools\grit\grit\_excluded_files</Filter>
    </None>
    <None Include="..\tools\grit\grit\__init__.py">
      <Filter>..\tools\grit\grit\_excluded_files</Filter>
    </None>
    <None Include="..\tools\grit\grit\xtb_reader.py">
      <Filter>..\tools\grit\grit\_excluded_files</Filter>
    </None>
    <None Include="..\tools\grit\grit\util.py">
      <Filter>..\tools\grit\grit\_excluded_files</Filter>
    </None>
    <None Include="..\tools\grit\grit\clique_unittest.py">
      <Filter>..\tools\grit\grit\_excluded_files</Filter>
    </None>
    <None Include="..\tools\grit\grit\pseudo.py">
      <Filter>..\tools\grit\grit\_excluded_files</Filter>
    </None>
    <None Include="..\tools\grit\grit\clique.py">
      <Filter>..\tools\grit\grit\_excluded_files</Filter>
    </None>
    <None Include="..\tools\grit\grit\shortcuts.py">
      <Filter>..\tools\grit\grit\_excluded_files</Filter>
    </None>
    <None Include="..\tools\grit\grit\grit_runner_unittest.py">
      <Filter>..\tools\grit\grit\_excluded_files</Filter>
    </None>
    <None Include="..\tools\grit\grit\scons.py">
      <Filter>..\tools\grit\grit\_excluded_files</Filter>
    </None>
    <None Include="..\tools\grit\grit\lazy_re.py">
      <Filter>..\tools\grit\grit\_excluded_files</Filter>
    </None>
    <None Include="..\tools\grit\grit\shortcuts_unittests.py">
      <Filter>..\tools\grit\grit\_excluded_files</Filter>
    </None>
    <None Include="..\tools\grit\grit\util_unittest.py">
      <Filter>..\tools\grit\grit\_excluded_files</Filter>
    </None>
    <None Include="..\tools\grit\grit\exception.py">
      <Filter>..\tools\grit\grit\_excluded_files</Filter>
    </None>
    <None Include="..\tools\grit\grit\test_suite_all.py">
      <Filter>..\tools\grit\grit\_excluded_files</Filter>
    </None>
    <None Include="..\tools\grit\grit\pseudo_unittest.py">
      <Filter>..\tools\grit\grit\_excluded_files</Filter>
    </None>
    <None Include="..\tools\grit\grit\lazy_re_unittest.py">
      <Filter>..\tools\grit\grit\_excluded_files</Filter>
    </None>
    <None Include="..\tools\grit\grit\tclib_unittest.py">
      <Filter>..\tools\grit\grit\_excluded_files</Filter>
    </None>
    <None Include="..\tools\grit\grit\constants.py">
      <Filter>..\tools\grit\grit\_excluded_files</Filter>
    </None>
    <None Include="..\tools\grit\grit\grd_reader_unittest.py">
      <Filter>..\tools\grit\grit\_excluded_files</Filter>
    </None>
    <None Include="..\tools\grit\grit\node\variant.py">
      <Filter>..\tools\grit\grit\node\_excluded_files</Filter>
    </None>
    <None Include="..\tools\grit\grit\node\mapping.py">
      <Filter>..\tools\grit\grit\node\_excluded_files</Filter>
    </None>
    <None Include="..\tools\grit\grit\node\structure_unittest.py">
      <Filter>..\tools\grit\grit\node\_excluded_files</Filter>
    </None>
    <None Include="..\tools\grit\grit\node\misc.py">
      <Filter>..\tools\grit\grit\node\_excluded_files</Filter>
    </None>
    <None Include="..\tools\grit\grit\node\base.py">
      <Filter>..\tools\grit\grit\node\_excluded_files</Filter>
    </None>
    <None Include="..\tools\grit\grit\node\__init__.py">
      <Filter>..\tools\grit\grit\node\_excluded_files</Filter>
    </None>
    <None Include="..\tools\grit\grit\node\empty.py">
      <Filter>..\tools\grit\grit\node\_excluded_files</Filter>
    </None>
    <None Include="..\tools\grit\grit\node\include.py">
      <Filter>..\tools\grit\grit\node\_excluded_files</Filter>
    </None>
    <None Include="..\tools\grit\grit\node\io_unittest.py">
      <Filter>..\tools\grit\grit\node\_excluded_files</Filter>
    </None>
    <None Include="..\tools\grit\grit\node\message.py">
      <Filter>..\tools\grit\grit\node\_excluded_files</Filter>
    </None>
    <None Include="..\tools\grit\grit\node\structure.py">
      <Filter>..\tools\grit\grit\node\_excluded_files</Filter>
    </None>
    <None Include="..\tools\grit\grit\node\misc_unittest.py">
      <Filter>..\tools\grit\grit\node\_excluded_files</Filter>
    </None>
    <None Include="..\tools\grit\grit\node\message_unittest.py">
      <Filter>..\tools\grit\grit\node\_excluded_files</Filter>
    </None>
    <None Include="..\tools\grit\grit\node\base_unittest.py">
      <Filter>..\tools\grit\grit\node\_excluded_files</Filter>
    </None>
    <None Include="..\tools\grit\grit\node\io.py">
      <Filter>..\tools\grit\grit\node\_excluded_files</Filter>
    </None>
    <None Include="..\tools\grit\grit\node\custom\filename_unittest.py">
      <Filter>..\tools\grit\grit\node\custom\_excluded_files</Filter>
    </None>
    <None Include="..\tools\grit\grit\node\custom\__init__.py">
      <Filter>..\tools\grit\grit\node\custom\_excluded_files</Filter>
    </None>
    <None Include="..\tools\grit\grit\node\custom\filename.py">
      <Filter>..\tools\grit\grit\node\custom\_excluded_files</Filter>
    </None>
    <None Include="..\tools\grit\grit\extern\FP.py">
      <Filter>..\tools\grit\grit\extern\_excluded_files</Filter>
    </None>
    <None Include="..\tools\grit\grit\extern\tclib.py">
      <Filter>..\tools\grit\grit\extern\_excluded_files</Filter>
    </None>
    <None Include="..\tools\grit\grit\extern\__init__.py">
      <Filter>..\tools\grit\grit\extern\_excluded_files</Filter>
    </None>
    <None Include="..\tools\grit\grit\tool\toolbar_postprocess.py">
      <Filter>..\tools\grit\grit\tool\_excluded_files</Filter>
    </None>
    <None Include="..\tools\grit\grit\tool\unit.py">
      <Filter>..\tools\grit\grit\tool\_excluded_files</Filter>
    </None>
    <None Include="..\tools\grit\grit\tool\diff_structures.py">
      <Filter>..\tools\grit\grit\tool\_excluded_files</Filter>
    </None>
    <None Include="..\tools\grit\grit\tool\count.py">
      <Filter>..\tools\grit\grit\tool\_excluded_files</Filter>
    </None>
    <None Include="..\tools\grit\grit\tool\interface.py">
      <Filter>..\tools\grit\grit\tool\_excluded_files</Filter>
    </None>
    <None Include="..\tools\grit\grit\tool\__init__.py">
      <Filter>..\tools\grit\grit\tool\_excluded_files</Filter>
    </None>
    <None Include="..\tools\grit\grit\tool\build_unittest.py">
      <Filter>..\tools\grit\grit\tool\_excluded_files</Filter>
    </None>
    <None Include="..\tools\grit\grit\tool\preprocess_interface.py">
      <Filter>..\tools\grit\grit\tool\_excluded_files</Filter>
    </None>
    <None Include="..\tools\grit\grit\tool\rc2grd_unittest.py">
      <Filter>..\tools\grit\grit\tool\_excluded_files</Filter>
    </None>
    <None Include="..\tools\grit\grit\tool\toolbar_preprocess.py">
      <Filter>..\tools\grit\grit\tool\_excluded_files</Filter>
    </None>
    <None Include="..\tools\grit\grit\tool\rc2grd.py">
      <Filter>..\tools\grit\grit\tool\_excluded_files</Filter>
    </None>
    <None Include="..\tools\grit\grit\tool\transl2tc.py">
      <Filter>..\tools\grit\grit\tool\_excluded_files</Filter>
    </None>
    <None Include="..\tools\grit\grit\tool\resize.py">
      <Filter>..\tools\grit\grit\tool\_excluded_files</Filter>
    </None>
    <None Include="..\tools\grit\grit\tool\postprocess_unittest.py">
      <Filter>..\tools\grit\grit\tool\_excluded_files</Filter>
    </None>
    <None Include="..\tools\grit\grit\tool\postprocess_interface.py">
      <Filter>..\tools\grit\grit\tool\_excluded_files</Filter>
    </None>
    <None Include="..\tools\grit\grit\tool\buildinfo.py">
      <Filter>..\tools\grit\grit\tool\_excluded_files</Filter>
    </None>
    <None Include="..\tools\grit\grit\tool\newgrd.py">
      <Filter>..\tools\grit\grit\tool\_excluded_files</Filter>
    </None>
    <None Include="..\tools\grit\grit\tool\transl2tc_unittest.py">
      <Filter>..\tools\grit\grit\tool\_excluded_files</Filter>
    </None>
    <None Include="..\tools\grit\grit\tool\test.py">
      <Filter>..\tools\grit\grit\tool\_excluded_files</Filter>
    </None>
    <None Include="..\tools\grit\grit\tool\preprocess_unittest.py">
      <Filter>..\tools\grit\grit\tool\_excluded_files</Filter>
    </None>
    <None Include="..\tools\grit\grit\tool\build.py">
      <Filter>..\tools\grit\grit\tool\_excluded_files</Filter>
    </None>
    <None Include="..\tools\grit\grit\tool\menu_from_parts.py">
      <Filter>..\tools\grit\grit\tool\_excluded_files</Filter>
    </None>
    <None Include="..\tools\grit\grit\tool\buildinfo_unittest.py">
      <Filter>..\tools\grit\grit\tool\_excluded_files</Filter>
    </None>
    <None Include="..\tools\grit\grit\gather\muppet_strings.py">
      <Filter>..\tools\grit\grit\gather\_excluded_files</Filter>
    </None>
    <None Include="..\tools\grit\grit\gather\igoogle_strings.py">
      <Filter>..\tools\grit\grit\gather\_excluded_files</Filter>
    </None>
    <None Include="..\tools\grit\grit\gather\igoogle_strings_unittest.py">
      <Filter>..\tools\grit\grit\gather\_excluded_files</Filter>
    </None>
    <None Include="..\tools\grit\grit\gather\rc.py">
      <Filter>..\tools\grit\grit\gather\_excluded_files</Filter>
    </None>
    <None Include="..\tools\grit\grit\gather\tr_html.py">
      <Filter>..\tools\grit\grit\gather\_excluded_files</Filter>
    </None>
    <None Include="..\tools\grit\grit\gather\skeleton_gatherer.py">
      <Filter>..\tools\grit\grit\gather\_excluded_files</Filter>
    </None>
    <None Include="..\tools\grit\grit\gather\__init__.py">
      <Filter>..\tools\grit\grit\gather\_excluded_files</Filter>
    </None>
    <None Include="..\tools\grit\grit\gather\json_loader.py">
      <Filter>..\tools\grit\grit\gather\_excluded_files</Filter>
    </None>
    <None Include="..\tools\grit\grit\gather\interface.py">
      <Filter>..\tools\grit\grit\gather\_excluded_files</Filter>
    </None>
    <None Include="..\tools\grit\grit\gather\rc_unittest.py">
      <Filter>..\tools\grit\grit\gather\_excluded_files</Filter>
    </None>
    <None Include="..\tools\grit\grit\gather\txt.py">
      <Filter>..\tools\grit\grit\gather\_excluded_files</Filter>
    </None>
    <None Include="..\tools\grit\grit\gather\policy_json.py">
      <Filter>..\tools\grit\grit\gather\_excluded_files</Filter>
    </None>
    <None Include="..\tools\grit\grit\gather\tr_html_unittest.py">
      <Filter>..\tools\grit\grit\gather\_excluded_files</Filter>
    </None>
    <None Include="..\tools\grit\grit\gather\policy_json_unittest.py">
      <Filter>..\tools\grit\grit\gather\_excluded_files</Filter>
    </None>
    <None Include="..\tools\grit\grit\gather\muppet_strings_unittest.py">
      <Filter>..\tools\grit\grit\gather\_excluded_files</Filter>
    </None>
    <None Include="..\tools\grit\grit\gather\admin_template.py">
      <Filter>..\tools\grit\grit\gather\_excluded_files</Filter>
    </None>
    <None Include="..\tools\grit\grit\gather\txt_unittest.py">
      <Filter>..\tools\grit\grit\gather\_excluded_files</Filter>
    </None>
    <None Include="..\tools\grit\grit\gather\admin_template_unittest.py">
      <Filter>..\tools\grit\grit\gather\_excluded_files</Filter>
    </None>
    <None Include="..\tools\grit\grit\gather\regexp.py">
      <Filter>..\tools\grit\grit\gather\_excluded_files</Filter>
    </None>
    <None Include="..\tools\grit\grit\format\rc_unittest.py">
      <Filter>..\tools\grit\grit\format\_excluded_files</Filter>
    </None>
    <None Include="..\tools\grit\grit\format\__init__.py">
      <Filter>..\tools\grit\grit\format\_excluded_files</Filter>
    </None>
    <None Include="..\tools\grit\grit\format\rc_header_unittest.py">
      <Filter>..\tools\grit\grit\format\_excluded_files</Filter>
    </None>
    <None Include="..\tools\grit\grit\format\repack.py">
      <Filter>..\tools\grit\grit\format\_excluded_files</Filter>
    </None>
    <None Include="..\tools\grit\grit\format\js_map_format_unittest.py">
      <Filter>..\tools\grit\grit\format\_excluded_files</Filter>
    </None>
    <None Include="..\tools\grit\grit\format\js_map_format.py">
      <Filter>..\tools\grit\grit\format\_excluded_files</Filter>
    </None>
    <None Include="..\tools\grit\grit\format\rc.py">
      <Filter>..\tools\grit\grit\format\_excluded_files</Filter>
    </None>
    <None Include="..\tools\grit\grit\format\c_format.py">
      <Filter>..\tools\grit\grit\format\_excluded_files</Filter>
    </None>
    <None Include="..\tools\grit\grit\format\data_pack_unittest.py">
      <Filter>..\tools\grit\grit\format\_excluded_files</Filter>
    </None>
    <None Include="..\tools\grit\grit\format\interface.py">
      <Filter>..\tools\grit\grit\format\_excluded_files</Filter>
    </None>
    <None Include="..\tools\grit\grit\format\resource_map.py">
      <Filter>..\tools\grit\grit\format\_excluded_files</Filter>
    </None>
    <None Include="..\tools\grit\grit\format\data_pack.py">
      <Filter>..\tools\grit\grit\format\_excluded_files</Filter>
    </None>
    <None Include="..\tools\grit\grit\format\rc_header.py">
      <Filter>..\tools\grit\grit\format\_excluded_files</Filter>
    </None>
    <None Include="..\tools\grit\grit\format\html_inline.py">
      <Filter>..\tools\grit\grit\format\_excluded_files</Filter>
    </None>
    <None Include="..\tools\grit\grit\format\c_format_unittest.py">
      <Filter>..\tools\grit\grit\format\_excluded_files</Filter>
    </None>
    <None Include="..\tools\grit\grit\format\policy_templates\PRESUBMIT.py">
      <Filter>..\tools\grit\grit\format\policy_templates\_excluded_files</Filter>
    </None>
    <None Include="..\tools\grit\grit\format\policy_templates\policy_template_generator.py">
      <Filter>..\tools\grit\grit\format\policy_templates\_excluded_files</Filter>
    </None>
    <None Include="..\tools\grit\grit\format\policy_templates\policy_template_generator_unittest.py">
      <Filter>..\tools\grit\grit\format\policy_templates\_excluded_files</Filter>
    </None>
    <None Include="..\tools\grit\grit\format\policy_templates\__init__.py">
      <Filter>..\tools\grit\grit\format\policy_templates\_excluded_files</Filter>
    </None>
    <None Include="..\tools\grit\grit\format\policy_templates\template_formatter.py">
      <Filter>..\tools\grit\grit\format\policy_templates\_excluded_files</Filter>
    </None>
    <None Include="..\tools\grit\grit\format\policy_templates\writer_configuration.py">
      <Filter>..\tools\grit\grit\format\policy_templates\_excluded_files</Filter>
    </None>
    <None Include="..\tools\grit\grit\format\policy_templates\writers\adml_writer_unittest.py">
      <Filter>..\tools\grit\grit\format\policy_templates\writers\_excluded_files</Filter>
    </None>
    <None Include="..\tools\grit\grit\format\policy_templates\writers\template_writer.py">
      <Filter>..\tools\grit\grit\format\policy_templates\writers\_excluded_files</Filter>
    </None>
    <None Include="..\tools\grit\grit\format\policy_templates\writers\reg_writer.py">
      <Filter>..\tools\grit\grit\format\policy_templates\writers\_excluded_files</Filter>
    </None>
    <None Include="..\tools\grit\grit\format\policy_templates\writers\doc_writer_unittest.py">
      <Filter>..\tools\grit\grit\format\policy_templates\writers\_excluded_files</Filter>
    </None>
    <None Include="..\tools\grit\grit\format\policy_templates\writers\mock_writer.py">
      <Filter>..\tools\grit\grit\format\policy_templates\writers\_excluded_files</Filter>
    </None>
    <None Include="..\tools\grit\grit\format\policy_templates\writers\json_writer.py">
      <Filter>..\tools\grit\grit\format\policy_templates\writers\_excluded_files</Filter>
    </None>
    <None Include="..\tools\grit\grit\format\policy_templates\writers\xml_writer_base_unittest.py">
      <Filter>..\tools\grit\grit\format\policy_templates\writers\_excluded_files</Filter>
    </None>
    <None Include="..\tools\grit\grit\format\policy_templates\writers\plist_strings_writer_unittest.py">
      <Filter>..\tools\grit\grit\format\policy_templates\writers\_excluded_files</Filter>
    </None>
    <None Include="..\tools\grit\grit\format\policy_templates\writers\plist_strings_writer.py">
      <Filter>..\tools\grit\grit\format\policy_templates\writers\_excluded_files</Filter>
    </None>
    <None Include="..\tools\grit\grit\format\policy_templates\writers\admx_writer.py">
      <Filter>..\tools\grit\grit\format\policy_templates\writers\_excluded_files</Filter>
    </None>
    <None Include="..\tools\grit\grit\format\policy_templates\writers\doc_writer.py">
      <Filter>..\tools\grit\grit\format\policy_templates\writers\_excluded_files</Filter>
    </None>
    <None Include="..\tools\grit\grit\format\policy_templates\writers\xml_formatted_writer.py">
      <Filter>..\tools\grit\grit\format\policy_templates\writers\_excluded_files</Filter>
    </None>
    <None Include="..\tools\grit\grit\format\policy_templates\writers\plist_writer_unittest.py">
      <Filter>..\tools\grit\grit\format\policy_templates\writers\_excluded_files</Filter>
    </None>
    <None Include="..\tools\grit\grit\format\policy_templates\writers\json_writer_unittest.py">
      <Filter>..\tools\grit\grit\format\policy_templates\writers\_excluded_files</Filter>
    </None>
    <None Include="..\tools\grit\grit\format\policy_templates\writers\plist_helper.py">
      <Filter>..\tools\grit\grit\format\policy_templates\writers\_excluded_files</Filter>
    </None>
    <None Include="..\tools\grit\grit\format\policy_templates\writers\admx_writer_unittest.py">
      <Filter>..\tools\grit\grit\format\policy_templates\writers\_excluded_files</Filter>
    </None>
    <None Include="..\tools\grit\grit\format\policy_templates\writers\reg_writer_unittest.py">
      <Filter>..\tools\grit\grit\format\policy_templates\writers\_excluded_files</Filter>
    </None>
    <None Include="..\tools\grit\grit\format\policy_templates\writers\adm_writer_unittest.py">
      <Filter>..\tools\grit\grit\format\policy_templates\writers\_excluded_files</Filter>
    </None>
    <None Include="..\tools\grit\grit\format\policy_templates\writers\__init__.py">
      <Filter>..\tools\grit\grit\format\policy_templates\writers\_excluded_files</Filter>
    </None>
    <None Include="..\tools\grit\grit\format\policy_templates\writers\adm_writer.py">
      <Filter>..\tools\grit\grit\format\policy_templates\writers\_excluded_files</Filter>
    </None>
    <None Include="..\tools\grit\grit\format\policy_templates\writers\plist_writer.py">
      <Filter>..\tools\grit\grit\format\policy_templates\writers\_excluded_files</Filter>
    </None>
    <None Include="..\tools\grit\grit\format\policy_templates\writers\template_writer_unittest.py">
      <Filter>..\tools\grit\grit\format\policy_templates\writers\_excluded_files</Filter>
    </None>
    <None Include="..\tools\grit\grit\format\policy_templates\writers\adml_writer.py">
      <Filter>..\tools\grit\grit\format\policy_templates\writers\_excluded_files</Filter>
    </None>
    <None Include="..\tools\grit\grit\format\policy_templates\writers\writer_unittest_common.py">
      <Filter>..\tools\grit\grit\format\policy_templates\writers\_excluded_files</Filter>
    </None>
  </ItemGroup>
  <ItemGroup>
    <Image Include="resources\frame_default_inactive.png">
      <Filter>resources\_excluded_files</Filter>
    </Image>
    <Image Include="resources\folder_open_rtl.png">
      <Filter>resources\_excluded_files</Filter>
    </Image>
    <Image Include="resources\close_sa_p.png">
      <Filter>resources\_excluded_files</Filter>
    </Image>
    <Image Include="resources\close.png">
      <Filter>resources\_excluded_files</Filter>
    </Image>
    <Image Include="resources\checkmark.png">
      <Filter>resources\_excluded_files</Filter>
    </Image>
    <Image Include="resources\window_top_right_corner.png">
      <Filter>resources\_excluded_files</Filter>
    </Image>
    <Image Include="resources\minimize.png">
      <Filter>resources\_excluded_files</Filter>
    </Image>
    <Image Include="resources\discloure_arrow.png">
      <Filter>resources\_excluded_files</Filter>
    </Image>
    <Image Include="resources\browser_action_badge_left.png">
      <Filter>resources\_excluded_files</Filter>
    </Image>
    <Image Include="resources\default_favicon.png">
      <Filter>resources\_excluded_files</Filter>
    </Image>
    <Image Include="resources\window_top_center.png">
      <Filter>resources\_excluded_files</Filter>
    </Image>
    <Image Include="resources\restore.png">
      <Filter>resources\_excluded_files</Filter>
    </Image>
    <Image Include="resources\close_p.png">
      <Filter>resources\_excluded_files</Filter>
    </Image>
    <Image Include="resources\window_bottom_left_corner.png">
      <Filter>resources\_excluded_files</Filter>
    </Image>
    <Image Include="resources\default_large_favicon.png">
      <Filter>resources\_excluded_files</Filter>
    </Image>
    <Image Include="resources\minimize_h.png">
      <Filter>resources\_excluded_files</Filter>
    </Image>
    <Image Include="resources\panel_bottom_left_corner.png">
      <Filter>resources\_excluded_files</Filter>
    </Image>
    <Image Include="resources\content_right_side.png">
      <Filter>resources\_excluded_files</Filter>
    </Image>
    <Image Include="resources\content_bottom_center.png">
      <Filter>resources\_excluded_files</Filter>
    </Image>
    <Image Include="resources\frame_default.png">
      <Filter>resources\_excluded_files</Filter>
    </Image>
    <Image Include="resources\app_top_right.png">
      <Filter>resources\_excluded_files</Filter>
    </Image>
    <Image Include="resources\restore_p.png">
      <Filter>resources\_excluded_files</Filter>
    </Image>
    <Image Include="resources\close_sa_h.png">
      <Filter>resources\_excluded_files</Filter>
    </Image>
    <Image Include="resources\frame_app_panel_default.png">
      <Filter>resources\_excluded_files</Filter>
    </Image>
    <Image Include="resources\window_right_side.png">
      <Filter>resources\_excluded_files</Filter>
    </Image>
    <Image Include="resources\folder_closed.png">
      <Filter>resources\_excluded_files</Filter>
    </Image>
    <Image Include="resources\restore_h.png">
      <Filter>resources\_excluded_files</Filter>
    </Image>
    <Image Include="resources\menu_arrow.png">
      <Filter>resources\_excluded_files</Filter>
    </Image>
    <Image Include="resources\close_sa.png">
      <Filter>resources\_excluded_files</Filter>
    </Image>
    <Image Include="resources\menu_droparrow.png">
      <Filter>resources\_excluded_files</Filter>
    </Image>
    <Image Include="resources\maximize_h.png">
      <Filter>resources\_excluded_files</Filter>
    </Image>
    <Image Include="resources\app_top_left.png">
      <Filter>resources\_excluded_files</Filter>
    </Image>
    <Image Include="resources\app_top_center.png">
      <Filter>resources\_excluded_files</Filter>
    </Image>
    <Image Include="resources\panel_bottom_right_corner.png">
      <Filter>resources\_excluded_files</Filter>
    </Image>
    <Image Include="resources\menu_droparrow_sharp.png">
      <Filter>resources\_excluded_files</Filter>
    </Image>
    <Image Include="resources\window_bottom_right_corner.png">
      <Filter>resources\_excluded_files</Filter>
    </Image>
    <Image Include="resources\content_bottom_right_corner.png">
      <Filter>resources\_excluded_files</Filter>
    </Image>
    <Image Include="resources\minimize_p.png">
      <Filter>resources\_excluded_files</Filter>
    </Image>
    <Image Include="resources\content_left_side.png">
      <Filter>resources\_excluded_files</Filter>
    </Image>
    <Image Include="resources\folder_closed_rtl.png">
      <Filter>resources\_excluded_files</Filter>
    </Image>
    <Image Include="resources\close_h.png">
      <Filter>resources\_excluded_files</Filter>
    </Image>
    <Image Include="resources\browser_action_badge_center.png">
      <Filter>resources\_excluded_files</Filter>
    </Image>
    <Image Include="resources\menu_check.png">
      <Filter>resources\_excluded_files</Filter>
    </Image>
    <Image Include="resources\maximize.png">
      <Filter>resources\_excluded_files</Filter>
    </Image>
    <Image Include="resources\folder_open.png">
      <Filter>resources\_excluded_files</Filter>
    </Image>
    <Image Include="resources\window_left_side.png">
      <Filter>resources\_excluded_files</Filter>
    </Image>
    <Image Include="resources\browser_action_badge_right.png">
      <Filter>resources\_excluded_files</Filter>
    </Image>
    <Image Include="resources\content_bottom_left_corner.png">
      <Filter>resources\_excluded_files</Filter>
    </Image>
    <Image Include="resources\maximize_p.png">
      <Filter>resources\_excluded_files</Filter>
    </Image>
    <Image Include="resources\throbber.png">
      <Filter>resources\_excluded_files</Filter>
    </Image>
    <Image Include="resources\window_top_left_corner.png">
      <Filter>resources\_excluded_files</Filter>
    </Image>
    <Image Include="resources\window_bottom_center.png">
      <Filter>resources\_excluded_files</Filter>
    </Image>
    <Image Include="resources\aura\textbutton_pressed_top_right.png">
      <Filter>resources\aura\_excluded_files</Filter>
    </Image>
    <Image Include="resources\aura\textbutton_hot_left.png">
      <Filter>resources\aura\_excluded_files</Filter>
    </Image>
    <Image Include="resources\aura\textbutton_hot_right.png">
      <Filter>resources\aura\_excluded_files</Filter>
    </Image>
    <Image Include="resources\aura\textbutton_hot_bottom_left.png">
      <Filter>resources\aura\_excluded_files</Filter>
    </Image>
    <Image Include="resources\aura\textbutton_hot_bottom_right.png">
      <Filter>resources\aura\_excluded_files</Filter>
    </Image>
    <Image Include="resources\aura\textbutton_pressed_right.png">
      <Filter>resources\aura\_excluded_files</Filter>
    </Image>
    <Image Include="resources\aura\textbutton_hot_top.png">
      <Filter>resources\aura\_excluded_files</Filter>
    </Image>
    <Image Include="resources\aura\textbutton_hot_center.png">
      <Filter>resources\aura\_excluded_files</Filter>
    </Image>
    <Image Include="resources\aura\textbutton_pressed_center.png">
      <Filter>resources\aura\_excluded_files</Filter>
    </Image>
    <Image Include="resources\aura\textbutton_pressed_bottom_left.png">
      <Filter>resources\aura\_excluded_files</Filter>
    </Image>
    <Image Include="resources\aura\textbutton_pressed_bottom_right.png">
      <Filter>resources\aura\_excluded_files</Filter>
    </Image>
    <Image Include="resources\aura\textbutton_hot_top_right.png">
      <Filter>resources\aura\_excluded_files</Filter>
    </Image>
    <Image Include="resources\aura\textbutton_hot_bottom.png">
      <Filter>resources\aura\_excluded_files</Filter>
    </Image>
    <Image Include="resources\aura\textbutton_hot_top_left.png">
      <Filter>resources\aura\_excluded_files</Filter>
    </Image>
    <Image Include="resources\aura\textbutton_pressed_top_left.png">
      <Filter>resources\aura\_excluded_files</Filter>
    </Image>
    <Image Include="resources\aura\textbutton_pressed_left.png">
      <Filter>resources\aura\_excluded_files</Filter>
    </Image>
    <Image Include="resources\aura\textbutton_pressed_bottom.png">
      <Filter>resources\aura\_excluded_files</Filter>
    </Image>
    <Image Include="resources\aura\textbutton_pressed_top.png">
      <Filter>resources\aura\_excluded_files</Filter>
    </Image>
  </ItemGroup>
  <ItemGroup>
    <CustomBuild Include="..\tools\gritsettings\resource_ids">
      <Filter>..\tools\gritsettings\_excluded_files</Filter>
    </CustomBuild>
  </ItemGroup>
</Project>