<?xml version="1.0" encoding="utf-8"?>
<Project ToolsVersion="4.0" xmlns="http://schemas.microsoft.com/developer/msbuild/2003">
  <ItemGroup>
    <Filter Include="resources">
      <UniqueIdentifier>{aa4fd872-fa2b-42b0-9d5a-f5556b032451}</UniqueIdentifier>
    </Filter>
    <Filter Include="resources\_excluded_files">
      <UniqueIdentifier>{2791dd08-8bf3-4709-b8a6-2c4bc620d528}</UniqueIdentifier>
    </Filter>
    <Filter Include="..">
      <UniqueIdentifier>{42ea9a88-6f9a-45a9-bd97-305de6caa34e}</UniqueIdentifier>
    </Filter>
    <Filter Include="..\tools">
      <UniqueIdentifier>{314db275-886a-4a78-a4e5-ce0c7f1b381f}</UniqueIdentifier>
    </Filter>
    <Filter Include="..\tools\gritsettings">
      <UniqueIdentifier>{2cdf5f14-5e5e-4082-a40f-d0841e9e956d}</UniqueIdentifier>
    </Filter>
    <Filter Include="..\tools\gritsettings\_excluded_files">
      <UniqueIdentifier>{d3201971-d5db-4680-a5a0-db90c8d052cd}</UniqueIdentifier>
    </Filter>
    <Filter Include="..\tools\grit">
      <UniqueIdentifier>{79bdf158-cfcd-4dca-a014-20bd25e451cc}</UniqueIdentifier>
    </Filter>
    <Filter Include="..\tools\grit\_excluded_files">
      <UniqueIdentifier>{ebd62ebc-cab0-416d-bb77-c1db86282518}</UniqueIdentifier>
    </Filter>
    <Filter Include="..\tools\grit\grit">
      <UniqueIdentifier>{c2499d14-3bd5-4d17-99ce-de9be6b670bd}</UniqueIdentifier>
    </Filter>
    <Filter Include="..\tools\grit\grit\_excluded_files">
      <UniqueIdentifier>{9f9c14af-1a09-4126-8ce1-c5e902452937}</UniqueIdentifier>
    </Filter>
    <Filter Include="..\tools\grit\grit\node">
      <UniqueIdentifier>{bff9665e-4d9e-433d-8aee-39122c73a0a1}</UniqueIdentifier>
    </Filter>
    <Filter Include="..\tools\grit\grit\node\_excluded_files">
      <UniqueIdentifier>{19c2435f-4dd6-4892-a90a-07610e2a42f0}</UniqueIdentifier>
    </Filter>
    <Filter Include="..\tools\grit\grit\node\custom">
      <UniqueIdentifier>{f5bd1907-a595-4468-980c-42938095988c}</UniqueIdentifier>
    </Filter>
    <Filter Include="..\tools\grit\grit\node\custom\_excluded_files">
      <UniqueIdentifier>{262fb2a4-f26e-4052-ad16-b695473339a7}</UniqueIdentifier>
    </Filter>
    <Filter Include="..\tools\grit\grit\extern">
      <UniqueIdentifier>{ab985561-b893-46be-9388-40e1ce17fe47}</UniqueIdentifier>
    </Filter>
    <Filter Include="..\tools\grit\grit\extern\_excluded_files">
      <UniqueIdentifier>{58ed794e-1eb4-469e-9b73-d89b1fc2dd1d}</UniqueIdentifier>
    </Filter>
    <Filter Include="..\tools\grit\grit\tool">
      <UniqueIdentifier>{96d48877-4c34-45c5-a713-d0c1c96caf20}</UniqueIdentifier>
    </Filter>
    <Filter Include="..\tools\grit\grit\tool\_excluded_files">
      <UniqueIdentifier>{9931fa6f-3cf3-433f-907f-f676cdb26d1a}</UniqueIdentifier>
    </Filter>
    <Filter Include="..\tools\grit\grit\gather">
      <UniqueIdentifier>{78ed770f-e35e-47c7-a03f-25ac0f6b218f}</UniqueIdentifier>
    </Filter>
    <Filter Include="..\tools\grit\grit\gather\_excluded_files">
      <UniqueIdentifier>{6bf23cd3-72c7-44d4-98c3-88a242e861fe}</UniqueIdentifier>
    </Filter>
    <Filter Include="..\tools\grit\grit\format">
      <UniqueIdentifier>{8f32756d-604b-4eb4-853a-7a57c887649d}</UniqueIdentifier>
    </Filter>
    <Filter Include="..\tools\grit\grit\format\_excluded_files">
      <UniqueIdentifier>{835907bf-855a-4450-be10-c49ff5ba832e}</UniqueIdentifier>
    </Filter>
    <Filter Include="..\tools\grit\grit\format\policy_templates">
      <UniqueIdentifier>{7e375658-1d52-428b-ada4-c51e5813929d}</UniqueIdentifier>
    </Filter>
    <Filter Include="..\tools\grit\grit\format\policy_templates\_excluded_files">
      <UniqueIdentifier>{4bb748d7-332f-4aa7-9a2b-b496be97ec79}</UniqueIdentifier>
    </Filter>
    <Filter Include="..\tools\grit\grit\format\policy_templates\writers">
      <UniqueIdentifier>{89f23c1c-34ea-48ac-8bdf-5f34efe77ee0}</UniqueIdentifier>
    </Filter>
    <Filter Include="..\tools\grit\grit\format\policy_templates\writers\_excluded_files">
      <UniqueIdentifier>{4b538fd7-e153-41e1-a8c6-8f2299e95150}</UniqueIdentifier>
    </Filter>
  </ItemGroup>
  <ItemGroup>
    <None Include="ui.gyp" />
    <None Include="resources\ui_resources_standard.grd">
      <Filter>resources\_excluded_files</Filter>
    </None>
    <None Include="..\tools\grit\grit_info.py">
      <Filter>..\tools\grit\_excluded_files</Filter>
    </None>
    <None Include="..\tools\grit\PRESUBMIT.py">
      <Filter>..\tools\grit\_excluded_files</Filter>
    </None>
    <None Include="..\tools\grit\grit.py">
      <Filter>..\tools\grit\_excluded_files</Filter>
    </None>
    <None Include="..\tools\grit\grit\xtb_reader_unittest.py">
      <Filter>..\tools\grit\grit\_excluded_files</Filter>
    </None>
    <None Include="..\tools\grit\grit\shortcuts.py">
      <Filter>..\tools\grit\grit\_excluded_files</Filter>
    </None>
    <None Include="..\tools\grit\grit\grit_runner_unittest.py">
      <Filter>..\tools\grit\grit\_excluded_files</Filter>
    </None>
    <None Include="..\tools\grit\grit\tclib.py">
      <Filter>..\tools\grit\grit\_excluded_files</Filter>
    </None>
    <None Include="..\tools\grit\grit\pseudo_rtl.py">
      <Filter>..\tools\grit\grit\_excluded_files</Filter>
    </None>
    <None Include="..\tools\grit\grit\grd_reader.py">
      <Filter>..\tools\grit\grit\_excluded_files</Filter>
    </None>
    <None Include="..\tools\grit\grit\scons.py">
      <Filter>..\tools\grit\grit\_excluded_files</Filter>
    </None>
    <None Include="..\tools\grit\grit\lazy_re.py">
      <Filter>..\tools\grit\grit\_excluded_files</Filter>
    </None>
    <None Include="..\tools\grit\grit\shortcuts_unittests.py">
      <Filter>..\tools\grit\grit\_excluded_files</Filter>
    </None>
    <None Include="..\tools\grit\grit\grit_runner.py">
      <Filter>..\tools\grit\grit\_excluded_files</Filter>
    </None>
    <None Include="..\tools\grit\grit\util_unittest.py">
      <Filter>..\tools\grit\grit\_excluded_files</Filter>
    </None>
    <None Include="..\tools\grit\grit\__init__.py">
      <Filter>..\tools\grit\grit\_excluded_files</Filter>
    </None>
    <None Include="..\tools\grit\grit\exception.py">
      <Filter>..\tools\grit\grit\_excluded_files</Filter>
    </None>
    <None Include="..\tools\grit\grit\xtb_reader.py">
      <Filter>..\tools\grit\grit\_excluded_files</Filter>
    </None>
    <None Include="..\tools\grit\grit\test_suite_all.py">
      <Filter>..\tools\grit\grit\_excluded_files</Filter>
    </None>
    <None Include="..\tools\grit\grit\pseudo_unittest.py">
      <Filter>..\tools\grit\grit\_excluded_files</Filter>
    </None>
    <None Include="..\tools\grit\grit\lazy_re_unittest.py">
      <Filter>..\tools\grit\grit\_excluded_files</Filter>
    </None>
    <None Include="..\tools\grit\grit\tclib_unittest.py">
      <Filter>..\tools\grit\grit\_excluded_files</Filter>
    </None>
    <None Include="..\tools\grit\grit\util.py">
      <Filter>..\tools\grit\grit\_excluded_files</Filter>
    </None>
    <None Include="..\tools\grit\grit\clique_unittest.py">
      <Filter>..\tools\grit\grit\_excluded_files</Filter>
    </None>
    <None Include="..\tools\grit\grit\pseudo.py">
      <Filter>..\tools\grit\grit\_excluded_files</Filter>
    </None>
    <None Include="..\tools\grit\grit\clique.py">
      <Filter>..\tools\grit\grit\_excluded_files</Filter>
    </None>
    <None Include="..\tools\grit\grit\constants.py">
      <Filter>..\tools\grit\grit\_excluded_files</Filter>
    </None>
    <None Include="..\tools\grit\grit\grd_reader_unittest.py">
      <Filter>..\tools\grit\grit\_excluded_files</Filter>
    </None>
    <None Include="..\tools\grit\grit\node\empty.py">
      <Filter>..\tools\grit\grit\node\_excluded_files</Filter>
    </None>
    <None Include="..\tools\grit\grit\node\variant.py">
      <Filter>..\tools\grit\grit\node\_excluded_files</Filter>
    </None>
    <None Include="..\tools\grit\grit\node\__init__.py">
      <Filter>..\tools\grit\grit\node\_excluded_files</Filter>
    </None>
    <None Include="..\tools\grit\grit\node\mapping.py">
      <Filter>..\tools\grit\grit\node\_excluded_files</Filter>
    </None>
    <None Include="..\tools\grit\grit\node\include.py">
      <Filter>..\tools\grit\grit\node\_excluded_files</Filter>
    </None>
    <None Include="..\tools\grit\grit\node\io_unittest.py">
      <Filter>..\tools\grit\grit\node\_excluded_files</Filter>
    </None>
    <None Include="..\tools\grit\grit\node\message.py">
      <Filter>..\tools\grit\grit\node\_excluded_files</Filter>
    </None>
    <None Include="..\tools\grit\grit\node\structure_unittest.py">
      <Filter>..\tools\grit\grit\node\_excluded_files</Filter>
    </None>
    <None Include="..\tools\grit\grit\node\structure.py">
      <Filter>..\tools\grit\grit\node\_excluded_files</Filter>
    </None>
    <None Include="..\tools\grit\grit\node\message_unittest.py">
      <Filter>..\tools\grit\grit\node\_excluded_files</Filter>
    </None>
    <None Include="..\tools\grit\grit\node\base_unittest.py">
      <Filter>..\tools\grit\grit\node\_excluded_files</Filter>
    </None>
    <None Include="..\tools\grit\grit\node\misc_unittest.py">
      <Filter>..\tools\grit\grit\node\_excluded_files</Filter>
    </None>
    <None Include="..\tools\grit\grit\node\io.py">
      <Filter>..\tools\grit\grit\node\_excluded_files</Filter>
    </None>
    <None Include="..\tools\grit\grit\node\misc.py">
      <Filter>..\tools\grit\grit\node\_excluded_files</Filter>
    </None>
    <None Include="..\tools\grit\grit\node\base.py">
      <Filter>..\tools\grit\grit\node\_excluded_files</Filter>
    </None>
    <None Include="..\tools\grit\grit\node\custom\filename_unittest.py">
      <Filter>..\tools\grit\grit\node\custom\_excluded_files</Filter>
    </None>
    <None Include="..\tools\grit\grit\node\custom\filename.py">
      <Filter>..\tools\grit\grit\node\custom\_excluded_files</Filter>
    </None>
    <None Include="..\tools\grit\grit\node\custom\__init__.py">
      <Filter>..\tools\grit\grit\node\custom\_excluded_files</Filter>
    </None>
    <None Include="..\tools\grit\grit\extern\FP.py">
      <Filter>..\tools\grit\grit\extern\_excluded_files</Filter>
    </None>
    <None Include="..\tools\grit\grit\extern\__init__.py">
      <Filter>..\tools\grit\grit\extern\_excluded_files</Filter>
    </None>
    <None Include="..\tools\grit\grit\extern\tclib.py">
      <Filter>..\tools\grit\grit\extern\_excluded_files</Filter>
    </None>
    <None Include="..\tools\grit\grit\tool\toolbar_postprocess.py">
      <Filter>..\tools\grit\grit\tool\_excluded_files</Filter>
    </None>
    <None Include="..\tools\grit\grit\tool\build_unittest.py">
      <Filter>..\tools\grit\grit\tool\_excluded_files</Filter>
    </None>
    <None Include="..\tools\grit\grit\tool\preprocess_interface.py">
      <Filter>..\tools\grit\grit\tool\_excluded_files</Filter>
    </None>
    <None Include="..\tools\grit\grit\tool\rc2grd_unittest.py">
      <Filter>..\tools\grit\grit\tool\_excluded_files</Filter>
    </None>
    <None Include="..\tools\grit\grit\tool\toolbar_preprocess.py">
      <Filter>..\tools\grit\grit\tool\_excluded_files</Filter>
    </None>
    <None Include="..\tools\grit\grit\tool\rc2grd.py">
      <Filter>..\tools\grit\grit\tool\_excluded_files</Filter>
    </None>
    <None Include="..\tools\grit\grit\tool\transl2tc.py">
      <Filter>..\tools\grit\grit\tool\_excluded_files</Filter>
    </None>
    <None Include="..\tools\grit\grit\tool\diff_structures.py">
      <Filter>..\tools\grit\grit\tool\_excluded_files</Filter>
    </None>
    <None Include="..\tools\grit\grit\tool\resize.py">
      <Filter>..\tools\grit\grit\tool\_excluded_files</Filter>
    </None>
    <None Include="..\tools\grit\grit\tool\postprocess_unittest.py">
      <Filter>..\tools\grit\grit\tool\_excluded_files</Filter>
    </None>
    <None Include="..\tools\grit\grit\tool\postprocess_interface.py">
      <Filter>..\tools\grit\grit\tool\_excluded_files</Filter>
    </None>
    <None Include="..\tools\grit\grit\tool\buildinfo.py">
      <Filter>..\tools\grit\grit\tool\_excluded_files</Filter>
    </None>
    <None Include="..\tools\grit\grit\tool\newgrd.py">
      <Filter>..\tools\grit\grit\tool\_excluded_files</Filter>
    </None>
    <None Include="..\tools\grit\grit\tool\transl2tc_unittest.py">
      <Filter>..\tools\grit\grit\tool\_excluded_files</Filter>
    </None>
    <None Include="..\tools\grit\grit\tool\count.py">
      <Filter>..\tools\grit\grit\tool\_excluded_files</Filter>
    </None>
    <None Include="..\tools\grit\grit\tool\test.py">
      <Filter>..\tools\grit\grit\tool\_excluded_files</Filter>
    </None>
    <None Include="..\tools\grit\grit\tool\preprocess_unittest.py">
      <Filter>..\tools\grit\grit\tool\_excluded_files</Filter>
    </None>
    <None Include="..\tools\grit\grit\tool\unit.py">
      <Filter>..\tools\grit\grit\tool\_excluded_files</Filter>
    </None>
    <None Include="..\tools\grit\grit\tool\build.py">
      <Filter>..\tools\grit\grit\tool\_excluded_files</Filter>
    </None>
    <None Include="..\tools\grit\grit\tool\menu_from_parts.py">
      <Filter>..\tools\grit\grit\tool\_excluded_files</Filter>
    </None>
    <None Include="..\tools\grit\grit\tool\interface.py">
      <Filter>..\tools\grit\grit\tool\_excluded_files</Filter>
    </None>
    <None Include="..\tools\grit\grit\tool\__init__.py">
      <Filter>..\tools\grit\grit\tool\_excluded_files</Filter>
    </None>
    <None Include="..\tools\grit\grit\tool\buildinfo_unittest.py">
      <Filter>..\tools\grit\grit\tool\_excluded_files</Filter>
    </None>
    <None Include="..\tools\grit\grit\gather\tr_html.py">
      <Filter>..\tools\grit\grit\gather\_excluded_files</Filter>
    </None>
    <None Include="..\tools\grit\grit\gather\igoogle_strings.py">
      <Filter>..\tools\grit\grit\gather\_excluded_files</Filter>
    </None>
    <None Include="..\tools\grit\grit\gather\json_loader.py">
      <Filter>..\tools\grit\grit\gather\_excluded_files</Filter>
    </None>
    <None Include="..\tools\grit\grit\gather\igoogle_strings_unittest.py">
      <Filter>..\tools\grit\grit\gather\_excluded_files</Filter>
    </None>
    <None Include="..\tools\grit\grit\gather\rc.py">
      <Filter>..\tools\grit\grit\gather\_excluded_files</Filter>
    </None>
    <None Include="..\tools\grit\grit\gather\policy_json.py">
      <Filter>..\tools\grit\grit\gather\_excluded_files</Filter>
    </None>
    <None Include="..\tools\grit\grit\gather\tr_html_unittest.py">
      <Filter>..\tools\grit\grit\gather\_excluded_files</Filter>
    </None>
    <None Include="..\tools\grit\grit\gather\policy_json_unittest.py">
      <Filter>..\tools\grit\grit\gather\_excluded_files</Filter>
    </None>
    <None Include="..\tools\grit\grit\gather\txt.py">
      <Filter>..\tools\grit\grit\gather\_excluded_files</Filter>
    </None>
    <None Include="..\tools\grit\grit\gather\skeleton_gatherer.py">
      <Filter>..\tools\grit\grit\gather\_excluded_files</Filter>
    </None>
    <None Include="..\tools\grit\grit\gather\muppet_strings_unittest.py">
      <Filter>..\tools\grit\grit\gather\_excluded_files</Filter>
    </None>
    <None Include="..\tools\grit\grit\gather\admin_template.py">
      <Filter>..\tools\grit\grit\gather\_excluded_files</Filter>
    </None>
    <None Include="..\tools\grit\grit\gather\__init__.py">
      <Filter>..\tools\grit\grit\gather\_excluded_files</Filter>
    </None>
    <None Include="..\tools\grit\grit\gather\txt_unittest.py">
      <Filter>..\tools\grit\grit\gather\_excluded_files</Filter>
    </None>
    <None Include="..\tools\grit\grit\gather\admin_template_unittest.py">
      <Filter>..\tools\grit\grit\gather\_excluded_files</Filter>
    </None>
    <None Include="..\tools\grit\grit\gather\muppet_strings.py">
      <Filter>..\tools\grit\grit\gather\_excluded_files</Filter>
    </None>
    <None Include="..\tools\grit\grit\gather\regexp.py">
      <Filter>..\tools\grit\grit\gather\_excluded_files</Filter>
    </None>
    <None Include="..\tools\grit\grit\gather\interface.py">
      <Filter>..\tools\grit\grit\gather\_excluded_files</Filter>
    </None>
    <None Include="..\tools\grit\grit\gather\rc_unittest.py">
      <Filter>..\tools\grit\grit\gather\_excluded_files</Filter>
    </None>
    <None Include="..\tools\grit\grit\format\rc_unittest.py">
      <Filter>..\tools\grit\grit\format\_excluded_files</Filter>
    </None>
    <None Include="..\tools\grit\grit\format\resource_map.py">
      <Filter>..\tools\grit\grit\format\_excluded_files</Filter>
    </None>
    <None Include="..\tools\grit\grit\format\rc_header_unittest.py">
      <Filter>..\tools\grit\grit\format\_excluded_files</Filter>
    </None>
    <None Include="..\tools\grit\grit\format\__init__.py">
      <Filter>..\tools\grit\grit\format\_excluded_files</Filter>
    </None>
    <None Include="..\tools\grit\grit\format\repack.py">
      <Filter>..\tools\grit\grit\format\_excluded_files</Filter>
    </None>
    <None Include="..\tools\grit\grit\format\data_pack.py">
      <Filter>..\tools\grit\grit\format\_excluded_files</Filter>
    </None>
    <None Include="..\tools\grit\grit\format\js_map_format_unittest.py">
      <Filter>..\tools\grit\grit\format\_excluded_files</Filter>
    </None>
    <None Include="..\tools\grit\grit\format\js_map_format.py">
      <Filter>..\tools\grit\grit\format\_excluded_files</Filter>
    </None>
    <None Include="..\tools\grit\grit\format\rc_header.py">
      <Filter>..\tools\grit\grit\format\_excluded_files</Filter>
    </None>
    <None Include="..\tools\grit\grit\format\rc.py">
      <Filter>..\tools\grit\grit\format\_excluded_files</Filter>
    </None>
    <None Include="..\tools\grit\grit\format\c_format.py">
      <Filter>..\tools\grit\grit\format\_excluded_files</Filter>
    </None>
    <None Include="..\tools\grit\grit\format\html_inline.py">
      <Filter>..\tools\grit\grit\format\_excluded_files</Filter>
    </None>
    <None Include="..\tools\grit\grit\format\c_format_unittest.py">
      <Filter>..\tools\grit\grit\format\_excluded_files</Filter>
    </None>
    <None Include="..\tools\grit\grit\format\interface.py">
      <Filter>..\tools\grit\grit\format\_excluded_files</Filter>
    </None>
    <None Include="..\tools\grit\grit\format\data_pack_unittest.py">
      <Filter>..\tools\grit\grit\format\_excluded_files</Filter>
    </None>
    <None Include="..\tools\grit\grit\format\policy_templates\PRESUBMIT.py">
      <Filter>..\tools\grit\grit\format\policy_templates\_excluded_files</Filter>
    </None>
    <None Include="..\tools\grit\grit\format\policy_templates\policy_template_generator_unittest.py">
      <Filter>..\tools\grit\grit\format\policy_templates\_excluded_files</Filter>
    </None>
    <None Include="..\tools\grit\grit\format\policy_templates\__init__.py">
      <Filter>..\tools\grit\grit\format\policy_templates\_excluded_files</Filter>
    </None>
    <None Include="..\tools\grit\grit\format\policy_templates\template_formatter.py">
      <Filter>..\tools\grit\grit\format\policy_templates\_excluded_files</Filter>
    </None>
    <None Include="..\tools\grit\grit\format\policy_templates\writer_configuration.py">
      <Filter>..\tools\grit\grit\format\policy_templates\_excluded_files</Filter>
    </None>
    <None Include="..\tools\grit\grit\format\policy_templates\policy_template_generator.py">
      <Filter>..\tools\grit\grit\format\policy_templates\_excluded_files</Filter>
    </None>
    <None Include="..\tools\grit\grit\format\policy_templates\writers\plist_strings_writer_unittest.py">
      <Filter>..\tools\grit\grit\format\policy_templates\writers\_excluded_files</Filter>
    </None>
    <None Include="..\tools\grit\grit\format\policy_templates\writers\adml_writer_unittest.py">
      <Filter>..\tools\grit\grit\format\policy_templates\writers\_excluded_files</Filter>
    </None>
    <None Include="..\tools\grit\grit\format\policy_templates\writers\plist_strings_writer.py">
      <Filter>..\tools\grit\grit\format\policy_templates\writers\_excluded_files</Filter>
    </None>
    <None Include="..\tools\grit\grit\format\policy_templates\writers\admx_writer.py">
      <Filter>..\tools\grit\grit\format\policy_templates\writers\_excluded_files</Filter>
    </None>
    <None Include="..\tools\grit\grit\format\policy_templates\writers\xml_formatted_writer.py">
      <Filter>..\tools\grit\grit\format\policy_templates\writers\_excluded_files</Filter>
    </None>
    <None Include="..\tools\grit\grit\format\policy_templates\writers\plist_writer.py">
      <Filter>..\tools\grit\grit\format\policy_templates\writers\_excluded_files</Filter>
    </None>
    <None Include="..\tools\grit\grit\format\policy_templates\writers\template_writer.py">
      <Filter>..\tools\grit\grit\format\policy_templates\writers\_excluded_files</Filter>
    </None>
    <None Include="..\tools\grit\grit\format\policy_templates\writers\adm_writer.py">
      <Filter>..\tools\grit\grit\format\policy_templates\writers\_excluded_files</Filter>
    </None>
    <None Include="..\tools\grit\grit\format\policy_templates\writers\reg_writer.py">
      <Filter>..\tools\grit\grit\format\policy_templates\writers\_excluded_files</Filter>
    </None>
    <None Include="..\tools\grit\grit\format\policy_templates\writers\doc_writer_unittest.py">
      <Filter>..\tools\grit\grit\format\policy_templates\writers\_excluded_files</Filter>
    </None>
    <None Include="..\tools\grit\grit\format\policy_templates\writers\json_writer_unittest.py">
      <Filter>..\tools\grit\grit\format\policy_templates\writers\_excluded_files</Filter>
    </None>
    <None Include="..\tools\grit\grit\format\policy_templates\writers\plist_helper.py">
      <Filter>..\tools\grit\grit\format\policy_templates\writers\_excluded_files</Filter>
    </None>
    <None Include="..\tools\grit\grit\format\policy_templates\writers\admx_writer_unittest.py">
      <Filter>..\tools\grit\grit\format\policy_templates\writers\_excluded_files</Filter>
    </None>
    <None Include="..\tools\grit\grit\format\policy_templates\writers\plist_writer_unittest.py">
      <Filter>..\tools\grit\grit\format\policy_templates\writers\_excluded_files</Filter>
    </None>
    <None Include="..\tools\grit\grit\format\policy_templates\writers\adm_writer_unittest.py">
      <Filter>..\tools\grit\grit\format\policy_templates\writers\_excluded_files</Filter>
    </None>
    <None Include="..\tools\grit\grit\format\policy_templates\writers\doc_writer.py">
      <Filter>..\tools\grit\grit\format\policy_templates\writers\_excluded_files</Filter>
    </None>
    <None Include="..\tools\grit\grit\format\policy_templates\writers\__init__.py">
      <Filter>..\tools\grit\grit\format\policy_templates\writers\_excluded_files</Filter>
    </None>
    <None Include="..\tools\grit\grit\format\policy_templates\writers\reg_writer_unittest.py">
      <Filter>..\tools\grit\grit\format\policy_templates\writers\_excluded_files</Filter>
    </None>
    <None Include="..\tools\grit\grit\format\policy_templates\writers\mock_writer.py">
      <Filter>..\tools\grit\grit\format\policy_templates\writers\_excluded_files</Filter>
    </None>
    <None Include="..\tools\grit\grit\format\policy_templates\writers\json_writer.py">
      <Filter>..\tools\grit\grit\format\policy_templates\writers\_excluded_files</Filter>
    </None>
    <None Include="..\tools\grit\grit\format\policy_templates\writers\template_writer_unittest.py">
      <Filter>..\tools\grit\grit\format\policy_templates\writers\_excluded_files</Filter>
    </None>
    <None Include="..\tools\grit\grit\format\policy_templates\writers\adml_writer.py">
      <Filter>..\tools\grit\grit\format\policy_templates\writers\_excluded_files</Filter>
    </None>
    <None Include="..\tools\grit\grit\format\policy_templates\writers\xml_writer_base_unittest.py">
      <Filter>..\tools\grit\grit\format\policy_templates\writers\_excluded_files</Filter>
    </None>
    <None Include="..\tools\grit\grit\format\policy_templates\writers\writer_unittest_common.py">
      <Filter>..\tools\grit\grit\format\policy_templates\writers\_excluded_files</Filter>
    </None>
  </ItemGroup>
  <ItemGroup>
    <Image Include="resources\close_bar_mask.png">
      <Filter>resources\_excluded_files</Filter>
    </Image>
    <Image Include="resources\bubble_pointer_t.png">
      <Filter>resources\_excluded_files</Filter>
    </Image>
    <Image Include="resources\bubble_tr.png">
      <Filter>resources\_excluded_files</Filter>
    </Image>
    <Image Include="resources\close_bar_p.png">
      <Filter>resources\_excluded_files</Filter>
    </Image>
    <Image Include="resources\bubble_br.png">
      <Filter>resources\_excluded_files</Filter>
    </Image>
    <Image Include="resources\bubble_pointer_r.png">
      <Filter>resources\_excluded_files</Filter>
    </Image>
    <Image Include="resources\bubble_shadow_tl.png">
      <Filter>resources\_excluded_files</Filter>
    </Image>
    <Image Include="resources\bubble_t.png">
      <Filter>resources\_excluded_files</Filter>
    </Image>
    <Image Include="resources\close_bar_h.png">
      <Filter>resources\_excluded_files</Filter>
    </Image>
    <Image Include="resources\bubble_shadow_r.png">
      <Filter>resources\_excluded_files</Filter>
    </Image>
    <Image Include="resources\bubble_l.png">
      <Filter>resources\_excluded_files</Filter>
    </Image>
    <Image Include="resources\bubble_pointer_b.png">
      <Filter>resources\_excluded_files</Filter>
    </Image>
    <Image Include="resources\bubble_b.png">
      <Filter>resources\_excluded_files</Filter>
    </Image>
    <Image Include="resources\bubble_pointer_l.png">
      <Filter>resources\_excluded_files</Filter>
    </Image>
    <Image Include="resources\bubble_shadow_br.png">
      <Filter>resources\_excluded_files</Filter>
    </Image>
    <Image Include="resources\bubble_shadow_bl.png">
      <Filter>resources\_excluded_files</Filter>
    </Image>
    <Image Include="resources\bubble_shadow_t.png">
      <Filter>resources\_excluded_files</Filter>
    </Image>
    <Image Include="resources\bubble_tl.png">
      <Filter>resources\_excluded_files</Filter>
    </Image>
    <Image Include="resources\bubble_bl.png">
      <Filter>resources\_excluded_files</Filter>
    </Image>
    <Image Include="resources\bubble_shadow_b.png">
      <Filter>resources\_excluded_files</Filter>
    </Image>
    <Image Include="resources\bubble_r.png">
      <Filter>resources\_excluded_files</Filter>
    </Image>
    <Image Include="resources\bubble_shadow_l.png">
      <Filter>resources\_excluded_files</Filter>
    </Image>
    <Image Include="resources\bubble_shadow_tr.png">
      <Filter>resources\_excluded_files</Filter>
    </Image>
    <Image Include="resources\close_bar.png">
      <Filter>resources\_excluded_files</Filter>
    </Image>
  </ItemGroup>
  <ItemGroup>
    <CustomBuild Include="..\tools\gritsettings\resource_ids">
      <Filter>..\tools\gritsettings\_excluded_files</Filter>
    </CustomBuild>
  </ItemGroup>
</Project>